Microsoft Visual Studio Solution File, Format Version 12.00
# Visual Studio Version 17
VisualStudioVersion = 17.0.31903.59
MinimumVisualStudioVersion = 10.0.40219.1
Project("{FAE04EC0-301F-11D3-BF4B-00C04F79EFBC}") = "Clambhook.Windows", "src\Clambhook.Windows\Clambhook.Windows.csproj", "{4C08DA96-9779-4B2F-9B0D-35579D9CC1A8}"
EndProject
Project("{FAE04EC0-301F-11D3-BF4B-00C04F79EFBC}") = "Clambhook.Windows.Tests", "tests\Clambhook.Windows.Tests\Clambhook.Windows.Tests.csproj", "{A62E644D-B374-4FD2-A1E3-C8EE2A0F889E}"
EndProject
Global
	GlobalSection(SolutionConfigurationPlatforms) = preSolution
		Debug|Any CPU = Debug|Any CPU
		Release|Any CPU = Release|Any CPU
	EndGlobalSection
	GlobalSection(ProjectConfigurationPlatforms) = postSolution
		{4C08DA96-9779-4B2F-9B0D-35579D9CC1A8}.Debug|Any CPU.ActiveCfg = Debug|Any CPU
		{4C08DA96-9779-4B2F-9B0D-35579D9CC1A8}.Debug|Any CPU.Build.0 = Debug|Any CPU
		{4C08DA96-9779-4B2F-9B0D-35579D9CC1A8}.Release|Any CPU.ActiveCfg = Release|Any CPU
		{4C08DA96-9779-4B2F-9B0D-35579D9CC1A8}.Release|Any CPU.Build.0 = Release|Any CPU
		{A62E644D-B374-4FD2-A1E3-C8EE2A0F889E}.Debug|Any CPU.ActiveCfg = Debug|Any CPU
		{A62E644D-B374-4FD2-A1E3-C8EE2A0F889E}.Debug|Any CPU.Build.0 = Debug|Any CPU
		{A62E644D-B374-4FD2-A1E3-C8EE2A0F889E}.Release|Any CPU.ActiveCfg = Release|Any CPU
		{A62E644D-B374-4FD2-A1E3-C8EE2A0F889E}.Release|Any CPU.Build.0 = Release|Any CPU
	EndGlobalSection
EndGlobal
