github.com/BurntSushi/toml v1.6.0 h1:dRaEfpa2VI55EwlIW72hMRHdWouJeRF7TPYhI+AUQjk=
github.com/BurntSushi/toml v1.6.0/go.mod h1:ukJfTF/6rtPPRCnwkur4qwRxa8vTRFBF0uk2lLoLwho=
github.com/Microsoft/go-winio v0.6.0/go.mod h1:cTAf44im0RAYeL23bpB+fzCyDH2MJiz2BO69KH/soAE=
github.com/Microsoft/hcsshim v0.9.12/go.mod h1:qAiPvMgZoM0wpkVg6qMdSEu+1VtI6/qHOOPkTGt8ftQ=
github.com/aymanbagabas/go-osc52/v2 v2.0.1 h1:HwpRHbFMcZLEVr42D4p7XBqjyuxQH5SMiErDT4WkJ2k=
github.com/aymanbagabas/go-osc52/v2 v2.0.1/go.mod h1:uYgXzlJ7ZpABp8OJ+exZzJJhRNQ2ASbcXHWsFqH8hp8=
github.com/aymanbagabas/go-udiff v0.2.0/go.mod h1:RE4Ex0qsGkTAJoQdQQCA0uG+nAzJO/pI/QwceO5fgrA=
github.com/bazelbuild/rules_go v0.44.2/go.mod h1:Dhcz716Kqg1RHNWos+N6MlXNkjNP2EwZQ0LukRKJfMs=
github.com/bits-and-blooms/bitset v1.22.0/go.mod h1:7hO7Gc7Pp1vODcmWvKMRA9BNmbv6a/7QIWpPxHddWR8=
github.com/cenkalti/backoff v2.2.1+incompatible/go.mod h1:90ReRw6GdpyfrHakVjL/QHaoyV4aDUVVkXQJJJ3NXXM=
github.com/charmbracelet/bubbletea v1.3.10 h1:otUDHWMMzQSB0Pkc87rm691KZ3SWa4KUlvF9nRvCICw=
github.com/charmbracelet/bubbletea v1.3.10/go.mod h1:ORQfo0fk8U+po9VaNvnV95UPWA1BitP1E0N6xJPlHr4=
github.com/charmbracelet/colorprofile v0.2.3-0.20250311203215-f60798e515dc h1:4pZI35227imm7yK2bGPcfpFEmuY1gc2YSTShr4iJBfs=
github.com/charmbracelet/colorprofile v0.2.3-0.20250311203215-f60798e515dc/go.mod h1:X4/0JoqgTIPSFcRA/P6INZzIuyqdFY5rm8tb41s9okk=
github.com/charmbracelet/lipgloss v1.1.0 h1:vYXsiLHVkK7fp74RkV7b2kq9+zDLoEU4MZoFqR/noCY=
github.com/charmbracelet/lipgloss v1.1.0/go.mod h1:/6Q8FR2o+kj8rz4Dq0zQc3vYf7X+B0binUUBwA0aL30=
github.com/charmbracelet/x/ansi v0.10.1 h1:rL3Koar5XvX0pHGfovN03f5cxLbCF2YvLeyz7D2jVDQ=
github.com/charmbracelet/x/ansi v0.10.1/go.mod h1:3RQDQ6lDnROptfpWuUVIUG64bD2g2BgntdxH0Ya5TeE=
github.com/charmbracelet/x/cellbuf v0.0.13-0.20250311204145-2c3ea96c31dd h1:vy0GVL4jeHEwG5YOXDmi86oYw2yuYUGqz6a8sLwg0X8=
github.com/charmbracelet/x/cellbuf v0.0.13-0.20250311204145-2c3ea96c31dd/go.mod h1:xe0nKWGd3eJgtqZRaN9RjMtK7xUYchjzPr7q6kcvCCs=
github.com/charmbracelet/x/exp/golden v0.0.0-20240806155701-69247e0abc2a/go.mod h1:wDlXFlCrmJ8J+swcL/MnGUuYnqgQdW9rhSD61oNMb6U=
github.com/charmbracelet/x/term v0.2.1 h1:AQeHeLZ1OqSXhrAWpYUtZyX1T3zVxfpZuEQMIQaGIAQ=
github.com/charmbracelet/x/term v0.2.1/go.mod h1:oQ4enTYFV7QN4m0i9mzHrViD7TQKvNEEkHUMCmsxdUg=
github.com/cilium/ebpf v0.12.3/go.mod h1:TctK1ivibvI3znr66ljgi4hqOT8EYQjz1KWBfb1UVgM=
github.com/coder/websocket v1.8.14 h1:9L0p0iKiNOibykf283eHkKUHHrpG7f65OE3BhhO7v9g=
github.com/coder/websocket v1.8.14/go.mod h1:NX3SzP+inril6yawo5CQXx8+fk145lPDC6pumgx0mVg=
github.com/containerd/cgroups v1.0.4/go.mod h1:nLNQtsF7Sl2HxNebu77i1R0oDlhiTG+kO4JTrUzo6IA=
github.com/containerd/console v1.0.3/go.mod h1:7LqA/THxQ86k76b8c/EMSiaJ3h1eZkMkXar0TQ1gf3U=
github.com/containerd/containerd v1.6.36/go.mod h1:gSufNaPbqri6ifEQ3eihFSXoGwqTENkqB7j//aEgE0s=
github.com/containerd/continuity v0.3.0/go.mod h1:wJEAIwKOm/pBZuBd0JmeTvnLquTB1Ag8espWhkykbPM=
github.com/containerd/errdefs v0.1.0/go.mod h1:YgWiiHtLmSeBrvpw+UfPijzbLaB77mEG1WwJTDETIV0=
github.com/containerd/fifo v1.0.0/go.mod h1:ocF/ME1SX5b1AOlWi9r677YJmCPSwwWnQ9O123vzpE4=
github.com/containerd/go-runc v1.0.0/go.mod h1:cNU0ZbCgCQVZK4lgG3P+9tn9/PaJNmoDXPpoJhDR+Ok=
github.com/containerd/log v0.1.0/go.mod h1:VRRf09a7mHDIRezVKTRCrOq78v577GXq3bSa3EhrzVo=
github.com/containerd/ttrpc v1.1.2/go.mod h1:XX4ZTnoOId4HklF4edwc4DcqskFZuvXB1Evzy5KFQpQ=
github.com/containerd/typeurl v1.0.2/go.mod h1:9trJWW2sRlGub4wZJRTW83VtbOLS6hwcDZXTn6oPz9s=
github.com/coreos/go-systemd/v22 v22.5.0/go.mod h1:Y58oyj3AT4RCenI/lSvhwexgC+NSVTIJ3seZv2GcEnc=
github.com/davecgh/go-spew v1.1.1 h1:vj9j/u1bqnvCEfJOwUhtlOARqs3+rkHYY13jYWTU97c=
github.com/davecgh/go-spew v1.1.1/go.mod h1:J7Y8YcW2NihsgmVo/mv3lAwl/skON4iLHjSsI+c5H38=
github.com/docker/go-events v0.0.0-20190806004212-e31b211e4f1c/go.mod h1:Uw6UezgYA44ePAFQYUehOuCzmy5zmg/+nl2ZfMWGkpA=
github.com/docker/go-units v0.4.0/go.mod h1:fgPhTUdO+D/Jk86RDLlptpiXQzgHJF7gydDDbaIK4Dk=
github.com/erikgeiser/coninput v0.0.0-20211004153227-1c3628e74d0f h1:Y/CXytFA4m6baUTXGLOoWe4PQhGxaX0KpnayAqC48p4=
github.com/erikgeiser/coninput v0.0.0-20211004153227-1c3628e74d0f/go.mod h1:vw97MGsxSvLiUE2X8qFplwetxpGLQrlU1Q9AUEIzCaM=
github.com/fsnotify/fsnotify v1.9.0 h1:2Ml+OJNzbYCTzsxtv8vKSFD9PbJjmhYF14k/jKC7S9k=
github.com/fsnotify/fsnotify v1.9.0/go.mod h1:8jBTzvmWwFyi3Pb8djgCCO5IBqzKJ/Jwo8TRcHyHii0=
github.com/go-logr/logr v1.3.0/go.mod h1:9T104GzyrTigFIr8wt5mBrctHMim0Nb2HLGrmQ40KvY=
github.com/godbus/dbus/v5 v5.1.0/go.mod h1:xhWf0FNVPg57R7Z0UbKHbJfkEywrmjJnf7w5xrFpKfA=
github.com/gofrs/flock v0.8.0/go.mod h1:F1TvTiK9OcQqauNUHlbJvyl9Qa1QvF/gOUDKA14jxHU=
github.com/gogo/googleapis v1.4.0/go.mod h1:5YRNX2z1oM5gXdAkurHa942MDgEJyk02w4OecKY87+c=
github.com/gogo/protobuf v1.3.2/go.mod h1:P1XiOD3dCwIKUDQYPy72D8LYyHL2YPYrpS2s69NZV8Q=
github.com/golang/groupcache v0.0.0-20210331224755-41bb18bfe9da/go.mod h1:cIg4eruTrX1D+g88fzRXU5OdNfaM+9IcxsU14FzY7Hc=
github.com/golang/mock v1.7.0-rc.1/go.mod h1:s42URUywIqd+OcERslBJvOjepvNymP31m3q8d/GkuRs=
github.com/golang/protobuf v1.5.4/go.mod h1:lnTiLA8Wa4RWRcIUkrtSVa5nRhsEGBg48fD6rSs7xps=
github.com/google/btree v1.1.2 h1:xf4v41cLI2Z6FxbKm+8Bu+m8ifhj15JuZ9sa0jZCMUU=
github.com/google/btree v1.1.2/go.mod h1:qOPhT0dTNdNzV6Z/lhRX0YXUafgPLFUh+gZMl761Gm4=
github.com/google/go-cmp v0.6.0 h1:ofyhxvXcZhMsU5ulbFiLKl/XBFqE1GSq7atu8tAmTRI=
github.com/google/go-cmp v0.6.0/go.mod h1:17dUlkBOakJ0+DkrSSNjCkIjxS6bF9zb3elmeNGIjoY=
github.com/google/go-github/v56 v56.0.0/go.mod h1:D8cdcX98YWJvi7TLo7zM4/h8ZTx6u6fwGEkCdisopo0=
github.com/google/gofuzz v1.2.0/go.mod h1:dBl0BpW6vV/+mYPU4Po3pmUjxk6FQPldtuIdl/M65Eg=
github.com/google/subcommands v1.0.2-0.20190508160503-636abe8753b8/go.mod h1:ZjhPrFU+Olkh9WazFPsl27BQ4UPiG37m3yTrtFlrHVk=
github.com/google/uuid v1.3.1 h1:KjJaJ9iWZ3jOFZIf1Lqf4laDRCasjl0BCmnEGxkdLb4=
github.com/google/uuid v1.3.1/go.mod h1:TIyPZe4MgqvfeYDBFedMoGGpEw/LqOeaOT+nhxU+yHo=
github.com/googleapis/gnostic v0.5.5/go.mod h1:7+EbHbldMins07ALC74bsA81Ovc97DwqyJO1AENw9kA=
github.com/hanwen/go-fuse/v2 v2.3.0/go.mod h1:xKwi1cF7nXAOBCXujD5ie0ZKsxc8GGSA1rlMJc+8IJs=
github.com/hashicorp/errwrap v1.1.0/go.mod h1:YH+1FKiLXxHSkmPseP+kNlulaMuP3n2brvKWEqk/Jc4=
github.com/hashicorp/go-multierror v1.1.1/go.mod h1:iw975J/qwKPdAO1clOe2L8331t/9/fmwbPZ6JB6eMoM=
github.com/jordanlewis/gcassert v0.0.0-20250430164644-389ef753e22e/go.mod h1:ZybsQk6DWyN5t7An1MuPm1gtSZ1xDaTXS9ZjIOxvQrk=
github.com/json-iterator/go v1.1.12/go.mod h1:e30LSqwooZae/UwlEbR2852Gd8hjQvJoHmT4TnhNGBo=
github.com/klauspost/compress v1.15.9/go.mod h1:PhcZ0MbTNciWF3rruxRgKxI5NkcHHrHUDtV4Yw2GlzU=
github.com/kr/pretty v0.3.1/go.mod h1:hoEshYVHaxMs3cyo3Yncou5ZscifuDolrwPKZanG3xk=
github.com/kr/pty v1.1.5/go.mod h1:9r2w37qlBe7rQ6e1fg1S/9xpWHSnaqNdHD3WcMdbPDA=
github.com/lucasb-eyer/go-colorful v1.2.0 h1:1nnpGOrhyZZuNyfu1QjKiUICQ74+3FNCN69Aj6K7nkY=
github.com/lucasb-eyer/go-colorful v1.2.0/go.mod h1:R4dSotOR9KMtayYi1e77YzuveK+i7ruzyGqttikkLy0=
github.com/mattbaird/jsonpatch v0.0.0-20171005235357-81af80346b1a/go.mod h1:M1qoD/MqPgTZIk0EWKB38wE28ACRfVcn+cU08jyArI0=
github.com/mattn/go-isatty v0.0.20 h1:xfD0iDuEKnDkl03q4limB+vH+GxLEtL/jb4xVJSWWEY=
github.com/mattn/go-isatty v0.0.20/go.mod h1:W+V8PltTTMOvKvAeJH7IuucS94S2C6jfK/D7dTCTo3Y=
github.com/mattn/go-localereader v0.0.1 h1:ygSAOl7ZXTx4RdPYinUpg6W99U8jWvWi9Ye2JC/oIi4=
github.com/mattn/go-localereader v0.0.1/go.mod h1:8fBrzywKY7BI3czFoHkuzRoWE9C+EiG4R1k4Cjx5p88=
github.com/mattn/go-runewidth v0.0.16 h1:E5ScNMtiwvlvB5paMFdw9p4kSQzbXFikJ5SQO6TULQc=
github.com/mattn/go-runewidth v0.0.16/go.mod h1:Jdepj2loyihRzMpdS35Xk/zdY8IAYHsh153qUoGf23w=
github.com/moby/locker v1.0.1/go.mod h1:S7SDdo5zpBK84bzzVlKr2V0hz+7x9hWbYC/kq7oQppc=
github.com/moby/sys/capability v0.4.0/go.mod h1:4g9IK291rVkms3LKCDOoYlnV8xKwoDTpIrNEE35Wq0I=
github.com/moby/sys/mountinfo v0.6.2/go.mod h1:IJb6JQeOklcdMU9F5xQ8ZALD+CUr5VlGpwtX+VE0rpI=
github.com/moby/sys/signal v0.6.0/go.mod h1:GQ6ObYZfqacOwTtlXvcmh9A26dVRul/hbOZn88Kg8Tg=
github.com/moby/sys/user v0.1.0/go.mod h1:fKJhFOnsCN6xZ5gSfbM6zaHGgDJMrqt9/reuj4T7MmU=
github.com/modern-go/concurrent v0.0.0-20180306012644-bacd9c7ef1dd/go.mod h1:6dJC0mAP4ikYIbvyc7fijjWJddQyLn8Ig3JB5CqoB9Q=
github.com/modern-go/reflect2 v1.0.2/go.mod h1:yWuevngMOJpCy52FWWMvUC8ws7m/LJsjYzDa0/r8luk=
github.com/mohae/deepcopy v0.0.0-20170308212314-bb9b5e7adda9/go.mod h1:TaXosZuwdSHYgviHp1DAtfrULt5eUgsSMsZf+YrPgl8=
github.com/muesli/ansi v0.0.0-20230316100256-276c6243b2f6 h1:ZK8zHtRHOkbHy6Mmr5D264iyp3TiX5OmNcI5cIARiQI=
github.com/muesli/ansi v0.0.0-20230316100256-276c6243b2f6/go.mod h1:CJlz5H+gyd6CUWT45Oy4q24RdLyn7Md9Vj2/ldJBSIo=
github.com/muesli/cancelreader v0.2.2 h1:3I4Kt4BQjOR54NavqnDogx/MIoWBFa0StPA8ELUXHmA=
github.com/muesli/cancelreader v0.2.2/go.mod h1:3XuTXfFS2VjM+HTLZY9Ak0l6eUKfijIfMUZ4EgX0QYo=
github.com/muesli/termenv v0.16.0 h1:S5AlUN9dENB57rsbnkPyfdGuWIlkmzJjbFf0Tf5FWUc=
github.com/muesli/termenv v0.16.0/go.mod h1:ZRfOIKPFDYQoDFF4Olj7/QJbW60Ol/kL1pU3VfY/Cnk=
github.com/opencontainers/go-digest v1.0.0/go.mod h1:0JzlMkj0TRzQZfJkVvzbP0HBR3IKzErnv2BNG4W4MAM=
github.com/opencontainers/image-spec v1.1.0/go.mod h1:W4s4sFTMaBeK1BQLXbG4AdM2szdn85PY75RI83NrTrM=
github.com/opencontainers/runtime-spec v1.1.0-rc.1/go.mod h1:jwyrGlmzljRJv/Fgzds9SsS/C5hL+LL3ko9hs6T5lQ0=
github.com/opencontainers/selinux v1.10.1/go.mod h1:2i0OySw99QjzBBQByd1Gr9gSjvuho1lHsJxIJ3gGbJI=
github.com/oschwald/maxminddb-golang v1.13.1 h1:G3wwjdN9JmIK2o/ermkHM+98oX5fS+k5MbwsmL4MRQE=
github.com/oschwald/maxminddb-golang v1.13.1/go.mod h1:K4pgV9N/GcK694KSTmVSDTODk4IsCNThNdTmnaBZ/F8=
github.com/pkg/errors v0.9.1/go.mod h1:bwawxfHBFNV+L2hUp1rHADufV3IMtnDRdf1r5NINEl0=
github.com/pmezard/go-difflib v1.0.0 h1:4DBwDE0NGyQoBHbLQYPwSUPoCMWR5BEzIk/f1lZbAQM=
github.com/pmezard/go-difflib v1.0.0/go.mod h1:iKH77koFhYxTK1pcRnkKkqfTogsbg7gZNVY4sRDYZ/4=
github.com/quic-go/qpack v0.6.0/go.mod h1:lUpLKChi8njB4ty2bFLX2x4gzDqXwUpaO1DP9qMDZII=
github.com/quic-go/quic-go v0.59.1 h1:0Gmua0HW1Tv7ANR7hUYwRyD0MG5OJfgvYSZasGZzBic=
github.com/quic-go/quic-go v0.59.1/go.mod h1:upnsH4Ju1YkqpLXC305eW3yDZ4NfnNbmQRCMWS58IKU=
github.com/rivo/uniseg v0.2.0/go.mod h1:J6wj4VEh+S6ZtnVlnTBMWIodfgj8LQOQFoIToxlJtxc=
github.com/rivo/uniseg v0.4.7 h1:WUdvkW8uEhrYfLC4ZzdpI2ztxP1I582+49Oc5Mq64VQ=
github.com/rivo/uniseg v0.4.7/go.mod h1:FN3SvrM+Zdj16jyLfmOkMNblXMcoc8DfTHruCPUcx88=
github.com/rogpeppe/go-internal v1.10.0/go.mod h1:UQnix2H7Ngw/k4C5ijL5+65zddjncjaFoBhdsK/akog=
github.com/sirupsen/logrus v1.9.3/go.mod h1:naHLuLoDiP4jHNo9R0sCBMtWGeIprob74mVsIT4qYEQ=
github.com/stretchr/testify v1.11.1 h1:7s2iGBzp5EwR7/aIZr8ao5+dra3wiQyKjjFuvgVKu7U=
github.com/stretchr/testify v1.11.1/go.mod h1:wZwfW3scLgRK+23gO65QZefKpKQRnfz6sD981Nm4B6U=
github.com/vishvananda/netlink v1.1.1-0.20211118161826-650dca95af54/go.mod h1:twkDnbuQxJYemMlGd4JFIcuhgX83tXhKS2B/PRMpOho=
github.com/vishvananda/netns v0.0.0-20210104183010-2eb08e3e575f/go.mod h1:DD4vA1DwXk04H54A1oHXtwZmA0grkVMdPxx/VGLCah0=
github.com/xo/terminfo v0.0.0-20220910002029-abceb7e1c41e h1:JVG44RsyaB9T2KIHavMF/ppJZNG9ZpyihvCd0w101no=
github.com/xo/terminfo v0.0.0-20220910002029-abceb7e1c41e/go.mod h1:RbqR21r5mrJuqunuUZ/Dhy/avygyECGrLceyNeo4LiM=
github.com/yuin/goldmark v1.4.13/go.mod h1:6yULJ656Px+3vBD8DxQVa3kxgyrAnzto9xy5taEt/CY=
go.opencensus.io v0.24.0/go.mod h1:vNK8G9p7aAivkbmorf4v+7Hgx+Zs0yY+0fOtgBfjQKo=
go.uber.org/mock v0.5.2 h1:LbtPTcP8A5k9WPXj54PPPbjcI4Y6lhyOZXn+VS7wNko=
go.uber.org/mock v0.5.2/go.mod h1:wLlUxC2vVTPTaE3UD51E0BGOAElKrILxhVSDYQLld5o=
golang.org/x/crypto v0.51.0 h1:IBPXwPfKxY7cWQZ38ZCIRPI50YLeevDLlLnyC5wRGTI=
golang.org/x/crypto v0.51.0/go.mod h1:8AdwkbraGNABw2kOX6YFPs3WM22XqI4EXEd8g+x7Oc8=
golang.org/x/exp v0.0.0-20230725093048-515e97ebf090 h1:Di6/M8l0O2lCLc6VVRWhgCiApHV8MnQurBnFSHsQtNY=
golang.org/x/exp v0.0.0-20230725093048-515e97ebf090/go.mod h1:FXUEEKJgO7OQYeo8N01OfiKP8RXMtf6e8aTskBGqWdc=
golang.org/x/exp/shiny v0.0.0-20260410095643-746e56fc9e2f/go.mod h1:75UwHX2ZPO3acaGFaP5bhU5yJd6CzUV5v4rX5CiE9ag=
golang.org/x/image v0.40.0/go.mod h1:uIc348UZMSvS5Z65CVZ7iDPaNobNFEPeJ4kbqTOszmA=
golang.org/x/mobile v0.0.0-20260529142300-ecb4cd65260a h1:sEcsLeiCTTaHGWn+v81+PLAOzzOA9wmzNRqr1WfCmVY=
golang.org/x/mobile v0.0.0-20260529142300-ecb4cd65260a/go.mod h1:ltIbhcRzKgwHa4ZxKJeiv0nyzcXUUYCqMyO0Y+vPmXw=
golang.org/x/mod v0.36.0 h1:JJjpVx6myfUsUdAzZuOSTTmRE0PfZeNWzzvKrP7amb4=
golang.org/x/mod v0.36.0/go.mod h1:moc6ELqsWcOw5Ef3xVprK5ul/MvtVvkIXLziUOICjUQ=
golang.org/x/net v0.54.0 h1:2zJIZAxAHV/OHCDTCOHAYehQzLfSXuf/5SoL/Dv6w/w=
golang.org/x/net v0.54.0/go.mod h1:Sj4oj8jK6XmHpBZU/zWHw3BV3abl4Kvi+Ut7cQcY+cQ=
golang.org/x/oauth2 v0.23.0/go.mod h1:XYTD2NtWslqkgxebSiOHnXEap4TF09sJSc7H1sXbhtI=
golang.org/x/sync v0.20.0 h1:e0PTpb7pjO8GAtTs2dQ6jYa5BWYlMuX047Dco/pItO4=
golang.org/x/sync v0.20.0/go.mod h1:9xrNwdLfx4jkKbNva9FpL6vEN7evnE43NNNJQ2LF3+0=
golang.org/x/sys v0.0.0-20210809222454-d867a43fc93e/go.mod h1:oPkhp1MJrh7nUepCBck5+mAzfO9JrbApNNgaTdGDITg=
golang.org/x/sys v0.6.0/go.mod h1:oPkhp1MJrh7nUepCBck5+mAzfO9JrbApNNgaTdGDITg=
golang.org/x/sys v0.44.0 h1:ildZl3J4uzeKP07r2F++Op7E9B29JRUy+a27EibtBTQ=
golang.org/x/sys v0.44.0/go.mod h1:4GL1E5IUh+htKOUEOaiffhrAeqysfVGipDYzABqnCmw=
golang.org/x/telemetry v0.0.0-20260508192327-42602be52be6/go.mod h1:Eqhaxk/wZsWEH8CRxLwj6xzEJbz7k1EFGqx7nyCoabE=
golang.org/x/term v0.43.0/go.mod h1:lrhlHNdQJHO+1qVYiHfFKVuVioJIheAc3fBSMFYEIsk=
golang.org/x/text v0.37.0 h1:Cqjiwd9eSg8e0QAkyCaQTNHFIIzWtidPahFWR83rTrc=
golang.org/x/text v0.37.0/go.mod h1:a5sjxXGs9hsn/AJVwuElvCAo9v8QYLzvavO5z2PiM38=
golang.org/x/time v0.7.0 h1:ntUhktv3OPE6TgYxXWv9vKvUSJyIFJlyohwbkEwPrKQ=
golang.org/x/time v0.7.0/go.mod h1:3BpzKBy/shNhVucY/MWOyx10tF3SFh9QdLuxbVysPQM=
golang.org/x/tools v0.45.0 h1:18qN3FAooORvApf5XjCXgsuayZOEtXf6JK18I3+ONa8=
golang.org/x/tools v0.45.0/go.mod h1:LuUGqqaXcXMEFEruIVJVm5mgDD8vww/z/SR1gQ4uE/0=
golang.org/x/tools/go/expect v0.1.1-deprecated h1:jpBZDwmgPhXsKZC6WhL20P4b/wmnpsEAGHaNy0n/rJM=
golang.org/x/tools/go/expect v0.1.1-deprecated/go.mod h1:eihoPOH+FgIqa3FpoTwguz/bVUSGBlGQU67vpBeOrBY=
golang.org/x/tools/go/packages/packagestest v0.1.1-deprecated h1:1h2MnaIAIXISqTFKdENegdpAgUXz6NrPEsbIeWaBRvM=
golang.org/x/tools/go/packages/packagestest v0.1.1-deprecated/go.mod h1:RVAQXBGNv1ib0J382/DPCRS/BPnsGebyM1Gj5VSDpG8=
golang.org/x/xerrors v0.0.0-20220907171357-04be3eba64a2/go.mod h1:K8+ghG5WaK9qNqU5K3HdILfMLy1f3aNYFI/wnl100a8=
golang.zx2c4.com/wintun v0.0.0-20230126152724-0fa3db229ce2 h1:B82qJJgjvYKsXS9jeunTOisW56dUokqW/FOteYJJ/yg=
golang.zx2c4.com/wintun v0.0.0-20230126152724-0fa3db229ce2/go.mod h1:deeaetjYA+DHMHg+sMSMI58GrEteJUUzzw7en6TJQcI=
golang.zx2c4.com/wireguard v0.0.0-20250521234502-f333402bd9cb h1:whnFRlWMcXI9d+ZbWg+4sHnLp52d5yiIPUxMBSt4X9A=
golang.zx2c4.com/wireguard v0.0.0-20250521234502-f333402bd9cb/go.mod h1:rpwXGsirqLqN2L0JDJQlwOboGHmptD5ZD6T2VmcqhTw=
google.golang.org/appengine v1.6.7/go.mod h1:8WjMMxjGQR8xUklV/ARdw2HLXBOI7O7uCIDZVag1xfc=
google.golang.org/genproto v0.0.0-20230920204549-e6e6cdab5c13/go.mod h1:CCviP9RmpZ1mxVr8MUjCnSiY09IbAXZxhLE6EhHIdPU=
google.golang.org/genproto/googleapis/rpc v0.0.0-20231002182017-d307bd883b97/go.mod h1:v7nGkzlmW8P3n/bKmWBn2WpBjpOEx8Q6gMueudAmKfY=
google.golang.org/grpc v1.59.0/go.mod h1:aUPDwccQo6OTjy7Hct4AfBPD1GptF4fyUjIkQ9YtF98=
google.golang.org/grpc/cmd/protoc-gen-go-grpc v1.3.0/go.mod h1:Dk1tviKTvMCz5tvh7t+fh94dhmQVHuCt2OzJB3CTW9Y=
google.golang.org/protobuf v1.33.0/go.mod h1:c6P6GXX6sHbq/GpV6MGZEdwhWPcYBgnhAHhKbcUYpos=
gopkg.in/check.v1 v1.0.0-20201130134442-10cb98267c6c/go.mod h1:JHkPIbrfpd72SG/EVd6muEfDQjcINNoR0C8j2r3qZ4Q=
gopkg.in/inf.v0 v0.9.1/go.mod h1:cWUDdTG/fYaXco+Dcufb5Vnc6Gp2YChqWtbxRZE0mXw=
gopkg.in/tomb.v1 v1.0.0-20141024135613-dd632973f1e7/go.mod h1:dt/ZhP58zS4L8KSrWDmTeBkI65Dw0HsyUHuEVlX15mw=
gopkg.in/yaml.v2 v2.4.0/go.mod h1:RDklbk79AGWmwhnvt/jBztapEOGDOx6ZbXqjP6csGnQ=
gopkg.in/yaml.v3 v3.0.1 h1:fxVm/GzAzEWqLHuvctI91KS9hhNmmWOoWu0XTYJS7CA=
gopkg.in/yaml.v3 v3.0.1/go.mod h1:K4uyk7z7BCEPqu6E+C64Yfv1cQ7kz7rIZviUmN+EgEM=
gotest.tools/v3 v3.4.0/go.mod h1:CtbdzLSsqVhDgMtKsx03ird5YTGB3ar27v0u/yKBW5g=
gvisor.dev/gvisor v0.0.0-20250503011706-39ed1f5ac29c h1:m/r7OM+Y2Ty1sgBQ7Qb27VgIMBW8ZZhT4gLnUyDIhzI=
gvisor.dev/gvisor v0.0.0-20250503011706-39ed1f5ac29c/go.mod h1:3r5CMtNQMKIvBlrmM9xWUNamjKBYPOWyXOjmg5Kts3g=
honnef.co/go/tools v0.5.1/go.mod h1:e9irvo83WDG9/irijV44wr3tbhcFeRnfpVlRqVwpzMs=
k8s.io/api v0.23.16/go.mod h1:Fk/eWEGf3ZYZTCVLbsgzlxekG6AtnT3QItT3eOSyFRE=
k8s.io/apimachinery v0.23.16/go.mod h1:RMMUoABRwnjoljQXKJ86jT5FkTZPPnZsNv70cMsKIP0=
k8s.io/client-go v0.23.16/go.mod h1:CUfIIQL+hpzxnD9nxiVGb99BNTp00mPFp3Pk26sTFys=
k8s.io/klog/v2 v2.30.0/go.mod h1:y1WjHnz7Dj687irZUWR/WLkLc5N1YHtjLdmgWjndZn0=
k8s.io/kube-openapi v0.0.0-20211115234752-e816edb12b65/go.mod h1:sX9MT8g7NVZM5lVL/j8QyCCJe8YSMW30QvGZWaCIDIk=
k8s.io/utils v0.0.0-20211116205334-6203023598ed/go.mod h1:jPW/WVKK9YHAvNhRxK0md/EJ228hCsBRufyofKtW8HA=
sigs.k8s.io/json v0.0.0-20211020170558-c049b76a60c6/go.mod h1:p4QtZmO4uMYipTQNzagwnNoseA6OxSUutVw05NhYDRs=
sigs.k8s.io/structured-merge-diff/v4 v4.2.3/go.mod h1:qjx8mGObPmV2aSZepjQjbmb2ihdVs8cGKBraizNC69E=
sigs.k8s.io/yaml v1.2.0/go.mod h1:yfXDCHCao9+ENCvLSE62v9VSji2MKu5jeNfTrofGhJc=
