// !$*UTF8*$!
{
	archiveVersion = 1;
	classes = {
	};
	objectVersion = 77;
	objects = {

/* Begin PBXBuildFile section */
		02515828BBDD5E2F458BBC82 /* MacDashboardWindowView.swift in Sources */ = {isa = PBXBuildFile; fileRef = 73930EE75CE83BC0639DF8FB /* MacDashboardWindowView.swift */; };
		032EB9CFFF8103097D695F50 /* VisionRootView.swift in Sources */ = {isa = PBXBuildFile; fileRef = FB084852D105E104FA1A2C08 /* VisionRootView.swift */; };
		069007F5D0A7675880D40F9B /* libsodium.26.dylib in CopyFiles */ = {isa = PBXBuildFile; fileRef = 0A1CC5DD0620471B3CCA85A1 /* libsodium.26.dylib */; };
		08E41EA0CC54ADA8C6AA6715 /* DashboardViews.swift in Sources */ = {isa = PBXBuildFile; fileRef = E5D820AE96C5A0080AA5CF1F /* DashboardViews.swift */; };
		095D479A2F5A1084BFB762D0 /* ClambhookMacApp.swift in Sources */ = {isa = PBXBuildFile; fileRef = 02A8B8AC40D9FACBCFC83187 /* ClambhookMacApp.swift */; };
		21058FE949E1058BD40B24BC /* DaemonSupervisor.swift in Sources */ = {isa = PBXBuildFile; fileRef = 752B77E9507F4674BBA0E4D8 /* DaemonSupervisor.swift */; };
		22E5858EF2C129AAA285716D /* SupportPurchasesView.swift in Sources */ = {isa = PBXBuildFile; fileRef = C8D0525C10EE904F2F5523DA /* SupportPurchasesView.swift */; };
		25B6F6D85173FD2DA15BDA67 /* ClambhookShared in Frameworks */ = {isa = PBXBuildFile; productRef = E28DD20CC4C8CA4C959EBDA4 /* ClambhookShared */; };
		3792B993B246938C4220AC8D /* clambhook in CopyFiles */ = {isa = PBXBuildFile; fileRef = A94F492377279C40EF5D0E2D /* clambhook */; };
		3B1AEF48F2085F24D45275D2 /* DashboardViews.swift in Sources */ = {isa = PBXBuildFile; fileRef = E5D820AE96C5A0080AA5CF1F /* DashboardViews.swift */; };
		3C6BECDDFC169FDC9752E7E8 /* SettingsViews.swift in Sources */ = {isa = PBXBuildFile; fileRef = 11D3A8B6CD3A6119053C8908 /* SettingsViews.swift */; };
		3D5A142E8942DA836F15A989 /* ClambhookMacWidgetExtension.appex in Embed Foundation Extensions */ = {isa = PBXBuildFile; fileRef = 9A9A34557D90A7B2D48D34A7 /* ClambhookMacWidgetExtension.appex */; settings = {ATTRIBUTES = (RemoveHeadersOnCopy, ); }; };
		3F66FD26F33A8017C4D60A10 /* AppleAppModel.swift in Sources */ = {isa = PBXBuildFile; fileRef = 0F26A7314DC7A26F275AB285 /* AppleAppModel.swift */; };
		4AA3902FB355119E38FC8385 /* MacLicenseManager.swift in Sources */ = {isa = PBXBuildFile; fileRef = 861C6B6F1238EBFD62EBA315 /* MacLicenseManager.swift */; };
		55EB0B85AE3ECF0FD4819B8B /* ClambhookShared in Frameworks */ = {isa = PBXBuildFile; productRef = B64D35EC77B9F6E4644D12DE /* ClambhookShared */; };
		591061674835E9B22E696123 /* MacMenuBarView.swift in Sources */ = {isa = PBXBuildFile; fileRef = 8B7ECD0E4E9DE7440023C997 /* MacMenuBarView.swift */; };
		751082522AE94AEC0132939B /* ClambhookVisionApp.swift in Sources */ = {isa = PBXBuildFile; fileRef = DDDB54D167062A1D34DD23E1 /* ClambhookVisionApp.swift */; };
		796E1CFB4C4751AEF5C1F502 /* VisionNetworkMapScene.swift in Sources */ = {isa = PBXBuildFile; fileRef = C34298B9F0C4CFA97FFDC543 /* VisionNetworkMapScene.swift */; };
		B6415B0956578D75A1C9E598 /* ClambhookWidgetBundle.swift in Sources */ = {isa = PBXBuildFile; fileRef = 8E7E93A4404814358F6C95DB /* ClambhookWidgetBundle.swift */; };
		C57BE413A40A04BB9A3C80B2 /* MacSidebarSections.swift in Sources */ = {isa = PBXBuildFile; fileRef = 6B8CD11563D4B3DD735C2E6D /* MacSidebarSections.swift */; };
		C785B03E1F90EEE06E88309D /* AppleAppModel.swift in Sources */ = {isa = PBXBuildFile; fileRef = 0F26A7314DC7A26F275AB285 /* AppleAppModel.swift */; };
		CC0CF0A287AC0E53A37374A7 /* SupportPurchasesView.swift in Sources */ = {isa = PBXBuildFile; fileRef = C8D0525C10EE904F2F5523DA /* SupportPurchasesView.swift */; };
		E20BEBC7404594F87E09BDF7 /* SettingsViews.swift in Sources */ = {isa = PBXBuildFile; fileRef = 11D3A8B6CD3A6119053C8908 /* SettingsViews.swift */; };
		F87E277DD4DAAE72743F3DA6 /* ClambhookShared in Frameworks */ = {isa = PBXBuildFile; productRef = 17ABE50C62B10E6EB5160225 /* ClambhookShared */; };
		F9083C92FB728F157ED65C28 /* MacLicenseManager.swift in Sources */ = {isa = PBXBuildFile; fileRef = 861C6B6F1238EBFD62EBA315 /* MacLicenseManager.swift */; };
/* End PBXBuildFile section */

/* Begin PBXContainerItemProxy section */
		123F7F3584D4E270C91146BB /* PBXContainerItemProxy */ = {
			isa = PBXContainerItemProxy;
			containerPortal = 9BB94ED3BD88502A45DEF4D7 /* Project object */;
			proxyType = 1;
			remoteGlobalIDString = 41A94BC1E503BFF6BD544A2A;
			remoteInfo = ClambhookMacWidgetExtension;
		};
/* End PBXContainerItemProxy section */

/* Begin PBXCopyFilesBuildPhase section */
		36AFAE5EF2430FA123C20D94 /* CopyFiles */ = {
			isa = PBXCopyFilesBuildPhase;
			buildActionMask = 2147483647;
			dstPath = "";
			dstSubfolderSpec = 10;
			files = (
				069007F5D0A7675880D40F9B /* libsodium.26.dylib in CopyFiles */,
			);
			runOnlyForDeploymentPostprocessing = 0;
		};
		D7E3AF299B5F540FABE9AE87 /* CopyFiles */ = {
			isa = PBXCopyFilesBuildPhase;
			buildActionMask = 2147483647;
			dstPath = "";
			dstSubfolderSpec = 6;
			files = (
				3792B993B246938C4220AC8D /* clambhook in CopyFiles */,
			);
			runOnlyForDeploymentPostprocessing = 0;
		};
		FE85FA2A3FE9AD4565AA9F2F /* Embed Foundation Extensions */ = {
			isa = PBXCopyFilesBuildPhase;
			buildActionMask = 2147483647;
			dstPath = "";
			dstSubfolderSpec = 13;
			files = (
				3D5A142E8942DA836F15A989 /* ClambhookMacWidgetExtension.appex in Embed Foundation Extensions */,
			);
			name = "Embed Foundation Extensions";
			runOnlyForDeploymentPostprocessing = 0;
		};
/* End PBXCopyFilesBuildPhase section */

/* Begin PBXFileReference section */
		02A8B8AC40D9FACBCFC83187 /* ClambhookMacApp.swift */ = {isa = PBXFileReference; lastKnownFileType = sourcecode.swift; path = ClambhookMacApp.swift; sourceTree = "<group>"; };
		0A1CC5DD0620471B3CCA85A1 /* libsodium.26.dylib */ = {isa = PBXFileReference; lastKnownFileType = "compiled.mach-o.dylib"; path = libsodium.26.dylib; sourceTree = "<group>"; };
		0BFDFE052F0742168D946261 /* apple */ = {isa = PBXFileReference; lastKnownFileType = folder; name = apple; path = .; sourceTree = SOURCE_ROOT; };
		0F26A7314DC7A26F275AB285 /* AppleAppModel.swift */ = {isa = PBXFileReference; lastKnownFileType = sourcecode.swift; path = AppleAppModel.swift; sourceTree = "<group>"; };
		11D3A8B6CD3A6119053C8908 /* SettingsViews.swift */ = {isa = PBXFileReference; lastKnownFileType = sourcecode.swift; path = SettingsViews.swift; sourceTree = "<group>"; };
		1B067640E07DD0E186D64487 /* ClambhookMacWidgetExtension.entitlements */ = {isa = PBXFileReference; lastKnownFileType = text.plist.entitlements; path = ClambhookMacWidgetExtension.entitlements; sourceTree = "<group>"; };
		22F84BCEFC14A14041740CB6 /* ClambhookVision.app */ = {isa = PBXFileReference; includeInIndex = 0; lastKnownFileType = wrapper.application; path = ClambhookVision.app; sourceTree = BUILT_PRODUCTS_DIR; };
		24D15BDA328B4ED0B2A65291 /* ClambhookMac.app */ = {isa = PBXFileReference; explicitFileType = wrapper.application; includeInIndex = 0; path = ClambhookMac.app; sourceTree = BUILT_PRODUCTS_DIR; };
		60CD6FD2940A90C4362F5B00 /* Info.plist */ = {isa = PBXFileReference; lastKnownFileType = text.plist; path = Info.plist; sourceTree = "<group>"; };
		6B8CD11563D4B3DD735C2E6D /* MacSidebarSections.swift */ = {isa = PBXFileReference; lastKnownFileType = sourcecode.swift; path = MacSidebarSections.swift; sourceTree = "<group>"; };
		73930EE75CE83BC0639DF8FB /* MacDashboardWindowView.swift */ = {isa = PBXFileReference; lastKnownFileType = sourcecode.swift; path = MacDashboardWindowView.swift; sourceTree = "<group>"; };
		752B77E9507F4674BBA0E4D8 /* DaemonSupervisor.swift */ = {isa = PBXFileReference; lastKnownFileType = sourcecode.swift; path = DaemonSupervisor.swift; sourceTree = "<group>"; };
		861C6B6F1238EBFD62EBA315 /* MacLicenseManager.swift */ = {isa = PBXFileReference; lastKnownFileType = sourcecode.swift; path = MacLicenseManager.swift; sourceTree = "<group>"; };
		8B7ECD0E4E9DE7440023C997 /* MacMenuBarView.swift */ = {isa = PBXFileReference; lastKnownFileType = sourcecode.swift; path = MacMenuBarView.swift; sourceTree = "<group>"; };
		8E7E93A4404814358F6C95DB /* ClambhookWidgetBundle.swift */ = {isa = PBXFileReference; lastKnownFileType = sourcecode.swift; path = ClambhookWidgetBundle.swift; sourceTree = "<group>"; };
		903292C941E24F9681AB680C /* Info.plist */ = {isa = PBXFileReference; lastKnownFileType = text.plist; path = Info.plist; sourceTree = "<group>"; };
		962836E5FF857FC15720D328 /* ClambhookVision.entitlements */ = {isa = PBXFileReference; lastKnownFileType = text.plist.entitlements; path = ClambhookVision.entitlements; sourceTree = "<group>"; };
		9A9A34557D90A7B2D48D34A7 /* ClambhookMacWidgetExtension.appex */ = {isa = PBXFileReference; explicitFileType = "wrapper.app-extension"; includeInIndex = 0; path = ClambhookMacWidgetExtension.appex; sourceTree = BUILT_PRODUCTS_DIR; };
		A94F492377279C40EF5D0E2D /* clambhook */ = {isa = PBXFileReference; path = clambhook; sourceTree = "<group>"; };
		B1CF51F1CEED770CC79EBC8C /* ClambhookMac.entitlements */ = {isa = PBXFileReference; lastKnownFileType = text.plist.entitlements; path = ClambhookMac.entitlements; sourceTree = "<group>"; };
		B79D4C19242D8E6E95224A77 /* Info.plist */ = {isa = PBXFileReference; lastKnownFileType = text.plist; path = Info.plist; sourceTree = "<group>"; };
		C34298B9F0C4CFA97FFDC543 /* VisionNetworkMapScene.swift */ = {isa = PBXFileReference; lastKnownFileType = sourcecode.swift; path = VisionNetworkMapScene.swift; sourceTree = "<group>"; };
		C8D0525C10EE904F2F5523DA /* SupportPurchasesView.swift */ = {isa = PBXFileReference; lastKnownFileType = sourcecode.swift; path = SupportPurchasesView.swift; sourceTree = "<group>"; };
		DDDB54D167062A1D34DD23E1 /* ClambhookVisionApp.swift */ = {isa = PBXFileReference; lastKnownFileType = sourcecode.swift; path = ClambhookVisionApp.swift; sourceTree = "<group>"; };
		E0B72BED6576EF183CAD2854 /* ClambhookDaemon.entitlements */ = {isa = PBXFileReference; lastKnownFileType = text.plist.entitlements; path = ClambhookDaemon.entitlements; sourceTree = "<group>"; };
		E5D820AE96C5A0080AA5CF1F /* DashboardViews.swift */ = {isa = PBXFileReference; lastKnownFileType = sourcecode.swift; path = DashboardViews.swift; sourceTree = "<group>"; };
		FB084852D105E104FA1A2C08 /* VisionRootView.swift */ = {isa = PBXFileReference; lastKnownFileType = sourcecode.swift; path = VisionRootView.swift; sourceTree = "<group>"; };
/* End PBXFileReference section */

/* Begin PBXFrameworksBuildPhase section */
		1081D22A228D1505364BAAB0 /* Frameworks */ = {
			isa = PBXFrameworksBuildPhase;
			buildActionMask = 2147483647;
			files = (
				F87E277DD4DAAE72743F3DA6 /* ClambhookShared in Frameworks */,
			);
			runOnlyForDeploymentPostprocessing = 0;
		};
		3C88CE3CE3F2D1225FFC0094 /* Frameworks */ = {
			isa = PBXFrameworksBuildPhase;
			buildActionMask = 2147483647;
			files = (
				25B6F6D85173FD2DA15BDA67 /* ClambhookShared in Frameworks */,
			);
			runOnlyForDeploymentPostprocessing = 0;
		};
		D93359100F7A4D3ABF061755 /* Frameworks */ = {
			isa = PBXFrameworksBuildPhase;
			buildActionMask = 2147483647;
			files = (
				55EB0B85AE3ECF0FD4819B8B /* ClambhookShared in Frameworks */,
			);
			runOnlyForDeploymentPostprocessing = 0;
		};
/* End PBXFrameworksBuildPhase section */

/* Begin PBXGroup section */
		02DBE71539B0AF31E3C21C10 /* ClambhookMac */ = {
			isa = PBXGroup;
			children = (
				E0B72BED6576EF183CAD2854 /* ClambhookDaemon.entitlements */,
				B1CF51F1CEED770CC79EBC8C /* ClambhookMac.entitlements */,
				02A8B8AC40D9FACBCFC83187 /* ClambhookMacApp.swift */,
				752B77E9507F4674BBA0E4D8 /* DaemonSupervisor.swift */,
				B79D4C19242D8E6E95224A77 /* Info.plist */,
				73930EE75CE83BC0639DF8FB /* MacDashboardWindowView.swift */,
				8B7ECD0E4E9DE7440023C997 /* MacMenuBarView.swift */,
				6B8CD11563D4B3DD735C2E6D /* MacSidebarSections.swift */,
			);
			path = ClambhookMac;
			sourceTree = "<group>";
		};
		53510433E44BD790460FB276 /* ClambhookVision */ = {
			isa = PBXGroup;
			children = (
				962836E5FF857FC15720D328 /* ClambhookVision.entitlements */,
				DDDB54D167062A1D34DD23E1 /* ClambhookVisionApp.swift */,
				60CD6FD2940A90C4362F5B00 /* Info.plist */,
				C34298B9F0C4CFA97FFDC543 /* VisionNetworkMapScene.swift */,
				FB084852D105E104FA1A2C08 /* VisionRootView.swift */,
			);
			path = ClambhookVision;
			sourceTree = "<group>";
		};
		5C1DC0CFBC1B62A3EC95563E /* ClambhookWidgets */ = {
			isa = PBXGroup;
			children = (
				1B067640E07DD0E186D64487 /* ClambhookMacWidgetExtension.entitlements */,
				8E7E93A4404814358F6C95DB /* ClambhookWidgetBundle.swift */,
				903292C941E24F9681AB680C /* Info.plist */,
			);
			path = ClambhookWidgets;
			sourceTree = "<group>";
		};
		700E42F47FDF5AB645B28B09 /* Packages */ = {
			isa = PBXGroup;
			children = (
				0BFDFE052F0742168D946261 /* apple */,
			);
			name = Packages;
			sourceTree = "<group>";
		};
		76937B35C0688E107FFABAB2 /* Products */ = {
			isa = PBXGroup;
			children = (
				24D15BDA328B4ED0B2A65291 /* ClambhookMac.app */,
				9A9A34557D90A7B2D48D34A7 /* ClambhookMacWidgetExtension.appex */,
				22F84BCEFC14A14041740CB6 /* ClambhookVision.app */,
			);
			name = Products;
			sourceTree = "<group>";
		};
		89770E96EAB9F6FBEC965742 /* clambhook */ = {
			isa = PBXGroup;
			children = (
				AF3797D4DE3145C994E04B12 /* bin */,
			);
			name = clambhook;
			path = ../..;
			sourceTree = "<group>";
		};
		AF3797D4DE3145C994E04B12 /* bin */ = {
			isa = PBXGroup;
			children = (
				A94F492377279C40EF5D0E2D /* clambhook */,
				0A1CC5DD0620471B3CCA85A1 /* libsodium.26.dylib */,
			);
			path = bin;
			sourceTree = "<group>";
		};
		E99574CBEE7F120459AD262C = {
			isa = PBXGroup;
			children = (
				89770E96EAB9F6FBEC965742 /* clambhook */,
				02DBE71539B0AF31E3C21C10 /* ClambhookMac */,
				53510433E44BD790460FB276 /* ClambhookVision */,
				5C1DC0CFBC1B62A3EC95563E /* ClambhookWidgets */,
				700E42F47FDF5AB645B28B09 /* Packages */,
				F9220CB88CF8F43786FC0695 /* SharedApp */,
				76937B35C0688E107FFABAB2 /* Products */,
			);
			sourceTree = "<group>";
		};
		F9220CB88CF8F43786FC0695 /* SharedApp */ = {
			isa = PBXGroup;
			children = (
				0F26A7314DC7A26F275AB285 /* AppleAppModel.swift */,
				E5D820AE96C5A0080AA5CF1F /* DashboardViews.swift */,
				861C6B6F1238EBFD62EBA315 /* MacLicenseManager.swift */,
				11D3A8B6CD3A6119053C8908 /* SettingsViews.swift */,
				C8D0525C10EE904F2F5523DA /* SupportPurchasesView.swift */,
			);
			path = SharedApp;
			sourceTree = "<group>";
		};
/* End PBXGroup section */

/* Begin PBXNativeTarget section */
		04F6C6CEBBA59499FBD06EEF /* ClambhookMac */ = {
			isa = PBXNativeTarget;
			buildConfigurationList = 53ACA6520DB72ED06D3484A6 /* Build configuration list for PBXNativeTarget "ClambhookMac" */;
			buildPhases = (
				25C91D328A1B73FF14F96FB9 /* Sources */,
				36AFAE5EF2430FA123C20D94 /* CopyFiles */,
				D7E3AF299B5F540FABE9AE87 /* CopyFiles */,
				D93359100F7A4D3ABF061755 /* Frameworks */,
				FE85FA2A3FE9AD4565AA9F2F /* Embed Foundation Extensions */,
			);
			buildRules = (
			);
			dependencies = (
				6DA1BF261E5033BE58330F14 /* PBXTargetDependency */,
			);
			name = ClambhookMac;
			packageProductDependencies = (
				B64D35EC77B9F6E4644D12DE /* ClambhookShared */,
			);
			productName = ClambhookMac;
			productReference = 24D15BDA328B4ED0B2A65291 /* ClambhookMac.app */;
			productType = "com.apple.product-type.application";
		};
		088461658E40F91573E4319B /* ClambhookVision */ = {
			isa = PBXNativeTarget;
			buildConfigurationList = A1C79D77F62A509D8D817B85 /* Build configuration list for PBXNativeTarget "ClambhookVision" */;
			buildPhases = (
				F72AFC7DA7CA88ACF4DB399E /* Sources */,
				1081D22A228D1505364BAAB0 /* Frameworks */,
			);
			buildRules = (
			);
			dependencies = (
			);
			name = ClambhookVision;
			packageProductDependencies = (
				17ABE50C62B10E6EB5160225 /* ClambhookShared */,
			);
			productName = ClambhookVision;
			productReference = 22F84BCEFC14A14041740CB6 /* ClambhookVision.app */;
			productType = "com.apple.product-type.application";
		};
		41A94BC1E503BFF6BD544A2A /* ClambhookMacWidgetExtension */ = {
			isa = PBXNativeTarget;
			buildConfigurationList = 0FFC22BDCE01FE175D717EEA /* Build configuration list for PBXNativeTarget "ClambhookMacWidgetExtension" */;
			buildPhases = (
				5125046087E45A579268A447 /* Sources */,
				3C88CE3CE3F2D1225FFC0094 /* Frameworks */,
			);
			buildRules = (
			);
			dependencies = (
			);
			name = ClambhookMacWidgetExtension;
			packageProductDependencies = (
				E28DD20CC4C8CA4C959EBDA4 /* ClambhookShared */,
			);
			productName = ClambhookMacWidgetExtension;
			productReference = 9A9A34557D90A7B2D48D34A7 /* ClambhookMacWidgetExtension.appex */;
			productType = "com.apple.product-type.app-extension";
		};
/* End PBXNativeTarget section */

/* Begin PBXProject section */
		9BB94ED3BD88502A45DEF4D7 /* Project object */ = {
			isa = PBXProject;
			attributes = {
				BuildIndependentTargetsInParallel = YES;
				LastUpgradeCheck = 1430;
				TargetAttributes = {
					04F6C6CEBBA59499FBD06EEF = {
						DevelopmentTeam = "";
						ProvisioningStyle = Automatic;
					};
					088461658E40F91573E4319B = {
						DevelopmentTeam = "";
						ProvisioningStyle = Automatic;
					};
					41A94BC1E503BFF6BD544A2A = {
						DevelopmentTeam = "";
						ProvisioningStyle = Automatic;
					};
				};
			};
			buildConfigurationList = B3045AACBD32AAA22AEC7B06 /* Build configuration list for PBXProject "Clambhook" */;
			developmentRegion = en;
			hasScannedForEncodings = 0;
			knownRegions = (
				Base,
				en,
			);
			mainGroup = E99574CBEE7F120459AD262C;
			minimizedProjectReferenceProxies = 1;
			packageReferences = (
				F3C8F801E2C94AA950D3FCF1 /* XCLocalSwiftPackageReference "." */,
			);
			preferredProjectObjectVersion = 77;
			productRefGroup = 76937B35C0688E107FFABAB2 /* Products */;
			projectDirPath = "";
			projectRoot = "";
			targets = (
				04F6C6CEBBA59499FBD06EEF /* ClambhookMac */,
				41A94BC1E503BFF6BD544A2A /* ClambhookMacWidgetExtension */,
				088461658E40F91573E4319B /* ClambhookVision */,
			);
		};
/* End PBXProject section */

/* Begin PBXSourcesBuildPhase section */
		25C91D328A1B73FF14F96FB9 /* Sources */ = {
			isa = PBXSourcesBuildPhase;
			buildActionMask = 2147483647;
			files = (
				3F66FD26F33A8017C4D60A10 /* AppleAppModel.swift in Sources */,
				095D479A2F5A1084BFB762D0 /* ClambhookMacApp.swift in Sources */,
				21058FE949E1058BD40B24BC /* DaemonSupervisor.swift in Sources */,
				3B1AEF48F2085F24D45275D2 /* DashboardViews.swift in Sources */,
				02515828BBDD5E2F458BBC82 /* MacDashboardWindowView.swift in Sources */,
				4AA3902FB355119E38FC8385 /* MacLicenseManager.swift in Sources */,
				591061674835E9B22E696123 /* MacMenuBarView.swift in Sources */,
				C57BE413A40A04BB9A3C80B2 /* MacSidebarSections.swift in Sources */,
				E20BEBC7404594F87E09BDF7 /* SettingsViews.swift in Sources */,
				CC0CF0A287AC0E53A37374A7 /* SupportPurchasesView.swift in Sources */,
			);
			runOnlyForDeploymentPostprocessing = 0;
		};
		5125046087E45A579268A447 /* Sources */ = {
			isa = PBXSourcesBuildPhase;
			buildActionMask = 2147483647;
			files = (
				B6415B0956578D75A1C9E598 /* ClambhookWidgetBundle.swift in Sources */,
			);
			runOnlyForDeploymentPostprocessing = 0;
		};
		F72AFC7DA7CA88ACF4DB399E /* Sources */ = {
			isa = PBXSourcesBuildPhase;
			buildActionMask = 2147483647;
			files = (
				C785B03E1F90EEE06E88309D /* AppleAppModel.swift in Sources */,
				751082522AE94AEC0132939B /* ClambhookVisionApp.swift in Sources */,
				08E41EA0CC54ADA8C6AA6715 /* DashboardViews.swift in Sources */,
				F9083C92FB728F157ED65C28 /* MacLicenseManager.swift in Sources */,
				3C6BECDDFC169FDC9752E7E8 /* SettingsViews.swift in Sources */,
				22E5858EF2C129AAA285716D /* SupportPurchasesView.swift in Sources */,
				796E1CFB4C4751AEF5C1F502 /* VisionNetworkMapScene.swift in Sources */,
				032EB9CFFF8103097D695F50 /* VisionRootView.swift in Sources */,
			);
			runOnlyForDeploymentPostprocessing = 0;
		};
/* End PBXSourcesBuildPhase section */

/* Begin PBXTargetDependency section */
		6DA1BF261E5033BE58330F14 /* PBXTargetDependency */ = {
			isa = PBXTargetDependency;
			target = 41A94BC1E503BFF6BD544A2A /* ClambhookMacWidgetExtension */;
			targetProxy = 123F7F3584D4E270C91146BB /* PBXContainerItemProxy */;
		};
/* End PBXTargetDependency section */

/* Begin XCBuildConfiguration section */
		1A13FFFD287AC0FDF33CAD16 /* Debug */ = {
			isa = XCBuildConfiguration;
			buildSettings = {
				ASSETCATALOG_COMPILER_APPICON_NAME = AppIcon;
				CODE_SIGN_ENTITLEMENTS = ClambhookMac/ClambhookMac.entitlements;
				COMBINE_HIDPI_IMAGES = YES;
				ENABLE_APP_SANDBOX = YES;
				INFOPLIST_FILE = ClambhookMac/Info.plist;
				LD_RUNPATH_SEARCH_PATHS = (
					"$(inherited)",
					"@executable_path/../Frameworks",
				);
				PRODUCT_BUNDLE_IDENTIFIER = com.clambhook.mac;
				SDKROOT = macosx;
			};
			name = Debug;
		};
		32701D3D12C0A79D75D5D7A4 /* Debug */ = {
			isa = XCBuildConfiguration;
			buildSettings = {
				CODE_SIGN_ENTITLEMENTS = ClambhookWidgets/ClambhookMacWidgetExtension.entitlements;
				COMBINE_HIDPI_IMAGES = YES;
				ENABLE_APP_SANDBOX = YES;
				INFOPLIST_FILE = ClambhookWidgets/Info.plist;
				LD_RUNPATH_SEARCH_PATHS = (
					"$(inherited)",
					"@executable_path/../Frameworks",
					"@executable_path/../../../../Frameworks",
				);
				PRODUCT_BUNDLE_IDENTIFIER = com.clambhook.mac.widgets;
				SDKROOT = macosx;
				SKIP_INSTALL = YES;
			};
			name = Debug;
		};
		42C5AC0EA755FBD580BCD002 /* Release */ = {
			isa = XCBuildConfiguration;
			buildSettings = {
				ALWAYS_SEARCH_USER_PATHS = NO;
				ARCHS = arm64;
				CLANG_ANALYZER_NONNULL = YES;
				CLANG_ANALYZER_NUMBER_OBJECT_CONVERSION = YES_AGGRESSIVE;
				CLANG_CXX_LANGUAGE_STANDARD = "gnu++14";
				CLANG_CXX_LIBRARY = "libc++";
				CLANG_ENABLE_MODULES = YES;
				CLANG_ENABLE_OBJC_ARC = YES;
				CLANG_ENABLE_OBJC_WEAK = YES;
				CLANG_WARN_BLOCK_CAPTURE_AUTORELEASING = YES;
				CLANG_WARN_BOOL_CONVERSION = YES;
				CLANG_WARN_COMMA = YES;
				CLANG_WARN_CONSTANT_CONVERSION = YES;
				CLANG_WARN_DEPRECATED_OBJC_IMPLEMENTATIONS = YES;
				CLANG_WARN_DIRECT_OBJC_ISA_USAGE = YES_ERROR;
				CLANG_WARN_DOCUMENTATION_COMMENTS = YES;
				CLANG_WARN_EMPTY_BODY = YES;
				CLANG_WARN_ENUM_CONVERSION = YES;
				CLANG_WARN_INFINITE_RECURSION = YES;
				CLANG_WARN_INT_CONVERSION = YES;
				CLANG_WARN_NON_LITERAL_NULL_CONVERSION = YES;
				CLANG_WARN_OBJC_IMPLICIT_RETAIN_SELF = YES;
				CLANG_WARN_OBJC_LITERAL_CONVERSION = YES;
				CLANG_WARN_OBJC_ROOT_CLASS = YES_ERROR;
				CLANG_WARN_QUOTED_INCLUDE_IN_FRAMEWORK_HEADER = YES;
				CLANG_WARN_RANGE_LOOP_ANALYSIS = YES;
				CLANG_WARN_STRICT_PROTOTYPES = YES;
				CLANG_WARN_SUSPICIOUS_MOVE = YES;
				CLANG_WARN_UNGUARDED_AVAILABILITY = YES_AGGRESSIVE;
				CLANG_WARN_UNREACHABLE_CODE = YES;
				CLANG_WARN__DUPLICATE_METHOD_MATCH = YES;
				CODE_SIGN_STYLE = Automatic;
				COPY_PHASE_STRIP = NO;
				DEBUG_INFORMATION_FORMAT = "dwarf-with-dsym";
				DEVELOPMENT_TEAM = "";
				ENABLE_HARDENED_RUNTIME = YES;
				ENABLE_NS_ASSERTIONS = NO;
				ENABLE_STRICT_OBJC_MSGSEND = YES;
				"EXCLUDED_ARCHS[sdk=macosx*]" = "x86_64 i386";
				GCC_C_LANGUAGE_STANDARD = gnu11;
				GCC_NO_COMMON_BLOCKS = YES;
				GCC_WARN_64_TO_32_BIT_CONVERSION = YES;
				GCC_WARN_ABOUT_RETURN_TYPE = YES_ERROR;
				GCC_WARN_UNDECLARED_SELECTOR = YES;
				GCC_WARN_UNINITIALIZED_AUTOS = YES_AGGRESSIVE;
				GCC_WARN_UNUSED_FUNCTION = YES;
				GCC_WARN_UNUSED_VARIABLE = YES;
				MACOSX_DEPLOYMENT_TARGET = 14.0;
				MTL_ENABLE_DEBUG_INFO = NO;
				MTL_FAST_MATH = YES;
				ONLY_ACTIVE_ARCH = NO;
				PRODUCT_NAME = "$(TARGET_NAME)";
				SWIFT_COMPILATION_MODE = wholemodule;
				SWIFT_OPTIMIZATION_LEVEL = "-O";
				SWIFT_VERSION = 5.0;
				XROS_DEPLOYMENT_TARGET = 26.0;
			};
			name = Release;
		};
		67227D2A462BAD4CF309D33B /* Release */ = {
			isa = XCBuildConfiguration;
			buildSettings = {
				CODE_SIGN_ENTITLEMENTS = ClambhookWidgets/ClambhookMacWidgetExtension.entitlements;
				COMBINE_HIDPI_IMAGES = YES;
				ENABLE_APP_SANDBOX = YES;
				INFOPLIST_FILE = ClambhookWidgets/Info.plist;
				LD_RUNPATH_SEARCH_PATHS = (
					"$(inherited)",
					"@executable_path/../Frameworks",
					"@executable_path/../../../../Frameworks",
				);
				PRODUCT_BUNDLE_IDENTIFIER = com.clambhook.mac.widgets;
				SDKROOT = macosx;
				SKIP_INSTALL = YES;
			};
			name = Release;
		};
		70CEAA0661CB1AE654BB3952 /* Debug */ = {
			isa = XCBuildConfiguration;
			buildSettings = {
				ALWAYS_SEARCH_USER_PATHS = NO;
				ARCHS = arm64;
				CLANG_ANALYZER_NONNULL = YES;
				CLANG_ANALYZER_NUMBER_OBJECT_CONVERSION = YES_AGGRESSIVE;
				CLANG_CXX_LANGUAGE_STANDARD = "gnu++14";
				CLANG_CXX_LIBRARY = "libc++";
				CLANG_ENABLE_MODULES = YES;
				CLANG_ENABLE_OBJC_ARC = YES;
				CLANG_ENABLE_OBJC_WEAK = YES;
				CLANG_WARN_BLOCK_CAPTURE_AUTORELEASING = YES;
				CLANG_WARN_BOOL_CONVERSION = YES;
				CLANG_WARN_COMMA = YES;
				CLANG_WARN_CONSTANT_CONVERSION = YES;
				CLANG_WARN_DEPRECATED_OBJC_IMPLEMENTATIONS = YES;
				CLANG_WARN_DIRECT_OBJC_ISA_USAGE = YES_ERROR;
				CLANG_WARN_DOCUMENTATION_COMMENTS = YES;
				CLANG_WARN_EMPTY_BODY = YES;
				CLANG_WARN_ENUM_CONVERSION = YES;
				CLANG_WARN_INFINITE_RECURSION = YES;
				CLANG_WARN_INT_CONVERSION = YES;
				CLANG_WARN_NON_LITERAL_NULL_CONVERSION = YES;
				CLANG_WARN_OBJC_IMPLICIT_RETAIN_SELF = YES;
				CLANG_WARN_OBJC_LITERAL_CONVERSION = YES;
				CLANG_WARN_OBJC_ROOT_CLASS = YES_ERROR;
				CLANG_WARN_QUOTED_INCLUDE_IN_FRAMEWORK_HEADER = YES;
				CLANG_WARN_RANGE_LOOP_ANALYSIS = YES;
				CLANG_WARN_STRICT_PROTOTYPES = YES;
				CLANG_WARN_SUSPICIOUS_MOVE = YES;
				CLANG_WARN_UNGUARDED_AVAILABILITY = YES_AGGRESSIVE;
				CLANG_WARN_UNREACHABLE_CODE = YES;
				CLANG_WARN__DUPLICATE_METHOD_MATCH = YES;
				CODE_SIGN_STYLE = Automatic;
				COPY_PHASE_STRIP = NO;
				DEBUG_INFORMATION_FORMAT = dwarf;
				DEVELOPMENT_TEAM = "";
				ENABLE_HARDENED_RUNTIME = YES;
				ENABLE_STRICT_OBJC_MSGSEND = YES;
				ENABLE_TESTABILITY = YES;
				"EXCLUDED_ARCHS[sdk=macosx*]" = "x86_64 i386";
				GCC_C_LANGUAGE_STANDARD = gnu11;
				GCC_DYNAMIC_NO_PIC = NO;
				GCC_NO_COMMON_BLOCKS = YES;
				GCC_OPTIMIZATION_LEVEL = 0;
				GCC_PREPROCESSOR_DEFINITIONS = (
					"$(inherited)",
					"DEBUG=1",
				);
				GCC_WARN_64_TO_32_BIT_CONVERSION = YES;
				GCC_WARN_ABOUT_RETURN_TYPE = YES_ERROR;
				GCC_WARN_UNDECLARED_SELECTOR = YES;
				GCC_WARN_UNINITIALIZED_AUTOS = YES_AGGRESSIVE;
				GCC_WARN_UNUSED_FUNCTION = YES;
				GCC_WARN_UNUSED_VARIABLE = YES;
				MACOSX_DEPLOYMENT_TARGET = 14.0;
				MTL_ENABLE_DEBUG_INFO = INCLUDE_SOURCE;
				MTL_FAST_MATH = YES;
				ONLY_ACTIVE_ARCH = NO;
				PRODUCT_NAME = "$(TARGET_NAME)";
				SWIFT_ACTIVE_COMPILATION_CONDITIONS = DEBUG;
				SWIFT_OPTIMIZATION_LEVEL = "-Onone";
				SWIFT_VERSION = 5.0;
				XROS_DEPLOYMENT_TARGET = 26.0;
			};
			name = Debug;
		};
		96C3C5135085E323E85F4E17 /* Release */ = {
			isa = XCBuildConfiguration;
			buildSettings = {
				ASSETCATALOG_COMPILER_APPICON_NAME = AppIcon;
				CODE_SIGN_ENTITLEMENTS = ClambhookVision/ClambhookVision.entitlements;
				INFOPLIST_FILE = ClambhookVision/Info.plist;
				LD_RUNPATH_SEARCH_PATHS = (
					"$(inherited)",
					"@executable_path/Frameworks",
				);
				PRODUCT_BUNDLE_IDENTIFIER = com.clambhook.vision;
				SDKROOT = xros;
				SUPPORTED_PLATFORMS = "xros xrsimulator";
				SUPPORTS_XR_DESIGNED_FOR_IPHONE_IPAD = NO;
				TARGETED_DEVICE_FAMILY = 7;
			};
			name = Release;
		};
		EA5A691AAFE7BBDFF0B959C3 /* Release */ = {
			isa = XCBuildConfiguration;
			buildSettings = {
				ASSETCATALOG_COMPILER_APPICON_NAME = AppIcon;
				CODE_SIGN_ENTITLEMENTS = ClambhookMac/ClambhookMac.entitlements;
				COMBINE_HIDPI_IMAGES = YES;
				ENABLE_APP_SANDBOX = YES;
				INFOPLIST_FILE = ClambhookMac/Info.plist;
				LD_RUNPATH_SEARCH_PATHS = (
					"$(inherited)",
					"@executable_path/../Frameworks",
				);
				PRODUCT_BUNDLE_IDENTIFIER = com.clambhook.mac;
				SDKROOT = macosx;
			};
			name = Release;
		};
		EB7D58B62C5FD3C8B4D92B92 /* Debug */ = {
			isa = XCBuildConfiguration;
			buildSettings = {
				ASSETCATALOG_COMPILER_APPICON_NAME = AppIcon;
				CODE_SIGN_ENTITLEMENTS = ClambhookVision/ClambhookVision.entitlements;
				INFOPLIST_FILE = ClambhookVision/Info.plist;
				LD_RUNPATH_SEARCH_PATHS = (
					"$(inherited)",
					"@executable_path/Frameworks",
				);
				PRODUCT_BUNDLE_IDENTIFIER = com.clambhook.vision;
				SDKROOT = xros;
				SUPPORTED_PLATFORMS = "xros xrsimulator";
				SUPPORTS_XR_DESIGNED_FOR_IPHONE_IPAD = NO;
				TARGETED_DEVICE_FAMILY = 7;
			};
			name = Debug;
		};
/* End XCBuildConfiguration section */

/* Begin XCConfigurationList section */
		0FFC22BDCE01FE175D717EEA /* Build configuration list for PBXNativeTarget "ClambhookMacWidgetExtension" */ = {
			isa = XCConfigurationList;
			buildConfigurations = (
				32701D3D12C0A79D75D5D7A4 /* Debug */,
				67227D2A462BAD4CF309D33B /* Release */,
			);
			defaultConfigurationIsVisible = 0;
			defaultConfigurationName = Debug;
		};
		53ACA6520DB72ED06D3484A6 /* Build configuration list for PBXNativeTarget "ClambhookMac" */ = {
			isa = XCConfigurationList;
			buildConfigurations = (
				1A13FFFD287AC0FDF33CAD16 /* Debug */,
				EA5A691AAFE7BBDFF0B959C3 /* Release */,
			);
			defaultConfigurationIsVisible = 0;
			defaultConfigurationName = Debug;
		};
		A1C79D77F62A509D8D817B85 /* Build configuration list for PBXNativeTarget "ClambhookVision" */ = {
			isa = XCConfigurationList;
			buildConfigurations = (
				EB7D58B62C5FD3C8B4D92B92 /* Debug */,
				96C3C5135085E323E85F4E17 /* Release */,
			);
			defaultConfigurationIsVisible = 0;
			defaultConfigurationName = Debug;
		};
		B3045AACBD32AAA22AEC7B06 /* Build configuration list for PBXProject "Clambhook" */ = {
			isa = XCConfigurationList;
			buildConfigurations = (
				70CEAA0661CB1AE654BB3952 /* Debug */,
				42C5AC0EA755FBD580BCD002 /* Release */,
			);
			defaultConfigurationIsVisible = 0;
			defaultConfigurationName = Debug;
		};
/* End XCConfigurationList section */

/* Begin XCLocalSwiftPackageReference section */
		F3C8F801E2C94AA950D3FCF1 /* XCLocalSwiftPackageReference "." */ = {
			isa = XCLocalSwiftPackageReference;
			relativePath = .;
		};
/* End XCLocalSwiftPackageReference section */

/* Begin XCSwiftPackageProductDependency section */
		17ABE50C62B10E6EB5160225 /* ClambhookShared */ = {
			isa = XCSwiftPackageProductDependency;
			productName = ClambhookShared;
		};
		B64D35EC77B9F6E4644D12DE /* ClambhookShared */ = {
			isa = XCSwiftPackageProductDependency;
			productName = ClambhookShared;
		};
		E28DD20CC4C8CA4C959EBDA4 /* ClambhookShared */ = {
			isa = XCSwiftPackageProductDependency;
			productName = ClambhookShared;
		};
/* End XCSwiftPackageProductDependency section */
	};
	rootObject = 9BB94ED3BD88502A45DEF4D7 /* Project object */;
}
