// !$*UTF8*$!
{
	archiveVersion = 1;
	classes = {
	};
	objectVersion = 77;
	objects = {

/* Begin PBXBuildFile section */
		0160644C679581AF294E3747 /* IOSHTTPCaptureView.swift in Sources */ = {isa = PBXBuildFile; fileRef = 8F32595BC328927A695355CA /* IOSHTTPCaptureView.swift */; };
		032EB9CFFF8103097D695F50 /* VisionRootView.swift in Sources */ = {isa = PBXBuildFile; fileRef = FB084852D105E104FA1A2C08 /* VisionRootView.swift */; };
		03C961B215EC8EF6A66E6DD7 /* Assets.xcassets in Resources */ = {isa = PBXBuildFile; fileRef = 71619AA1E2C9424F8D0CAE82 /* Assets.xcassets */; };
		069007F5D0A7675880D40F9B /* libsodium.26.dylib in CopyFiles */ = {isa = PBXBuildFile; fileRef = 0A1CC5DD0620471B3CCA85A1 /* libsodium.26.dylib */; };
		08E41EA0CC54ADA8C6AA6715 /* DashboardViews.swift in Sources */ = {isa = PBXBuildFile; fileRef = E5D820AE96C5A0080AA5CF1F /* DashboardViews.swift */; };
		095D479A2F5A1084BFB762D0 /* ClambhookMacApp.swift in Sources */ = {isa = PBXBuildFile; fileRef = 02A8B8AC40D9FACBCFC83187 /* ClambhookMacApp.swift */; };
		0B8680DA4E158B80FA64AD97 /* LicenseValidationClient.swift in Sources */ = {isa = PBXBuildFile; fileRef = 070CA8C30ACAF4B3CD0763EE /* LicenseValidationClient.swift */; };
		1BED84D526634AC010CE6F5F /* IOSTrafficMonitorView.swift in Sources */ = {isa = PBXBuildFile; fileRef = F1D94DD2566D74A95CE20D84 /* IOSTrafficMonitorView.swift */; };
		21058FE949E1058BD40B24BC /* DaemonSupervisor.swift in Sources */ = {isa = PBXBuildFile; fileRef = 752B77E9507F4674BBA0E4D8 /* DaemonSupervisor.swift */; };
		2196C410BFFDD770B024D762 /* AppleAppModel.swift in Sources */ = {isa = PBXBuildFile; fileRef = 0F26A7314DC7A26F275AB285 /* AppleAppModel.swift */; };
		22E5858EF2C129AAA285716D /* SupportPurchasesView.swift in Sources */ = {isa = PBXBuildFile; fileRef = C8D0525C10EE904F2F5523DA /* SupportPurchasesView.swift */; };
		25B6F6D85173FD2DA15BDA67 /* ClambhookShared in Frameworks */ = {isa = PBXBuildFile; productRef = E28DD20CC4C8CA4C959EBDA4 /* ClambhookShared */; };
		268981E5A647A406B2EC65F8 /* ClambhookShared in Frameworks */ = {isa = PBXBuildFile; productRef = 7D88E65376152E226DA593DD /* ClambhookShared */; };
		29EAA0DE453CCB3E245CA0C4 /* StoreKitEntitlementManager.swift in Sources */ = {isa = PBXBuildFile; fileRef = 7DF297B3EF8801A24F5E1FBE /* StoreKitEntitlementManager.swift */; };
		2F934360F534A4AA15AA9630 /* LicenseValidationClient.swift in Sources */ = {isa = PBXBuildFile; fileRef = 070CA8C30ACAF4B3CD0763EE /* LicenseValidationClient.swift */; };
		3792B993B246938C4220AC8D /* clambhook in CopyFiles */ = {isa = PBXBuildFile; fileRef = A94F492377279C40EF5D0E2D /* clambhook */; };
		3B1AEF48F2085F24D45275D2 /* DashboardViews.swift in Sources */ = {isa = PBXBuildFile; fileRef = E5D820AE96C5A0080AA5CF1F /* DashboardViews.swift */; };
		3C6BECDDFC169FDC9752E7E8 /* SettingsViews.swift in Sources */ = {isa = PBXBuildFile; fileRef = 11D3A8B6CD3A6119053C8908 /* SettingsViews.swift */; };
		3D5A142E8942DA836F15A989 /* ClambhookMacWidgetExtension.appex in Embed Foundation Extensions */ = {isa = PBXBuildFile; fileRef = 9A9A34557D90A7B2D48D34A7 /* ClambhookMacWidgetExtension.appex */; settings = {ATTRIBUTES = (RemoveHeadersOnCopy, ); }; };
		3F66FD26F33A8017C4D60A10 /* AppleAppModel.swift in Sources */ = {isa = PBXBuildFile; fileRef = 0F26A7314DC7A26F275AB285 /* AppleAppModel.swift */; };
		45A80E689F43632BAAA799B0 /* SupportPurchasesView.swift in Sources */ = {isa = PBXBuildFile; fileRef = C8D0525C10EE904F2F5523DA /* SupportPurchasesView.swift */; };
		477C225F1E4F0BF6609C98F3 /* StoreKitEntitlementManager.swift in Sources */ = {isa = PBXBuildFile; fileRef = 7DF297B3EF8801A24F5E1FBE /* StoreKitEntitlementManager.swift */; };
		47C24BD8355FAEB8A5F4BA81 /* IOSTunnelController.swift in Sources */ = {isa = PBXBuildFile; fileRef = C796A563F604DA4F32123737 /* IOSTunnelController.swift */; };
		49F0380E1F53437DFA6C040B /* IOSRootView.swift in Sources */ = {isa = PBXBuildFile; fileRef = DFEDFA8D75241DDF56ABCB3F /* IOSRootView.swift */; };
		518777F562CBD72CCE4A4BF7 /* IOSTunnelController.swift in Sources */ = {isa = PBXBuildFile; fileRef = C796A563F604DA4F32123737 /* IOSTunnelController.swift */; };
		52AEEB24EDE8315C63817195 /* TVRootView.swift in Sources */ = {isa = PBXBuildFile; fileRef = DC493E66B108DC7C1A44F319 /* TVRootView.swift */; };
		55EB0B85AE3ECF0FD4819B8B /* ClambhookShared in Frameworks */ = {isa = PBXBuildFile; productRef = B64D35EC77B9F6E4644D12DE /* ClambhookShared */; };
		591061674835E9B22E696123 /* MacMenuBarView.swift in Sources */ = {isa = PBXBuildFile; fileRef = 8B7ECD0E4E9DE7440023C997 /* MacMenuBarView.swift */; };
		594278005EF074FEF1E35DB7 /* ClambhookShared in Frameworks */ = {isa = PBXBuildFile; productRef = C7B7C984BC02B851D35ED2B8 /* ClambhookShared */; };
		5970F28A701C2A81B6DA3FAD /* IOSRulesView.swift in Sources */ = {isa = PBXBuildFile; fileRef = 183D6DAAE16811A1E782EF8D /* IOSRulesView.swift */; };
		5DB2155ED8081D6C22C0BCD5 /* IOSOverviewView.swift in Sources */ = {isa = PBXBuildFile; fileRef = 6DD8C81B5516A352C3F1E355 /* IOSOverviewView.swift */; };
		5FBDEF6678208A552373AD41 /* AppleAppModel.swift in Sources */ = {isa = PBXBuildFile; fileRef = 0F26A7314DC7A26F275AB285 /* AppleAppModel.swift */; };
		6183FA022C89FAA4A9A4A8E5 /* LicenseValidationClient.swift in Sources */ = {isa = PBXBuildFile; fileRef = 070CA8C30ACAF4B3CD0763EE /* LicenseValidationClient.swift */; };
		6992E6780CB1A72B26BDC8B9 /* ClambhookMobile.xcframework in Frameworks */ = {isa = PBXBuildFile; fileRef = 12F5B3C049819652D51B60F7 /* ClambhookMobile.xcframework */; };
		751082522AE94AEC0132939B /* ClambhookVisionApp.swift in Sources */ = {isa = PBXBuildFile; fileRef = DDDB54D167062A1D34DD23E1 /* ClambhookVisionApp.swift */; };
		75A5F3A42D0B3DD6CDDC363C /* DashboardViews.swift in Sources */ = {isa = PBXBuildFile; fileRef = E5D820AE96C5A0080AA5CF1F /* DashboardViews.swift */; };
		796E1CFB4C4751AEF5C1F502 /* VisionNetworkMapScene.swift in Sources */ = {isa = PBXBuildFile; fileRef = C34298B9F0C4CFA97FFDC543 /* VisionNetworkMapScene.swift */; };
		7FE42D8980A90B0A5D2D86B0 /* ClambhookiOSWidgetExtension.appex in Embed Foundation Extensions */ = {isa = PBXBuildFile; fileRef = F7B47D7978184FBFC7AD27D2 /* ClambhookiOSWidgetExtension.appex */; settings = {ATTRIBUTES = (RemoveHeadersOnCopy, ); }; };
		826D48ECADFCEB81C8B1E5B0 /* ClambhookTVApp.swift in Sources */ = {isa = PBXBuildFile; fileRef = 59F1F1688CAC6D440B594C00 /* ClambhookTVApp.swift */; };
		827B70F31D27A1CF0978E40E /* IOSProfilesView.swift in Sources */ = {isa = PBXBuildFile; fileRef = DEE96F423A4757F386C66843 /* IOSProfilesView.swift */; };
		843EC58434DD9B6257CF4882 /* ClambhookIOSApp.swift in Sources */ = {isa = PBXBuildFile; fileRef = 27D701BE1DB83578C6553267 /* ClambhookIOSApp.swift */; };
		8A37F33697555110135B8D8A /* IOSDashboardComponents.swift in Sources */ = {isa = PBXBuildFile; fileRef = 8991E030330B6AD4F39E430B /* IOSDashboardComponents.swift */; };
		8E81D25574A1AD46A5BE2B0A /* IOSServersView.swift in Sources */ = {isa = PBXBuildFile; fileRef = 3053BEE019F86E16C70EC344 /* IOSServersView.swift */; };
		93F2B4DE69CB33046554B52F /* SupportPurchasesView.swift in Sources */ = {isa = PBXBuildFile; fileRef = C8D0525C10EE904F2F5523DA /* SupportPurchasesView.swift */; };
		9F6E0B313438BD3A6FCC94EB /* PacketTunnelProvider.swift in Sources */ = {isa = PBXBuildFile; fileRef = 2786E765739825A20569D217 /* PacketTunnelProvider.swift */; };
		A116346A6F960E9B929684AF /* DashboardViews.swift in Sources */ = {isa = PBXBuildFile; fileRef = E5D820AE96C5A0080AA5CF1F /* DashboardViews.swift */; };
		A97BED521B489DE2AEB14292 /* LicenseValidationClient.swift in Sources */ = {isa = PBXBuildFile; fileRef = 070CA8C30ACAF4B3CD0763EE /* LicenseValidationClient.swift */; };
		B475DA7475774C612196274A /* IOSTunnelController.swift in Sources */ = {isa = PBXBuildFile; fileRef = C796A563F604DA4F32123737 /* IOSTunnelController.swift */; };
		B6415B0956578D75A1C9E598 /* ClambhookWidgetBundle.swift in Sources */ = {isa = PBXBuildFile; fileRef = 8E7E93A4404814358F6C95DB /* ClambhookWidgetBundle.swift */; };
		B952500F45025057FD75AF8F /* ClambhookShared in Frameworks */ = {isa = PBXBuildFile; productRef = 48337C859420DB44E2246DD0 /* ClambhookShared */; };
		BDD828914D59CAC3CF369D51 /* IOSQRCodeScannerView.swift in Sources */ = {isa = PBXBuildFile; fileRef = 1F8F935BB37F72C3A4E8E473 /* IOSQRCodeScannerView.swift */; };
		C785B03E1F90EEE06E88309D /* AppleAppModel.swift in Sources */ = {isa = PBXBuildFile; fileRef = 0F26A7314DC7A26F275AB285 /* AppleAppModel.swift */; };
		C81F377D8DBD88BBFAD5D8C4 /* IOSOnboardingView.swift in Sources */ = {isa = PBXBuildFile; fileRef = 58D7CB0093B99DCD8627031D /* IOSOnboardingView.swift */; };
		CC0CF0A287AC0E53A37374A7 /* SupportPurchasesView.swift in Sources */ = {isa = PBXBuildFile; fileRef = C8D0525C10EE904F2F5523DA /* SupportPurchasesView.swift */; };
		CD678728E23EB80BCC915957 /* ClambhookWidgetBundle.swift in Sources */ = {isa = PBXBuildFile; fileRef = 8E7E93A4404814358F6C95DB /* ClambhookWidgetBundle.swift */; };
		CFCCC4198754EEF5353DF9EA /* SettingsViews.swift in Sources */ = {isa = PBXBuildFile; fileRef = 11D3A8B6CD3A6119053C8908 /* SettingsViews.swift */; };
		E20BEBC7404594F87E09BDF7 /* SettingsViews.swift in Sources */ = {isa = PBXBuildFile; fileRef = 11D3A8B6CD3A6119053C8908 /* SettingsViews.swift */; };
		E3AC92B579EB3A66A59300D5 /* ClambhookMobile.xcframework in Frameworks */ = {isa = PBXBuildFile; fileRef = 12F5B3C049819652D51B60F7 /* ClambhookMobile.xcframework */; };
		F109B7EA31BAC151B174E2FE /* StoreKitEntitlementManager.swift in Sources */ = {isa = PBXBuildFile; fileRef = 7DF297B3EF8801A24F5E1FBE /* StoreKitEntitlementManager.swift */; };
		F5B36F92C5E64E0E9D151A12 /* SettingsViews.swift in Sources */ = {isa = PBXBuildFile; fileRef = 11D3A8B6CD3A6119053C8908 /* SettingsViews.swift */; };
		F661F1DFCEA4AEC664607E3A /* ClambhookShared in Frameworks */ = {isa = PBXBuildFile; productRef = 486535E4136EE4440DE8CBCE /* ClambhookShared */; };
		F87E277DD4DAAE72743F3DA6 /* ClambhookShared in Frameworks */ = {isa = PBXBuildFile; productRef = 17ABE50C62B10E6EB5160225 /* ClambhookShared */; };
		FBFCE712E8587F9F09400640 /* ClambhookPacketTunnel.appex in Embed Foundation Extensions */ = {isa = PBXBuildFile; fileRef = 381D40C9B488F22288A2D561 /* ClambhookPacketTunnel.appex */; settings = {ATTRIBUTES = (RemoveHeadersOnCopy, ); }; };
		FC004F16DCBC687E8A34471D /* StoreKitEntitlementManager.swift in Sources */ = {isa = PBXBuildFile; fileRef = 7DF297B3EF8801A24F5E1FBE /* StoreKitEntitlementManager.swift */; };
		FC394BF11B1952AAD881101F /* IOSTunnelController.swift in Sources */ = {isa = PBXBuildFile; fileRef = C796A563F604DA4F32123737 /* IOSTunnelController.swift */; };
		FE4BEC9988380D6CB0B7B82A /* ClambhookMobile.xcframework in Frameworks */ = {isa = PBXBuildFile; fileRef = 12F5B3C049819652D51B60F7 /* ClambhookMobile.xcframework */; };
/* End PBXBuildFile section */

/* Begin PBXContainerItemProxy section */
		123F7F3584D4E270C91146BB /* PBXContainerItemProxy */ = {
			isa = PBXContainerItemProxy;
			containerPortal = 9BB94ED3BD88502A45DEF4D7 /* Project object */;
			proxyType = 1;
			remoteGlobalIDString = 41A94BC1E503BFF6BD544A2A;
			remoteInfo = ClambhookMacWidgetExtension;
		};
		F45531A4FA683AF3D3227937 /* PBXContainerItemProxy */ = {
			isa = PBXContainerItemProxy;
			containerPortal = 9BB94ED3BD88502A45DEF4D7 /* Project object */;
			proxyType = 1;
			remoteGlobalIDString = BB39F70D287EE0E378D5291A;
			remoteInfo = ClambhookPacketTunnel;
		};
		FE773B0EC200394FE3F1AEFE /* PBXContainerItemProxy */ = {
			isa = PBXContainerItemProxy;
			containerPortal = 9BB94ED3BD88502A45DEF4D7 /* Project object */;
			proxyType = 1;
			remoteGlobalIDString = EE8B395E60C508805D5185A7;
			remoteInfo = ClambhookiOSWidgetExtension;
		};
/* End PBXContainerItemProxy section */

/* Begin PBXCopyFilesBuildPhase section */
		36AFAE5EF2430FA123C20D94 /* CopyFiles */ = {
			isa = PBXCopyFilesBuildPhase;
			buildActionMask = 2147483647;
			dstPath = "";
			dstSubfolderSpec = 10;
			files = (
				069007F5D0A7675880D40F9B /* libsodium.26.dylib in CopyFiles */,
			);
			runOnlyForDeploymentPostprocessing = 0;
		};
		7B6E1AAB818CEE6AE73AF1B4 /* Embed Foundation Extensions */ = {
			isa = PBXCopyFilesBuildPhase;
			buildActionMask = 2147483647;
			dstPath = "";
			dstSubfolderSpec = 13;
			files = (
				FBFCE712E8587F9F09400640 /* ClambhookPacketTunnel.appex in Embed Foundation Extensions */,
				7FE42D8980A90B0A5D2D86B0 /* ClambhookiOSWidgetExtension.appex in Embed Foundation Extensions */,
			);
			name = "Embed Foundation Extensions";
			runOnlyForDeploymentPostprocessing = 0;
		};
		D7E3AF299B5F540FABE9AE87 /* CopyFiles */ = {
			isa = PBXCopyFilesBuildPhase;
			buildActionMask = 2147483647;
			dstPath = "";
			dstSubfolderSpec = 6;
			files = (
				3792B993B246938C4220AC8D /* clambhook in CopyFiles */,
			);
			runOnlyForDeploymentPostprocessing = 0;
		};
		FE85FA2A3FE9AD4565AA9F2F /* Embed Foundation Extensions */ = {
			isa = PBXCopyFilesBuildPhase;
			buildActionMask = 2147483647;
			dstPath = "";
			dstSubfolderSpec = 13;
			files = (
				3D5A142E8942DA836F15A989 /* ClambhookMacWidgetExtension.appex in Embed Foundation Extensions */,
			);
			name = "Embed Foundation Extensions";
			runOnlyForDeploymentPostprocessing = 0;
		};
/* End PBXCopyFilesBuildPhase section */

/* Begin PBXFileReference section */
		02A8B8AC40D9FACBCFC83187 /* ClambhookMacApp.swift */ = {isa = PBXFileReference; lastKnownFileType = sourcecode.swift; path = ClambhookMacApp.swift; sourceTree = "<group>"; };
		070CA8C30ACAF4B3CD0763EE /* LicenseValidationClient.swift */ = {isa = PBXFileReference; lastKnownFileType = sourcecode.swift; path = LicenseValidationClient.swift; sourceTree = "<group>"; };
		0A1CC5DD0620471B3CCA85A1 /* libsodium.26.dylib */ = {isa = PBXFileReference; lastKnownFileType = "compiled.mach-o.dylib"; path = libsodium.26.dylib; sourceTree = "<group>"; };
		0BFDFE052F0742168D946261 /* apple */ = {isa = PBXFileReference; lastKnownFileType = folder; name = apple; path = .; sourceTree = SOURCE_ROOT; };
		0F26A7314DC7A26F275AB285 /* AppleAppModel.swift */ = {isa = PBXFileReference; lastKnownFileType = sourcecode.swift; path = AppleAppModel.swift; sourceTree = "<group>"; };
		0F6319893EEF7EF443C9B98F /* ClambhookiOS.entitlements */ = {isa = PBXFileReference; lastKnownFileType = text.plist.entitlements; path = ClambhookiOS.entitlements; sourceTree = "<group>"; };
		11D3A8B6CD3A6119053C8908 /* SettingsViews.swift */ = {isa = PBXFileReference; lastKnownFileType = sourcecode.swift; path = SettingsViews.swift; sourceTree = "<group>"; };
		1291F45AF690B41C9544CF24 /* ClambhookProducts.storekit */ = {isa = PBXFileReference; path = ClambhookProducts.storekit; sourceTree = "<group>"; };
		12F5B3C049819652D51B60F7 /* ClambhookMobile.xcframework */ = {isa = PBXFileReference; lastKnownFileType = wrapper.xcframework; name = ClambhookMobile.xcframework; path = Frameworks/ClambhookMobile.xcframework; sourceTree = "<group>"; };
		16FA5C87D38D75F9587DD8A1 /* ClambhookTV.app */ = {isa = PBXFileReference; includeInIndex = 0; lastKnownFileType = wrapper.application; path = ClambhookTV.app; sourceTree = BUILT_PRODUCTS_DIR; };
		183D6DAAE16811A1E782EF8D /* IOSRulesView.swift */ = {isa = PBXFileReference; lastKnownFileType = sourcecode.swift; path = IOSRulesView.swift; sourceTree = "<group>"; };
		1B067640E07DD0E186D64487 /* ClambhookMacWidgetExtension.entitlements */ = {isa = PBXFileReference; lastKnownFileType = text.plist.entitlements; path = ClambhookMacWidgetExtension.entitlements; sourceTree = "<group>"; };
		1F8F935BB37F72C3A4E8E473 /* IOSQRCodeScannerView.swift */ = {isa = PBXFileReference; lastKnownFileType = sourcecode.swift; path = IOSQRCodeScannerView.swift; sourceTree = "<group>"; };
		22F84BCEFC14A14041740CB6 /* ClambhookVision.app */ = {isa = PBXFileReference; includeInIndex = 0; lastKnownFileType = wrapper.application; path = ClambhookVision.app; sourceTree = BUILT_PRODUCTS_DIR; };
		24D15BDA328B4ED0B2A65291 /* ClambhookMac.app */ = {isa = PBXFileReference; explicitFileType = wrapper.application; includeInIndex = 0; path = ClambhookMac.app; sourceTree = BUILT_PRODUCTS_DIR; };
		25BA7CB2A27B7FD25CFC4221 /* Info.plist */ = {isa = PBXFileReference; lastKnownFileType = text.plist; path = Info.plist; sourceTree = "<group>"; };
		2786E765739825A20569D217 /* PacketTunnelProvider.swift */ = {isa = PBXFileReference; lastKnownFileType = sourcecode.swift; path = PacketTunnelProvider.swift; sourceTree = "<group>"; };
		27D701BE1DB83578C6553267 /* ClambhookIOSApp.swift */ = {isa = PBXFileReference; lastKnownFileType = sourcecode.swift; path = ClambhookIOSApp.swift; sourceTree = "<group>"; };
		3053BEE019F86E16C70EC344 /* IOSServersView.swift */ = {isa = PBXFileReference; lastKnownFileType = sourcecode.swift; path = IOSServersView.swift; sourceTree = "<group>"; };
		381D40C9B488F22288A2D561 /* ClambhookPacketTunnel.appex */ = {isa = PBXFileReference; includeInIndex = 0; lastKnownFileType = "wrapper.app-extension"; path = ClambhookPacketTunnel.appex; sourceTree = BUILT_PRODUCTS_DIR; };
		3B3B18FAD354E883C6E95B0D /* Info.plist */ = {isa = PBXFileReference; lastKnownFileType = text.plist; path = Info.plist; sourceTree = "<group>"; };
		44BB52914FF567D1A4EA9446 /* ClambhookiOSWidgetExtension.entitlements */ = {isa = PBXFileReference; lastKnownFileType = text.plist.entitlements; path = ClambhookiOSWidgetExtension.entitlements; sourceTree = "<group>"; };
		53AB218D42B1D8BC20F0158A /* Info.plist */ = {isa = PBXFileReference; lastKnownFileType = text.plist; path = Info.plist; sourceTree = "<group>"; };
		58D7CB0093B99DCD8627031D /* IOSOnboardingView.swift */ = {isa = PBXFileReference; lastKnownFileType = sourcecode.swift; path = IOSOnboardingView.swift; sourceTree = "<group>"; };
		59F1F1688CAC6D440B594C00 /* ClambhookTVApp.swift */ = {isa = PBXFileReference; lastKnownFileType = sourcecode.swift; path = ClambhookTVApp.swift; sourceTree = "<group>"; };
		60CD6FD2940A90C4362F5B00 /* Info.plist */ = {isa = PBXFileReference; lastKnownFileType = text.plist; path = Info.plist; sourceTree = "<group>"; };
		6DD8C81B5516A352C3F1E355 /* IOSOverviewView.swift */ = {isa = PBXFileReference; lastKnownFileType = sourcecode.swift; path = IOSOverviewView.swift; sourceTree = "<group>"; };
		71619AA1E2C9424F8D0CAE82 /* Assets.xcassets */ = {isa = PBXFileReference; lastKnownFileType = folder.assetcatalog; path = Assets.xcassets; sourceTree = "<group>"; };
		752B77E9507F4674BBA0E4D8 /* DaemonSupervisor.swift */ = {isa = PBXFileReference; lastKnownFileType = sourcecode.swift; path = DaemonSupervisor.swift; sourceTree = "<group>"; };
		7DF297B3EF8801A24F5E1FBE /* StoreKitEntitlementManager.swift */ = {isa = PBXFileReference; lastKnownFileType = sourcecode.swift; path = StoreKitEntitlementManager.swift; sourceTree = "<group>"; };
		8991E030330B6AD4F39E430B /* IOSDashboardComponents.swift */ = {isa = PBXFileReference; lastKnownFileType = sourcecode.swift; path = IOSDashboardComponents.swift; sourceTree = "<group>"; };
		8B7ECD0E4E9DE7440023C997 /* MacMenuBarView.swift */ = {isa = PBXFileReference; lastKnownFileType = sourcecode.swift; path = MacMenuBarView.swift; sourceTree = "<group>"; };
		8C0F701E4D02A594C2F5744B /* ClambhookPacketTunnel.entitlements */ = {isa = PBXFileReference; lastKnownFileType = text.plist.entitlements; path = ClambhookPacketTunnel.entitlements; sourceTree = "<group>"; };
		8E7E93A4404814358F6C95DB /* ClambhookWidgetBundle.swift */ = {isa = PBXFileReference; lastKnownFileType = sourcecode.swift; path = ClambhookWidgetBundle.swift; sourceTree = "<group>"; };
		8F32595BC328927A695355CA /* IOSHTTPCaptureView.swift */ = {isa = PBXFileReference; lastKnownFileType = sourcecode.swift; path = IOSHTTPCaptureView.swift; sourceTree = "<group>"; };
		903292C941E24F9681AB680C /* Info.plist */ = {isa = PBXFileReference; lastKnownFileType = text.plist; path = Info.plist; sourceTree = "<group>"; };
		962836E5FF857FC15720D328 /* ClambhookVision.entitlements */ = {isa = PBXFileReference; lastKnownFileType = text.plist.entitlements; path = ClambhookVision.entitlements; sourceTree = "<group>"; };
		9A9A34557D90A7B2D48D34A7 /* ClambhookMacWidgetExtension.appex */ = {isa = PBXFileReference; explicitFileType = "wrapper.app-extension"; includeInIndex = 0; path = ClambhookMacWidgetExtension.appex; sourceTree = BUILT_PRODUCTS_DIR; };
		A94F492377279C40EF5D0E2D /* clambhook */ = {isa = PBXFileReference; path = clambhook; sourceTree = "<group>"; };
		B1CF51F1CEED770CC79EBC8C /* ClambhookMac.entitlements */ = {isa = PBXFileReference; lastKnownFileType = text.plist.entitlements; path = ClambhookMac.entitlements; sourceTree = "<group>"; };
		B79D4C19242D8E6E95224A77 /* Info.plist */ = {isa = PBXFileReference; lastKnownFileType = text.plist; path = Info.plist; sourceTree = "<group>"; };
		C34298B9F0C4CFA97FFDC543 /* VisionNetworkMapScene.swift */ = {isa = PBXFileReference; lastKnownFileType = sourcecode.swift; path = VisionNetworkMapScene.swift; sourceTree = "<group>"; };
		C41B5BD68DC94459F86ACC58 /* ClambhookiOS.app */ = {isa = PBXFileReference; includeInIndex = 0; lastKnownFileType = wrapper.application; path = ClambhookiOS.app; sourceTree = BUILT_PRODUCTS_DIR; };
		C796A563F604DA4F32123737 /* IOSTunnelController.swift */ = {isa = PBXFileReference; lastKnownFileType = sourcecode.swift; path = IOSTunnelController.swift; sourceTree = "<group>"; };
		C8D0525C10EE904F2F5523DA /* SupportPurchasesView.swift */ = {isa = PBXFileReference; lastKnownFileType = sourcecode.swift; path = SupportPurchasesView.swift; sourceTree = "<group>"; };
		DC493E66B108DC7C1A44F319 /* TVRootView.swift */ = {isa = PBXFileReference; lastKnownFileType = sourcecode.swift; path = TVRootView.swift; sourceTree = "<group>"; };
		DDDB54D167062A1D34DD23E1 /* ClambhookVisionApp.swift */ = {isa = PBXFileReference; lastKnownFileType = sourcecode.swift; path = ClambhookVisionApp.swift; sourceTree = "<group>"; };
		DEE96F423A4757F386C66843 /* IOSProfilesView.swift */ = {isa = PBXFileReference; lastKnownFileType = sourcecode.swift; path = IOSProfilesView.swift; sourceTree = "<group>"; };
		DFEDFA8D75241DDF56ABCB3F /* IOSRootView.swift */ = {isa = PBXFileReference; lastKnownFileType = sourcecode.swift; path = IOSRootView.swift; sourceTree = "<group>"; };
		E0B72BED6576EF183CAD2854 /* ClambhookDaemon.entitlements */ = {isa = PBXFileReference; lastKnownFileType = text.plist.entitlements; path = ClambhookDaemon.entitlements; sourceTree = "<group>"; };
		E5D820AE96C5A0080AA5CF1F /* DashboardViews.swift */ = {isa = PBXFileReference; lastKnownFileType = sourcecode.swift; path = DashboardViews.swift; sourceTree = "<group>"; };
		F1D94DD2566D74A95CE20D84 /* IOSTrafficMonitorView.swift */ = {isa = PBXFileReference; lastKnownFileType = sourcecode.swift; path = IOSTrafficMonitorView.swift; sourceTree = "<group>"; };
		F7B47D7978184FBFC7AD27D2 /* ClambhookiOSWidgetExtension.appex */ = {isa = PBXFileReference; includeInIndex = 0; lastKnownFileType = "wrapper.app-extension"; path = ClambhookiOSWidgetExtension.appex; sourceTree = BUILT_PRODUCTS_DIR; };
		FB084852D105E104FA1A2C08 /* VisionRootView.swift */ = {isa = PBXFileReference; lastKnownFileType = sourcecode.swift; path = VisionRootView.swift; sourceTree = "<group>"; };
/* End PBXFileReference section */

/* Begin PBXFrameworksBuildPhase section */
		1081D22A228D1505364BAAB0 /* Frameworks */ = {
			isa = PBXFrameworksBuildPhase;
			buildActionMask = 2147483647;
			files = (
				F87E277DD4DAAE72743F3DA6 /* ClambhookShared in Frameworks */,
			);
			runOnlyForDeploymentPostprocessing = 0;
		};
		3837F21DADD6C7F4625C7404 /* Frameworks */ = {
			isa = PBXFrameworksBuildPhase;
			buildActionMask = 2147483647;
			files = (
				B952500F45025057FD75AF8F /* ClambhookShared in Frameworks */,
			);
			runOnlyForDeploymentPostprocessing = 0;
		};
		3C88CE3CE3F2D1225FFC0094 /* Frameworks */ = {
			isa = PBXFrameworksBuildPhase;
			buildActionMask = 2147483647;
			files = (
				25B6F6D85173FD2DA15BDA67 /* ClambhookShared in Frameworks */,
			);
			runOnlyForDeploymentPostprocessing = 0;
		};
		5C589E98FF3C0A1AA777D45C /* Frameworks */ = {
			isa = PBXFrameworksBuildPhase;
			buildActionMask = 2147483647;
			files = (
				268981E5A647A406B2EC65F8 /* ClambhookShared in Frameworks */,
				E3AC92B579EB3A66A59300D5 /* ClambhookMobile.xcframework in Frameworks */,
			);
			runOnlyForDeploymentPostprocessing = 0;
		};
		9849F354B7C4E0112343E6E9 /* Frameworks */ = {
			isa = PBXFrameworksBuildPhase;
			buildActionMask = 2147483647;
			files = (
				594278005EF074FEF1E35DB7 /* ClambhookShared in Frameworks */,
				6992E6780CB1A72B26BDC8B9 /* ClambhookMobile.xcframework in Frameworks */,
			);
			runOnlyForDeploymentPostprocessing = 0;
		};
		C7C8B2B3634541D0568113BD /* Frameworks */ = {
			isa = PBXFrameworksBuildPhase;
			buildActionMask = 2147483647;
			files = (
				F661F1DFCEA4AEC664607E3A /* ClambhookShared in Frameworks */,
				FE4BEC9988380D6CB0B7B82A /* ClambhookMobile.xcframework in Frameworks */,
			);
			runOnlyForDeploymentPostprocessing = 0;
		};
		D93359100F7A4D3ABF061755 /* Frameworks */ = {
			isa = PBXFrameworksBuildPhase;
			buildActionMask = 2147483647;
			files = (
				55EB0B85AE3ECF0FD4819B8B /* ClambhookShared in Frameworks */,
			);
			runOnlyForDeploymentPostprocessing = 0;
		};
/* End PBXFrameworksBuildPhase section */

/* Begin PBXGroup section */
		02DBE71539B0AF31E3C21C10 /* ClambhookMac */ = {
			isa = PBXGroup;
			children = (
				E0B72BED6576EF183CAD2854 /* ClambhookDaemon.entitlements */,
				B1CF51F1CEED770CC79EBC8C /* ClambhookMac.entitlements */,
				02A8B8AC40D9FACBCFC83187 /* ClambhookMacApp.swift */,
				752B77E9507F4674BBA0E4D8 /* DaemonSupervisor.swift */,
				B79D4C19242D8E6E95224A77 /* Info.plist */,
				8B7ECD0E4E9DE7440023C997 /* MacMenuBarView.swift */,
			);
			path = ClambhookMac;
			sourceTree = "<group>";
		};
		53510433E44BD790460FB276 /* ClambhookVision */ = {
			isa = PBXGroup;
			children = (
				962836E5FF857FC15720D328 /* ClambhookVision.entitlements */,
				DDDB54D167062A1D34DD23E1 /* ClambhookVisionApp.swift */,
				60CD6FD2940A90C4362F5B00 /* Info.plist */,
				C34298B9F0C4CFA97FFDC543 /* VisionNetworkMapScene.swift */,
				FB084852D105E104FA1A2C08 /* VisionRootView.swift */,
			);
			path = ClambhookVision;
			sourceTree = "<group>";
		};
		59ABEB4A771C084251258632 /* ClambhookPacketTunnel */ = {
			isa = PBXGroup;
			children = (
				8C0F701E4D02A594C2F5744B /* ClambhookPacketTunnel.entitlements */,
				3B3B18FAD354E883C6E95B0D /* Info.plist */,
				2786E765739825A20569D217 /* PacketTunnelProvider.swift */,
			);
			path = ClambhookPacketTunnel;
			sourceTree = "<group>";
		};
		5C1DC0CFBC1B62A3EC95563E /* ClambhookWidgets */ = {
			isa = PBXGroup;
			children = (
				44BB52914FF567D1A4EA9446 /* ClambhookiOSWidgetExtension.entitlements */,
				1B067640E07DD0E186D64487 /* ClambhookMacWidgetExtension.entitlements */,
				8E7E93A4404814358F6C95DB /* ClambhookWidgetBundle.swift */,
				903292C941E24F9681AB680C /* Info.plist */,
			);
			path = ClambhookWidgets;
			sourceTree = "<group>";
		};
		700E42F47FDF5AB645B28B09 /* Packages */ = {
			isa = PBXGroup;
			children = (
				0BFDFE052F0742168D946261 /* apple */,
			);
			name = Packages;
			sourceTree = "<group>";
		};
		76937B35C0688E107FFABAB2 /* Products */ = {
			isa = PBXGroup;
			children = (
				C41B5BD68DC94459F86ACC58 /* ClambhookiOS.app */,
				F7B47D7978184FBFC7AD27D2 /* ClambhookiOSWidgetExtension.appex */,
				24D15BDA328B4ED0B2A65291 /* ClambhookMac.app */,
				9A9A34557D90A7B2D48D34A7 /* ClambhookMacWidgetExtension.appex */,
				381D40C9B488F22288A2D561 /* ClambhookPacketTunnel.appex */,
				16FA5C87D38D75F9587DD8A1 /* ClambhookTV.app */,
				22F84BCEFC14A14041740CB6 /* ClambhookVision.app */,
			);
			name = Products;
			sourceTree = "<group>";
		};
		89770E96EAB9F6FBEC965742 /* clambhook */ = {
			isa = PBXGroup;
			children = (
				AF3797D4DE3145C994E04B12 /* bin */,
			);
			name = clambhook;
			path = ../..;
			sourceTree = "<group>";
		};
		AF3797D4DE3145C994E04B12 /* bin */ = {
			isa = PBXGroup;
			children = (
				A94F492377279C40EF5D0E2D /* clambhook */,
				0A1CC5DD0620471B3CCA85A1 /* libsodium.26.dylib */,
			);
			path = bin;
			sourceTree = "<group>";
		};
		B196521C20887C13E8C42C7E /* Frameworks */ = {
			isa = PBXGroup;
			children = (
				12F5B3C049819652D51B60F7 /* ClambhookMobile.xcframework */,
			);
			name = Frameworks;
			sourceTree = "<group>";
		};
		E99574CBEE7F120459AD262C = {
			isa = PBXGroup;
			children = (
				71619AA1E2C9424F8D0CAE82 /* Assets.xcassets */,
				1291F45AF690B41C9544CF24 /* ClambhookProducts.storekit */,
				89770E96EAB9F6FBEC965742 /* clambhook */,
				F670A4FD48B43D5BE64B217F /* ClambhookiOS */,
				02DBE71539B0AF31E3C21C10 /* ClambhookMac */,
				59ABEB4A771C084251258632 /* ClambhookPacketTunnel */,
				FDE2910D353371D3FD34F6E3 /* ClambhookTV */,
				53510433E44BD790460FB276 /* ClambhookVision */,
				5C1DC0CFBC1B62A3EC95563E /* ClambhookWidgets */,
				700E42F47FDF5AB645B28B09 /* Packages */,
				F9220CB88CF8F43786FC0695 /* SharedApp */,
				B196521C20887C13E8C42C7E /* Frameworks */,
				76937B35C0688E107FFABAB2 /* Products */,
			);
			sourceTree = "<group>";
		};
		F670A4FD48B43D5BE64B217F /* ClambhookiOS */ = {
			isa = PBXGroup;
			children = (
				0F6319893EEF7EF443C9B98F /* ClambhookiOS.entitlements */,
				27D701BE1DB83578C6553267 /* ClambhookIOSApp.swift */,
				25BA7CB2A27B7FD25CFC4221 /* Info.plist */,
				8991E030330B6AD4F39E430B /* IOSDashboardComponents.swift */,
				8F32595BC328927A695355CA /* IOSHTTPCaptureView.swift */,
				58D7CB0093B99DCD8627031D /* IOSOnboardingView.swift */,
				6DD8C81B5516A352C3F1E355 /* IOSOverviewView.swift */,
				DEE96F423A4757F386C66843 /* IOSProfilesView.swift */,
				1F8F935BB37F72C3A4E8E473 /* IOSQRCodeScannerView.swift */,
				DFEDFA8D75241DDF56ABCB3F /* IOSRootView.swift */,
				183D6DAAE16811A1E782EF8D /* IOSRulesView.swift */,
				3053BEE019F86E16C70EC344 /* IOSServersView.swift */,
				F1D94DD2566D74A95CE20D84 /* IOSTrafficMonitorView.swift */,
			);
			path = ClambhookiOS;
			sourceTree = "<group>";
		};
		F9220CB88CF8F43786FC0695 /* SharedApp */ = {
			isa = PBXGroup;
			children = (
				0F26A7314DC7A26F275AB285 /* AppleAppModel.swift */,
				E5D820AE96C5A0080AA5CF1F /* DashboardViews.swift */,
				C796A563F604DA4F32123737 /* IOSTunnelController.swift */,
				070CA8C30ACAF4B3CD0763EE /* LicenseValidationClient.swift */,
				11D3A8B6CD3A6119053C8908 /* SettingsViews.swift */,
				7DF297B3EF8801A24F5E1FBE /* StoreKitEntitlementManager.swift */,
				C8D0525C10EE904F2F5523DA /* SupportPurchasesView.swift */,
			);
			path = SharedApp;
			sourceTree = "<group>";
		};
		FDE2910D353371D3FD34F6E3 /* ClambhookTV */ = {
			isa = PBXGroup;
			children = (
				59F1F1688CAC6D440B594C00 /* ClambhookTVApp.swift */,
				53AB218D42B1D8BC20F0158A /* Info.plist */,
				DC493E66B108DC7C1A44F319 /* TVRootView.swift */,
			);
			path = ClambhookTV;
			sourceTree = "<group>";
		};
/* End PBXGroup section */

/* Begin PBXNativeTarget section */
		04F6C6CEBBA59499FBD06EEF /* ClambhookMac */ = {
			isa = PBXNativeTarget;
			buildConfigurationList = 53ACA6520DB72ED06D3484A6 /* Build configuration list for PBXNativeTarget "ClambhookMac" */;
			buildPhases = (
				25C91D328A1B73FF14F96FB9 /* Sources */,
				36AFAE5EF2430FA123C20D94 /* CopyFiles */,
				D7E3AF299B5F540FABE9AE87 /* CopyFiles */,
				D93359100F7A4D3ABF061755 /* Frameworks */,
				FE85FA2A3FE9AD4565AA9F2F /* Embed Foundation Extensions */,
			);
			buildRules = (
			);
			dependencies = (
				6DA1BF261E5033BE58330F14 /* PBXTargetDependency */,
			);
			name = ClambhookMac;
			packageProductDependencies = (
				B64D35EC77B9F6E4644D12DE /* ClambhookShared */,
			);
			productName = ClambhookMac;
			productReference = 24D15BDA328B4ED0B2A65291 /* ClambhookMac.app */;
			productType = "com.apple.product-type.application";
		};
		088461658E40F91573E4319B /* ClambhookVision */ = {
			isa = PBXNativeTarget;
			buildConfigurationList = A1C79D77F62A509D8D817B85 /* Build configuration list for PBXNativeTarget "ClambhookVision" */;
			buildPhases = (
				F72AFC7DA7CA88ACF4DB399E /* Sources */,
				1081D22A228D1505364BAAB0 /* Frameworks */,
			);
			buildRules = (
			);
			dependencies = (
			);
			name = ClambhookVision;
			packageProductDependencies = (
				17ABE50C62B10E6EB5160225 /* ClambhookShared */,
			);
			productName = ClambhookVision;
			productReference = 22F84BCEFC14A14041740CB6 /* ClambhookVision.app */;
			productType = "com.apple.product-type.application";
		};
		41A94BC1E503BFF6BD544A2A /* ClambhookMacWidgetExtension */ = {
			isa = PBXNativeTarget;
			buildConfigurationList = 0FFC22BDCE01FE175D717EEA /* Build configuration list for PBXNativeTarget "ClambhookMacWidgetExtension" */;
			buildPhases = (
				5125046087E45A579268A447 /* Sources */,
				3C88CE3CE3F2D1225FFC0094 /* Frameworks */,
			);
			buildRules = (
			);
			dependencies = (
			);
			name = ClambhookMacWidgetExtension;
			packageProductDependencies = (
				E28DD20CC4C8CA4C959EBDA4 /* ClambhookShared */,
			);
			productName = ClambhookMacWidgetExtension;
			productReference = 9A9A34557D90A7B2D48D34A7 /* ClambhookMacWidgetExtension.appex */;
			productType = "com.apple.product-type.app-extension";
		};
		8F93668C843D8BB7C82378E3 /* ClambhookTV */ = {
			isa = PBXNativeTarget;
			buildConfigurationList = 0943C03C35D7CAE352D4BAC2 /* Build configuration list for PBXNativeTarget "ClambhookTV" */;
			buildPhases = (
				8469362C83B5926DF0E0E29C /* Sources */,
				3837F21DADD6C7F4625C7404 /* Frameworks */,
			);
			buildRules = (
			);
			dependencies = (
			);
			name = ClambhookTV;
			packageProductDependencies = (
				48337C859420DB44E2246DD0 /* ClambhookShared */,
			);
			productName = ClambhookTV;
			productReference = 16FA5C87D38D75F9587DD8A1 /* ClambhookTV.app */;
			productType = "com.apple.product-type.application";
		};
		BB39F70D287EE0E378D5291A /* ClambhookPacketTunnel */ = {
			isa = PBXNativeTarget;
			buildConfigurationList = 95F09F7F4294B048A0CCA06B /* Build configuration list for PBXNativeTarget "ClambhookPacketTunnel" */;
			buildPhases = (
				E4D076F7460555F1BB4A42EA /* Sources */,
				C7C8B2B3634541D0568113BD /* Frameworks */,
			);
			buildRules = (
			);
			dependencies = (
			);
			name = ClambhookPacketTunnel;
			packageProductDependencies = (
				486535E4136EE4440DE8CBCE /* ClambhookShared */,
			);
			productName = ClambhookPacketTunnel;
			productReference = 381D40C9B488F22288A2D561 /* ClambhookPacketTunnel.appex */;
			productType = "com.apple.product-type.app-extension";
		};
		C517E1157221601C0B043420 /* ClambhookiOS */ = {
			isa = PBXNativeTarget;
			buildConfigurationList = 5A1082AFD5ED07F4C73A1DD4 /* Build configuration list for PBXNativeTarget "ClambhookiOS" */;
			buildPhases = (
				2BA4BC53CF13F8B98BE075BB /* Sources */,
				E2862156BD3581B9798A72AE /* Resources */,
				9849F354B7C4E0112343E6E9 /* Frameworks */,
				7B6E1AAB818CEE6AE73AF1B4 /* Embed Foundation Extensions */,
			);
			buildRules = (
			);
			dependencies = (
				B4E3E54C4CCEE7C7C769CFA4 /* PBXTargetDependency */,
				EAC41656EA4306337E68902E /* PBXTargetDependency */,
			);
			name = ClambhookiOS;
			packageProductDependencies = (
				C7B7C984BC02B851D35ED2B8 /* ClambhookShared */,
			);
			productName = ClambhookiOS;
			productReference = C41B5BD68DC94459F86ACC58 /* ClambhookiOS.app */;
			productType = "com.apple.product-type.application";
		};
		EE8B395E60C508805D5185A7 /* ClambhookiOSWidgetExtension */ = {
			isa = PBXNativeTarget;
			buildConfigurationList = B5608042B66A772DD065BAF0 /* Build configuration list for PBXNativeTarget "ClambhookiOSWidgetExtension" */;
			buildPhases = (
				A2D1D491F1EB140F40DE6F18 /* Sources */,
				5C589E98FF3C0A1AA777D45C /* Frameworks */,
			);
			buildRules = (
			);
			dependencies = (
			);
			name = ClambhookiOSWidgetExtension;
			packageProductDependencies = (
				7D88E65376152E226DA593DD /* ClambhookShared */,
			);
			productName = ClambhookiOSWidgetExtension;
			productReference = F7B47D7978184FBFC7AD27D2 /* ClambhookiOSWidgetExtension.appex */;
			productType = "com.apple.product-type.app-extension";
		};
/* End PBXNativeTarget section */

/* Begin PBXProject section */
		9BB94ED3BD88502A45DEF4D7 /* Project object */ = {
			isa = PBXProject;
			attributes = {
				BuildIndependentTargetsInParallel = YES;
				LastUpgradeCheck = 1430;
				TargetAttributes = {
					04F6C6CEBBA59499FBD06EEF = {
						DevelopmentTeam = "";
						ProvisioningStyle = Automatic;
					};
					088461658E40F91573E4319B = {
						DevelopmentTeam = "";
						ProvisioningStyle = Automatic;
					};
					41A94BC1E503BFF6BD544A2A = {
						DevelopmentTeam = "";
						ProvisioningStyle = Automatic;
					};
					8F93668C843D8BB7C82378E3 = {
						DevelopmentTeam = "";
						ProvisioningStyle = Automatic;
					};
					BB39F70D287EE0E378D5291A = {
						DevelopmentTeam = "";
						ProvisioningStyle = Automatic;
					};
					C517E1157221601C0B043420 = {
						DevelopmentTeam = "";
						ProvisioningStyle = Automatic;
					};
					EE8B395E60C508805D5185A7 = {
						DevelopmentTeam = "";
						ProvisioningStyle = Automatic;
					};
				};
			};
			buildConfigurationList = B3045AACBD32AAA22AEC7B06 /* Build configuration list for PBXProject "Clambhook" */;
			developmentRegion = en;
			hasScannedForEncodings = 0;
			knownRegions = (
				Base,
				en,
			);
			mainGroup = E99574CBEE7F120459AD262C;
			minimizedProjectReferenceProxies = 1;
			packageReferences = (
				F3C8F801E2C94AA950D3FCF1 /* XCLocalSwiftPackageReference "." */,
			);
			preferredProjectObjectVersion = 77;
			productRefGroup = 76937B35C0688E107FFABAB2 /* Products */;
			projectDirPath = "";
			projectRoot = "";
			targets = (
				04F6C6CEBBA59499FBD06EEF /* ClambhookMac */,
				41A94BC1E503BFF6BD544A2A /* ClambhookMacWidgetExtension */,
				BB39F70D287EE0E378D5291A /* ClambhookPacketTunnel */,
				8F93668C843D8BB7C82378E3 /* ClambhookTV */,
				088461658E40F91573E4319B /* ClambhookVision */,
				C517E1157221601C0B043420 /* ClambhookiOS */,
				EE8B395E60C508805D5185A7 /* ClambhookiOSWidgetExtension */,
			);
		};
/* End PBXProject section */

/* Begin PBXResourcesBuildPhase section */
		E2862156BD3581B9798A72AE /* Resources */ = {
			isa = PBXResourcesBuildPhase;
			buildActionMask = 2147483647;
			files = (
				03C961B215EC8EF6A66E6DD7 /* Assets.xcassets in Resources */,
			);
			runOnlyForDeploymentPostprocessing = 0;
		};
/* End PBXResourcesBuildPhase section */

/* Begin PBXSourcesBuildPhase section */
		25C91D328A1B73FF14F96FB9 /* Sources */ = {
			isa = PBXSourcesBuildPhase;
			buildActionMask = 2147483647;
			files = (
				3F66FD26F33A8017C4D60A10 /* AppleAppModel.swift in Sources */,
				095D479A2F5A1084BFB762D0 /* ClambhookMacApp.swift in Sources */,
				21058FE949E1058BD40B24BC /* DaemonSupervisor.swift in Sources */,
				3B1AEF48F2085F24D45275D2 /* DashboardViews.swift in Sources */,
				518777F562CBD72CCE4A4BF7 /* IOSTunnelController.swift in Sources */,
				2F934360F534A4AA15AA9630 /* LicenseValidationClient.swift in Sources */,
				591061674835E9B22E696123 /* MacMenuBarView.swift in Sources */,
				E20BEBC7404594F87E09BDF7 /* SettingsViews.swift in Sources */,
				F109B7EA31BAC151B174E2FE /* StoreKitEntitlementManager.swift in Sources */,
				CC0CF0A287AC0E53A37374A7 /* SupportPurchasesView.swift in Sources */,
			);
			runOnlyForDeploymentPostprocessing = 0;
		};
		2BA4BC53CF13F8B98BE075BB /* Sources */ = {
			isa = PBXSourcesBuildPhase;
			buildActionMask = 2147483647;
			files = (
				2196C410BFFDD770B024D762 /* AppleAppModel.swift in Sources */,
				843EC58434DD9B6257CF4882 /* ClambhookIOSApp.swift in Sources */,
				75A5F3A42D0B3DD6CDDC363C /* DashboardViews.swift in Sources */,
				8A37F33697555110135B8D8A /* IOSDashboardComponents.swift in Sources */,
				0160644C679581AF294E3747 /* IOSHTTPCaptureView.swift in Sources */,
				C81F377D8DBD88BBFAD5D8C4 /* IOSOnboardingView.swift in Sources */,
				5DB2155ED8081D6C22C0BCD5 /* IOSOverviewView.swift in Sources */,
				827B70F31D27A1CF0978E40E /* IOSProfilesView.swift in Sources */,
				BDD828914D59CAC3CF369D51 /* IOSQRCodeScannerView.swift in Sources */,
				49F0380E1F53437DFA6C040B /* IOSRootView.swift in Sources */,
				5970F28A701C2A81B6DA3FAD /* IOSRulesView.swift in Sources */,
				8E81D25574A1AD46A5BE2B0A /* IOSServersView.swift in Sources */,
				1BED84D526634AC010CE6F5F /* IOSTrafficMonitorView.swift in Sources */,
				FC394BF11B1952AAD881101F /* IOSTunnelController.swift in Sources */,
				A97BED521B489DE2AEB14292 /* LicenseValidationClient.swift in Sources */,
				CFCCC4198754EEF5353DF9EA /* SettingsViews.swift in Sources */,
				FC004F16DCBC687E8A34471D /* StoreKitEntitlementManager.swift in Sources */,
				45A80E689F43632BAAA799B0 /* SupportPurchasesView.swift in Sources */,
			);
			runOnlyForDeploymentPostprocessing = 0;
		};
		5125046087E45A579268A447 /* Sources */ = {
			isa = PBXSourcesBuildPhase;
			buildActionMask = 2147483647;
			files = (
				B6415B0956578D75A1C9E598 /* ClambhookWidgetBundle.swift in Sources */,
			);
			runOnlyForDeploymentPostprocessing = 0;
		};
		8469362C83B5926DF0E0E29C /* Sources */ = {
			isa = PBXSourcesBuildPhase;
			buildActionMask = 2147483647;
			files = (
				5FBDEF6678208A552373AD41 /* AppleAppModel.swift in Sources */,
				826D48ECADFCEB81C8B1E5B0 /* ClambhookTVApp.swift in Sources */,
				A116346A6F960E9B929684AF /* DashboardViews.swift in Sources */,
				B475DA7475774C612196274A /* IOSTunnelController.swift in Sources */,
				6183FA022C89FAA4A9A4A8E5 /* LicenseValidationClient.swift in Sources */,
				F5B36F92C5E64E0E9D151A12 /* SettingsViews.swift in Sources */,
				29EAA0DE453CCB3E245CA0C4 /* StoreKitEntitlementManager.swift in Sources */,
				93F2B4DE69CB33046554B52F /* SupportPurchasesView.swift in Sources */,
				52AEEB24EDE8315C63817195 /* TVRootView.swift in Sources */,
			);
			runOnlyForDeploymentPostprocessing = 0;
		};
		A2D1D491F1EB140F40DE6F18 /* Sources */ = {
			isa = PBXSourcesBuildPhase;
			buildActionMask = 2147483647;
			files = (
				CD678728E23EB80BCC915957 /* ClambhookWidgetBundle.swift in Sources */,
			);
			runOnlyForDeploymentPostprocessing = 0;
		};
		E4D076F7460555F1BB4A42EA /* Sources */ = {
			isa = PBXSourcesBuildPhase;
			buildActionMask = 2147483647;
			files = (
				9F6E0B313438BD3A6FCC94EB /* PacketTunnelProvider.swift in Sources */,
			);
			runOnlyForDeploymentPostprocessing = 0;
		};
		F72AFC7DA7CA88ACF4DB399E /* Sources */ = {
			isa = PBXSourcesBuildPhase;
			buildActionMask = 2147483647;
			files = (
				C785B03E1F90EEE06E88309D /* AppleAppModel.swift in Sources */,
				751082522AE94AEC0132939B /* ClambhookVisionApp.swift in Sources */,
				08E41EA0CC54ADA8C6AA6715 /* DashboardViews.swift in Sources */,
				47C24BD8355FAEB8A5F4BA81 /* IOSTunnelController.swift in Sources */,
				0B8680DA4E158B80FA64AD97 /* LicenseValidationClient.swift in Sources */,
				3C6BECDDFC169FDC9752E7E8 /* SettingsViews.swift in Sources */,
				477C225F1E4F0BF6609C98F3 /* StoreKitEntitlementManager.swift in Sources */,
				22E5858EF2C129AAA285716D /* SupportPurchasesView.swift in Sources */,
				796E1CFB4C4751AEF5C1F502 /* VisionNetworkMapScene.swift in Sources */,
				032EB9CFFF8103097D695F50 /* VisionRootView.swift in Sources */,
			);
			runOnlyForDeploymentPostprocessing = 0;
		};
/* End PBXSourcesBuildPhase section */

/* Begin PBXTargetDependency section */
		6DA1BF261E5033BE58330F14 /* PBXTargetDependency */ = {
			isa = PBXTargetDependency;
			target = 41A94BC1E503BFF6BD544A2A /* ClambhookMacWidgetExtension */;
			targetProxy = 123F7F3584D4E270C91146BB /* PBXContainerItemProxy */;
		};
		B4E3E54C4CCEE7C7C769CFA4 /* PBXTargetDependency */ = {
			isa = PBXTargetDependency;
			target = BB39F70D287EE0E378D5291A /* ClambhookPacketTunnel */;
			targetProxy = F45531A4FA683AF3D3227937 /* PBXContainerItemProxy */;
		};
		EAC41656EA4306337E68902E /* PBXTargetDependency */ = {
			isa = PBXTargetDependency;
			target = EE8B395E60C508805D5185A7 /* ClambhookiOSWidgetExtension */;
			targetProxy = FE773B0EC200394FE3F1AEFE /* PBXContainerItemProxy */;
		};
/* End PBXTargetDependency section */

/* Begin XCBuildConfiguration section */
		05A9009FF7757AD11BD2F3A2 /* Debug */ = {
			isa = XCBuildConfiguration;
			buildSettings = {
				APPLICATION_EXTENSION_API_ONLY = YES;
				CODE_SIGN_ENTITLEMENTS = ClambhookPacketTunnel/ClambhookPacketTunnel.entitlements;
				FRAMEWORK_SEARCH_PATHS = (
					"$(PROJECT_DIR)/Frameworks $(PROJECT_DIR)/Frameworks/**",
					"\"Frameworks\"",
				);
				INFOPLIST_FILE = ClambhookPacketTunnel/Info.plist;
				LD_RUNPATH_SEARCH_PATHS = (
					"$(inherited)",
					"@executable_path/Frameworks",
					"@executable_path/../../Frameworks",
				);
				PRODUCT_BUNDLE_IDENTIFIER = org.jpfchang.clambhook.tunnel;
				SDKROOT = iphoneos;
				SKIP_INSTALL = YES;
				TARGETED_DEVICE_FAMILY = "1,2";
			};
			name = Debug;
		};
		1A13FFFD287AC0FDF33CAD16 /* Debug */ = {
			isa = XCBuildConfiguration;
			buildSettings = {
				ASSETCATALOG_COMPILER_APPICON_NAME = AppIcon;
				CODE_SIGN_ENTITLEMENTS = ClambhookMac/ClambhookMac.entitlements;
				COMBINE_HIDPI_IMAGES = YES;
				ENABLE_APP_SANDBOX = YES;
				INFOPLIST_FILE = ClambhookMac/Info.plist;
				LD_RUNPATH_SEARCH_PATHS = (
					"$(inherited)",
					"@executable_path/../Frameworks",
				);
				PRODUCT_BUNDLE_IDENTIFIER = com.clambhook.mac;
				SDKROOT = macosx;
			};
			name = Debug;
		};
		32701D3D12C0A79D75D5D7A4 /* Debug */ = {
			isa = XCBuildConfiguration;
			buildSettings = {
				CODE_SIGN_ENTITLEMENTS = ClambhookWidgets/ClambhookMacWidgetExtension.entitlements;
				COMBINE_HIDPI_IMAGES = YES;
				ENABLE_APP_SANDBOX = YES;
				INFOPLIST_FILE = ClambhookWidgets/Info.plist;
				LD_RUNPATH_SEARCH_PATHS = (
					"$(inherited)",
					"@executable_path/../Frameworks",
					"@executable_path/../../../../Frameworks",
				);
				PRODUCT_BUNDLE_IDENTIFIER = com.clambhook.mac.widgets;
				SDKROOT = macosx;
				SKIP_INSTALL = YES;
			};
			name = Debug;
		};
		429E0AC0CAF48E76BE0E5D62 /* Release */ = {
			isa = XCBuildConfiguration;
			buildSettings = {
				ASSETCATALOG_COMPILER_APPICON_NAME = "App Icon & Top Shelf Image";
				ASSETCATALOG_COMPILER_LAUNCHIMAGE_NAME = LaunchImage;
				INFOPLIST_FILE = ClambhookTV/Info.plist;
				LD_RUNPATH_SEARCH_PATHS = (
					"$(inherited)",
					"@executable_path/Frameworks",
				);
				PRODUCT_BUNDLE_IDENTIFIER = com.clambhook.tv;
				SDKROOT = appletvos;
				TARGETED_DEVICE_FAMILY = 3;
			};
			name = Release;
		};
		42C5AC0EA755FBD580BCD002 /* Release */ = {
			isa = XCBuildConfiguration;
			buildSettings = {
				ALWAYS_SEARCH_USER_PATHS = NO;
				ARCHS = arm64;
				CLANG_ANALYZER_NONNULL = YES;
				CLANG_ANALYZER_NUMBER_OBJECT_CONVERSION = YES_AGGRESSIVE;
				CLANG_CXX_LANGUAGE_STANDARD = "gnu++14";
				CLANG_CXX_LIBRARY = "libc++";
				CLANG_ENABLE_MODULES = YES;
				CLANG_ENABLE_OBJC_ARC = YES;
				CLANG_ENABLE_OBJC_WEAK = YES;
				CLANG_WARN_BLOCK_CAPTURE_AUTORELEASING = YES;
				CLANG_WARN_BOOL_CONVERSION = YES;
				CLANG_WARN_COMMA = YES;
				CLANG_WARN_CONSTANT_CONVERSION = YES;
				CLANG_WARN_DEPRECATED_OBJC_IMPLEMENTATIONS = YES;
				CLANG_WARN_DIRECT_OBJC_ISA_USAGE = YES_ERROR;
				CLANG_WARN_DOCUMENTATION_COMMENTS = YES;
				CLANG_WARN_EMPTY_BODY = YES;
				CLANG_WARN_ENUM_CONVERSION = YES;
				CLANG_WARN_INFINITE_RECURSION = YES;
				CLANG_WARN_INT_CONVERSION = YES;
				CLANG_WARN_NON_LITERAL_NULL_CONVERSION = YES;
				CLANG_WARN_OBJC_IMPLICIT_RETAIN_SELF = YES;
				CLANG_WARN_OBJC_LITERAL_CONVERSION = YES;
				CLANG_WARN_OBJC_ROOT_CLASS = YES_ERROR;
				CLANG_WARN_QUOTED_INCLUDE_IN_FRAMEWORK_HEADER = YES;
				CLANG_WARN_RANGE_LOOP_ANALYSIS = YES;
				CLANG_WARN_STRICT_PROTOTYPES = YES;
				CLANG_WARN_SUSPICIOUS_MOVE = YES;
				CLANG_WARN_UNGUARDED_AVAILABILITY = YES_AGGRESSIVE;
				CLANG_WARN_UNREACHABLE_CODE = YES;
				CLANG_WARN__DUPLICATE_METHOD_MATCH = YES;
				CODE_SIGN_STYLE = Automatic;
				COPY_PHASE_STRIP = NO;
				DEBUG_INFORMATION_FORMAT = "dwarf-with-dsym";
				DEVELOPMENT_TEAM = "";
				ENABLE_HARDENED_RUNTIME = YES;
				ENABLE_NS_ASSERTIONS = NO;
				ENABLE_STRICT_OBJC_MSGSEND = YES;
				GCC_C_LANGUAGE_STANDARD = gnu11;
				GCC_NO_COMMON_BLOCKS = YES;
				GCC_WARN_64_TO_32_BIT_CONVERSION = YES;
				GCC_WARN_ABOUT_RETURN_TYPE = YES_ERROR;
				GCC_WARN_UNDECLARED_SELECTOR = YES;
				GCC_WARN_UNINITIALIZED_AUTOS = YES_AGGRESSIVE;
				GCC_WARN_UNUSED_FUNCTION = YES;
				GCC_WARN_UNUSED_VARIABLE = YES;
				IPHONEOS_DEPLOYMENT_TARGET = 17.0;
				MACOSX_DEPLOYMENT_TARGET = 26.0;
				MTL_ENABLE_DEBUG_INFO = NO;
				MTL_FAST_MATH = YES;
				ONLY_ACTIVE_ARCH = NO;
				PRODUCT_NAME = "$(TARGET_NAME)";
				SWIFT_COMPILATION_MODE = wholemodule;
				SWIFT_OPTIMIZATION_LEVEL = "-O";
				SWIFT_VERSION = 5.0;
				TVOS_DEPLOYMENT_TARGET = 26.0;
				XROS_DEPLOYMENT_TARGET = 26.0;
			};
			name = Release;
		};
		67227D2A462BAD4CF309D33B /* Release */ = {
			isa = XCBuildConfiguration;
			buildSettings = {
				CODE_SIGN_ENTITLEMENTS = ClambhookWidgets/ClambhookMacWidgetExtension.entitlements;
				COMBINE_HIDPI_IMAGES = YES;
				ENABLE_APP_SANDBOX = YES;
				INFOPLIST_FILE = ClambhookWidgets/Info.plist;
				LD_RUNPATH_SEARCH_PATHS = (
					"$(inherited)",
					"@executable_path/../Frameworks",
					"@executable_path/../../../../Frameworks",
				);
				PRODUCT_BUNDLE_IDENTIFIER = com.clambhook.mac.widgets;
				SDKROOT = macosx;
				SKIP_INSTALL = YES;
			};
			name = Release;
		};
		70CEAA0661CB1AE654BB3952 /* Debug */ = {
			isa = XCBuildConfiguration;
			buildSettings = {
				ALWAYS_SEARCH_USER_PATHS = NO;
				ARCHS = arm64;
				CLANG_ANALYZER_NONNULL = YES;
				CLANG_ANALYZER_NUMBER_OBJECT_CONVERSION = YES_AGGRESSIVE;
				CLANG_CXX_LANGUAGE_STANDARD = "gnu++14";
				CLANG_CXX_LIBRARY = "libc++";
				CLANG_ENABLE_MODULES = YES;
				CLANG_ENABLE_OBJC_ARC = YES;
				CLANG_ENABLE_OBJC_WEAK = YES;
				CLANG_WARN_BLOCK_CAPTURE_AUTORELEASING = YES;
				CLANG_WARN_BOOL_CONVERSION = YES;
				CLANG_WARN_COMMA = YES;
				CLANG_WARN_CONSTANT_CONVERSION = YES;
				CLANG_WARN_DEPRECATED_OBJC_IMPLEMENTATIONS = YES;
				CLANG_WARN_DIRECT_OBJC_ISA_USAGE = YES_ERROR;
				CLANG_WARN_DOCUMENTATION_COMMENTS = YES;
				CLANG_WARN_EMPTY_BODY = YES;
				CLANG_WARN_ENUM_CONVERSION = YES;
				CLANG_WARN_INFINITE_RECURSION = YES;
				CLANG_WARN_INT_CONVERSION = YES;
				CLANG_WARN_NON_LITERAL_NULL_CONVERSION = YES;
				CLANG_WARN_OBJC_IMPLICIT_RETAIN_SELF = YES;
				CLANG_WARN_OBJC_LITERAL_CONVERSION = YES;
				CLANG_WARN_OBJC_ROOT_CLASS = YES_ERROR;
				CLANG_WARN_QUOTED_INCLUDE_IN_FRAMEWORK_HEADER = YES;
				CLANG_WARN_RANGE_LOOP_ANALYSIS = YES;
				CLANG_WARN_STRICT_PROTOTYPES = YES;
				CLANG_WARN_SUSPICIOUS_MOVE = YES;
				CLANG_WARN_UNGUARDED_AVAILABILITY = YES_AGGRESSIVE;
				CLANG_WARN_UNREACHABLE_CODE = YES;
				CLANG_WARN__DUPLICATE_METHOD_MATCH = YES;
				CODE_SIGN_STYLE = Automatic;
				COPY_PHASE_STRIP = NO;
				DEBUG_INFORMATION_FORMAT = dwarf;
				DEVELOPMENT_TEAM = "";
				ENABLE_HARDENED_RUNTIME = YES;
				ENABLE_STRICT_OBJC_MSGSEND = YES;
				ENABLE_TESTABILITY = YES;
				GCC_C_LANGUAGE_STANDARD = gnu11;
				GCC_DYNAMIC_NO_PIC = NO;
				GCC_NO_COMMON_BLOCKS = YES;
				GCC_OPTIMIZATION_LEVEL = 0;
				GCC_PREPROCESSOR_DEFINITIONS = (
					"$(inherited)",
					"DEBUG=1",
				);
				GCC_WARN_64_TO_32_BIT_CONVERSION = YES;
				GCC_WARN_ABOUT_RETURN_TYPE = YES_ERROR;
				GCC_WARN_UNDECLARED_SELECTOR = YES;
				GCC_WARN_UNINITIALIZED_AUTOS = YES_AGGRESSIVE;
				GCC_WARN_UNUSED_FUNCTION = YES;
				GCC_WARN_UNUSED_VARIABLE = YES;
				IPHONEOS_DEPLOYMENT_TARGET = 17.0;
				MACOSX_DEPLOYMENT_TARGET = 26.0;
				MTL_ENABLE_DEBUG_INFO = INCLUDE_SOURCE;
				MTL_FAST_MATH = YES;
				ONLY_ACTIVE_ARCH = NO;
				PRODUCT_NAME = "$(TARGET_NAME)";
				SWIFT_ACTIVE_COMPILATION_CONDITIONS = DEBUG;
				SWIFT_OPTIMIZATION_LEVEL = "-Onone";
				SWIFT_VERSION = 5.0;
				TVOS_DEPLOYMENT_TARGET = 26.0;
				XROS_DEPLOYMENT_TARGET = 26.0;
			};
			name = Debug;
		};
		7E259C23AD31CE46C1FBF8EF /* Release */ = {
			isa = XCBuildConfiguration;
			buildSettings = {
				CODE_SIGN_ENTITLEMENTS = ClambhookWidgets/ClambhookiOSWidgetExtension.entitlements;
				FRAMEWORK_SEARCH_PATHS = (
					"$(PROJECT_DIR)/Frameworks $(PROJECT_DIR)/Frameworks/**",
					"\"Frameworks\"",
				);
				INFOPLIST_FILE = ClambhookWidgets/Info.plist;
				LD_RUNPATH_SEARCH_PATHS = (
					"$(inherited)",
					"@executable_path/Frameworks",
					"@executable_path/../../Frameworks",
				);
				PRODUCT_BUNDLE_IDENTIFIER = org.jpfchang.clambhook.widgets;
				SDKROOT = iphoneos;
				SKIP_INSTALL = YES;
				TARGETED_DEVICE_FAMILY = "1,2";
			};
			name = Release;
		};
		8E348CDAFC55B5B28A35D6A2 /* Release */ = {
			isa = XCBuildConfiguration;
			buildSettings = {
				ASSETCATALOG_COMPILER_APPICON_NAME = AppIcon;
				CODE_SIGN_ENTITLEMENTS = ClambhookiOS/ClambhookiOS.entitlements;
				CODE_SIGN_IDENTITY = "iPhone Developer";
				FRAMEWORK_SEARCH_PATHS = (
					"$(PROJECT_DIR)/Frameworks $(PROJECT_DIR)/Frameworks/**",
					"\"Frameworks\"",
				);
				INFOPLIST_FILE = ClambhookiOS/Info.plist;
				LD_RUNPATH_SEARCH_PATHS = (
					"$(inherited)",
					"@executable_path/Frameworks",
				);
				PRODUCT_BUNDLE_IDENTIFIER = org.jpfchang.clambhook;
				SDKROOT = iphoneos;
				TARGETED_DEVICE_FAMILY = "1,2";
			};
			name = Release;
		};
		96C3C5135085E323E85F4E17 /* Release */ = {
			isa = XCBuildConfiguration;
			buildSettings = {
				ASSETCATALOG_COMPILER_APPICON_NAME = AppIcon;
				CODE_SIGN_ENTITLEMENTS = ClambhookVision/ClambhookVision.entitlements;
				INFOPLIST_FILE = ClambhookVision/Info.plist;
				LD_RUNPATH_SEARCH_PATHS = (
					"$(inherited)",
					"@executable_path/Frameworks",
				);
				PRODUCT_BUNDLE_IDENTIFIER = com.clambhook.vision;
				SDKROOT = xros;
				SUPPORTED_PLATFORMS = "xros xrsimulator";
				SUPPORTS_XR_DESIGNED_FOR_IPHONE_IPAD = NO;
				TARGETED_DEVICE_FAMILY = 7;
			};
			name = Release;
		};
		9BE636EFFBFC307331194AA2 /* Release */ = {
			isa = XCBuildConfiguration;
			buildSettings = {
				APPLICATION_EXTENSION_API_ONLY = YES;
				CODE_SIGN_ENTITLEMENTS = ClambhookPacketTunnel/ClambhookPacketTunnel.entitlements;
				FRAMEWORK_SEARCH_PATHS = (
					"$(PROJECT_DIR)/Frameworks $(PROJECT_DIR)/Frameworks/**",
					"\"Frameworks\"",
				);
				INFOPLIST_FILE = ClambhookPacketTunnel/Info.plist;
				LD_RUNPATH_SEARCH_PATHS = (
					"$(inherited)",
					"@executable_path/Frameworks",
					"@executable_path/../../Frameworks",
				);
				PRODUCT_BUNDLE_IDENTIFIER = org.jpfchang.clambhook.tunnel;
				SDKROOT = iphoneos;
				SKIP_INSTALL = YES;
				TARGETED_DEVICE_FAMILY = "1,2";
			};
			name = Release;
		};
		ADBDF25F4D3260D4D04FC418 /* Debug */ = {
			isa = XCBuildConfiguration;
			buildSettings = {
				ASSETCATALOG_COMPILER_APPICON_NAME = AppIcon;
				CODE_SIGN_ENTITLEMENTS = ClambhookiOS/ClambhookiOS.entitlements;
				CODE_SIGN_IDENTITY = "iPhone Developer";
				FRAMEWORK_SEARCH_PATHS = (
					"$(PROJECT_DIR)/Frameworks $(PROJECT_DIR)/Frameworks/**",
					"\"Frameworks\"",
				);
				INFOPLIST_FILE = ClambhookiOS/Info.plist;
				LD_RUNPATH_SEARCH_PATHS = (
					"$(inherited)",
					"@executable_path/Frameworks",
				);
				PRODUCT_BUNDLE_IDENTIFIER = org.jpfchang.clambhook;
				SDKROOT = iphoneos;
				TARGETED_DEVICE_FAMILY = "1,2";
			};
			name = Debug;
		};
		B043B889B74CF8AFBAAA21BE /* Debug */ = {
			isa = XCBuildConfiguration;
			buildSettings = {
				CODE_SIGN_ENTITLEMENTS = ClambhookWidgets/ClambhookiOSWidgetExtension.entitlements;
				FRAMEWORK_SEARCH_PATHS = (
					"$(PROJECT_DIR)/Frameworks $(PROJECT_DIR)/Frameworks/**",
					"\"Frameworks\"",
				);
				INFOPLIST_FILE = ClambhookWidgets/Info.plist;
				LD_RUNPATH_SEARCH_PATHS = (
					"$(inherited)",
					"@executable_path/Frameworks",
					"@executable_path/../../Frameworks",
				);
				PRODUCT_BUNDLE_IDENTIFIER = org.jpfchang.clambhook.widgets;
				SDKROOT = iphoneos;
				SKIP_INSTALL = YES;
				TARGETED_DEVICE_FAMILY = "1,2";
			};
			name = Debug;
		};
		EA5A691AAFE7BBDFF0B959C3 /* Release */ = {
			isa = XCBuildConfiguration;
			buildSettings = {
				ASSETCATALOG_COMPILER_APPICON_NAME = AppIcon;
				CODE_SIGN_ENTITLEMENTS = ClambhookMac/ClambhookMac.entitlements;
				COMBINE_HIDPI_IMAGES = YES;
				ENABLE_APP_SANDBOX = YES;
				INFOPLIST_FILE = ClambhookMac/Info.plist;
				LD_RUNPATH_SEARCH_PATHS = (
					"$(inherited)",
					"@executable_path/../Frameworks",
				);
				PRODUCT_BUNDLE_IDENTIFIER = com.clambhook.mac;
				SDKROOT = macosx;
			};
			name = Release;
		};
		EB7D58B62C5FD3C8B4D92B92 /* Debug */ = {
			isa = XCBuildConfiguration;
			buildSettings = {
				ASSETCATALOG_COMPILER_APPICON_NAME = AppIcon;
				CODE_SIGN_ENTITLEMENTS = ClambhookVision/ClambhookVision.entitlements;
				INFOPLIST_FILE = ClambhookVision/Info.plist;
				LD_RUNPATH_SEARCH_PATHS = (
					"$(inherited)",
					"@executable_path/Frameworks",
				);
				PRODUCT_BUNDLE_IDENTIFIER = com.clambhook.vision;
				SDKROOT = xros;
				SUPPORTED_PLATFORMS = "xros xrsimulator";
				SUPPORTS_XR_DESIGNED_FOR_IPHONE_IPAD = NO;
				TARGETED_DEVICE_FAMILY = 7;
			};
			name = Debug;
		};
		F6A214826CEC8F008D636B55 /* Debug */ = {
			isa = XCBuildConfiguration;
			buildSettings = {
				ASSETCATALOG_COMPILER_APPICON_NAME = "App Icon & Top Shelf Image";
				ASSETCATALOG_COMPILER_LAUNCHIMAGE_NAME = LaunchImage;
				INFOPLIST_FILE = ClambhookTV/Info.plist;
				LD_RUNPATH_SEARCH_PATHS = (
					"$(inherited)",
					"@executable_path/Frameworks",
				);
				PRODUCT_BUNDLE_IDENTIFIER = com.clambhook.tv;
				SDKROOT = appletvos;
				TARGETED_DEVICE_FAMILY = 3;
			};
			name = Debug;
		};
/* End XCBuildConfiguration section */

/* Begin XCConfigurationList section */
		0943C03C35D7CAE352D4BAC2 /* Build configuration list for PBXNativeTarget "ClambhookTV" */ = {
			isa = XCConfigurationList;
			buildConfigurations = (
				F6A214826CEC8F008D636B55 /* Debug */,
				429E0AC0CAF48E76BE0E5D62 /* Release */,
			);
			defaultConfigurationIsVisible = 0;
			defaultConfigurationName = Debug;
		};
		0FFC22BDCE01FE175D717EEA /* Build configuration list for PBXNativeTarget "ClambhookMacWidgetExtension" */ = {
			isa = XCConfigurationList;
			buildConfigurations = (
				32701D3D12C0A79D75D5D7A4 /* Debug */,
				67227D2A462BAD4CF309D33B /* Release */,
			);
			defaultConfigurationIsVisible = 0;
			defaultConfigurationName = Debug;
		};
		53ACA6520DB72ED06D3484A6 /* Build configuration list for PBXNativeTarget "ClambhookMac" */ = {
			isa = XCConfigurationList;
			buildConfigurations = (
				1A13FFFD287AC0FDF33CAD16 /* Debug */,
				EA5A691AAFE7BBDFF0B959C3 /* Release */,
			);
			defaultConfigurationIsVisible = 0;
			defaultConfigurationName = Debug;
		};
		5A1082AFD5ED07F4C73A1DD4 /* Build configuration list for PBXNativeTarget "ClambhookiOS" */ = {
			isa = XCConfigurationList;
			buildConfigurations = (
				ADBDF25F4D3260D4D04FC418 /* Debug */,
				8E348CDAFC55B5B28A35D6A2 /* Release */,
			);
			defaultConfigurationIsVisible = 0;
			defaultConfigurationName = Debug;
		};
		95F09F7F4294B048A0CCA06B /* Build configuration list for PBXNativeTarget "ClambhookPacketTunnel" */ = {
			isa = XCConfigurationList;
			buildConfigurations = (
				05A9009FF7757AD11BD2F3A2 /* Debug */,
				9BE636EFFBFC307331194AA2 /* Release */,
			);
			defaultConfigurationIsVisible = 0;
			defaultConfigurationName = Debug;
		};
		A1C79D77F62A509D8D817B85 /* Build configuration list for PBXNativeTarget "ClambhookVision" */ = {
			isa = XCConfigurationList;
			buildConfigurations = (
				EB7D58B62C5FD3C8B4D92B92 /* Debug */,
				96C3C5135085E323E85F4E17 /* Release */,
			);
			defaultConfigurationIsVisible = 0;
			defaultConfigurationName = Debug;
		};
		B3045AACBD32AAA22AEC7B06 /* Build configuration list for PBXProject "Clambhook" */ = {
			isa = XCConfigurationList;
			buildConfigurations = (
				70CEAA0661CB1AE654BB3952 /* Debug */,
				42C5AC0EA755FBD580BCD002 /* Release */,
			);
			defaultConfigurationIsVisible = 0;
			defaultConfigurationName = Debug;
		};
		B5608042B66A772DD065BAF0 /* Build configuration list for PBXNativeTarget "ClambhookiOSWidgetExtension" */ = {
			isa = XCConfigurationList;
			buildConfigurations = (
				B043B889B74CF8AFBAAA21BE /* Debug */,
				7E259C23AD31CE46C1FBF8EF /* Release */,
			);
			defaultConfigurationIsVisible = 0;
			defaultConfigurationName = Debug;
		};
/* End XCConfigurationList section */

/* Begin XCLocalSwiftPackageReference section */
		F3C8F801E2C94AA950D3FCF1 /* XCLocalSwiftPackageReference "." */ = {
			isa = XCLocalSwiftPackageReference;
			relativePath = .;
		};
/* End XCLocalSwiftPackageReference section */

/* Begin XCSwiftPackageProductDependency section */
		17ABE50C62B10E6EB5160225 /* ClambhookShared */ = {
			isa = XCSwiftPackageProductDependency;
			productName = ClambhookShared;
		};
		48337C859420DB44E2246DD0 /* ClambhookShared */ = {
			isa = XCSwiftPackageProductDependency;
			productName = ClambhookShared;
		};
		486535E4136EE4440DE8CBCE /* ClambhookShared */ = {
			isa = XCSwiftPackageProductDependency;
			productName = ClambhookShared;
		};
		7D88E65376152E226DA593DD /* ClambhookShared */ = {
			isa = XCSwiftPackageProductDependency;
			productName = ClambhookShared;
		};
		B64D35EC77B9F6E4644D12DE /* ClambhookShared */ = {
			isa = XCSwiftPackageProductDependency;
			productName = ClambhookShared;
		};
		C7B7C984BC02B851D35ED2B8 /* ClambhookShared */ = {
			isa = XCSwiftPackageProductDependency;
			productName = ClambhookShared;
		};
		E28DD20CC4C8CA4C959EBDA4 /* ClambhookShared */ = {
			isa = XCSwiftPackageProductDependency;
			productName = ClambhookShared;
		};
/* End XCSwiftPackageProductDependency section */
	};
	rootObject = 9BB94ED3BD88502A45DEF4D7 /* Project object */;
}
