// !$*UTF8*$!
{
	archiveVersion = 1;
	classes = {
	};
	objectVersion = 77;
	objects = {

/* Begin PBXBuildFile section */
		02515828BBDD5E2F458BBC82 /* MacDashboardWindowView.swift in Sources */ = {isa = PBXBuildFile; fileRef = 73930EE75CE83BC0639DF8FB /* MacDashboardWindowView.swift */; };
		069007F5D0A7675880D40F9B /* libsodium.26.dylib in CopyFiles */ = {isa = PBXBuildFile; fileRef = 0A1CC5DD0620471B3CCA85A1 /* libsodium.26.dylib */; };
		095D479A2F5A1084BFB762D0 /* ClambhookMacApp.swift in Sources */ = {isa = PBXBuildFile; fileRef = 02A8B8AC40D9FACBCFC83187 /* ClambhookMacApp.swift */; };
		17CF2D32282BEA2BAF84F35E /* MacRulesSection.swift in Sources */ = {isa = PBXBuildFile; fileRef = 84AEA4D35ADED9DCF56F0F3F /* MacRulesSection.swift */; };
		1B3E0F6671DBA918B4398D87 /* Assets.xcassets in Resources */ = {isa = PBXBuildFile; fileRef = 71619AA1E2C9424F8D0CAE82 /* Assets.xcassets */; };
		21058FE949E1058BD40B24BC /* DaemonSupervisor.swift in Sources */ = {isa = PBXBuildFile; fileRef = 752B77E9507F4674BBA0E4D8 /* DaemonSupervisor.swift */; };
		25B6F6D85173FD2DA15BDA67 /* ClambhookShared in Frameworks */ = {isa = PBXBuildFile; productRef = E28DD20CC4C8CA4C959EBDA4 /* ClambhookShared */; };
		3792B993B246938C4220AC8D /* clambhook in CopyFiles */ = {isa = PBXBuildFile; fileRef = A94F492377279C40EF5D0E2D /* clambhook */; };
		3B1AEF48F2085F24D45275D2 /* DashboardViews.swift in Sources */ = {isa = PBXBuildFile; fileRef = E5D820AE96C5A0080AA5CF1F /* DashboardViews.swift */; };
		3D5A142E8942DA836F15A989 /* ClambhookMacWidgetExtension.appex in Embed Foundation Extensions */ = {isa = PBXBuildFile; fileRef = 9A9A34557D90A7B2D48D34A7 /* ClambhookMacWidgetExtension.appex */; settings = {ATTRIBUTES = (RemoveHeadersOnCopy, ); }; };
		3F66FD26F33A8017C4D60A10 /* AppleAppModel.swift in Sources */ = {isa = PBXBuildFile; fileRef = 0F26A7314DC7A26F275AB285 /* AppleAppModel.swift */; };
		4A459EE08DE00E773ED8F1A1 /* OnboardingManager.swift in Sources */ = {isa = PBXBuildFile; fileRef = 97734C4549F08796D23CD88D /* OnboardingManager.swift */; };
		4AA3902FB355119E38FC8385 /* MacLicenseManager.swift in Sources */ = {isa = PBXBuildFile; fileRef = 861C6B6F1238EBFD62EBA315 /* MacLicenseManager.swift */; };
		55EB0B85AE3ECF0FD4819B8B /* ClambhookShared in Frameworks */ = {isa = PBXBuildFile; productRef = B64D35EC77B9F6E4644D12DE /* ClambhookShared */; };
		591061674835E9B22E696123 /* MacMenuBarView.swift in Sources */ = {isa = PBXBuildFile; fileRef = 8B7ECD0E4E9DE7440023C997 /* MacMenuBarView.swift */; };
		595652E887BA75E9E3F51E17 /* OnboardingView.swift in Sources */ = {isa = PBXBuildFile; fileRef = 16C63F9E0D5D87EDF04EA933 /* OnboardingView.swift */; };
		5CD5BA1A929ED556F8DBFB29 /* MacDashboardSection.swift in Sources */ = {isa = PBXBuildFile; fileRef = B59961659F5827B0B4D41C5C /* MacDashboardSection.swift */; };
		5FCF3397C04A2CDA689723FE /* main.swift in Sources */ = {isa = PBXBuildFile; fileRef = 830D26CFA257F3C8AFAA6376 /* main.swift */; };
		6721281D26F4578D582B7522 /* MacActivitySection.swift in Sources */ = {isa = PBXBuildFile; fileRef = F963FDD4641B4839F6E641F5 /* MacActivitySection.swift */; };
		6F033E091FAFAE01C347CD49 /* MacUpdateChecker.swift in Sources */ = {isa = PBXBuildFile; fileRef = D51002549457E19CB6EE988D /* MacUpdateChecker.swift */; };
		782D314FD9BDA76F562B3EB1 /* MacConnectionMapSection.swift in Sources */ = {isa = PBXBuildFile; fileRef = 87BE5F05476FDA10DB11547C /* MacConnectionMapSection.swift */; };
		79218D4F75C5C8C52215171C /* MacCommandRunner.swift in Sources */ = {isa = PBXBuildFile; fileRef = 243DC274A14C7F31C205BAF8 /* MacCommandRunner.swift */; };
		7B24668699ADCA36A9BB4B45 /* MacCertificateManager.swift in Sources */ = {isa = PBXBuildFile; fileRef = D92091F3B5B6E2E4A8F4665B /* MacCertificateManager.swift */; };
		819E5F114B348B68B809FE51 /* MacSettingsSection.swift in Sources */ = {isa = PBXBuildFile; fileRef = 7EE21C46B47D167624A932C6 /* MacSettingsSection.swift */; };
		835D83714173FD8203FD1A2F /* ServiceManagement.framework in Frameworks */ = {isa = PBXBuildFile; fileRef = 46AF45F7A3B6FE88BDADB04C /* ServiceManagement.framework */; };
		8C57E2164E14BD43E84B8B79 /* MacPolicyGroupsSection.swift in Sources */ = {isa = PBXBuildFile; fileRef = F4C173248F9A18690134D8EC /* MacPolicyGroupsSection.swift */; };
		9D1375A09591B29F98B76C9F /* ClambhookMenuBarIcon.swift in Sources */ = {isa = PBXBuildFile; fileRef = 161BB19C1F5E8ECCC7ABF371 /* ClambhookMenuBarIcon.swift */; };
		A01CAAC55DD104949B937A2D /* MacPrivilegedHelperProtocol.swift in Sources */ = {isa = PBXBuildFile; fileRef = 140F17EF442ACC422CCBAC04 /* MacPrivilegedHelperProtocol.swift */; };
		A01F8214191B53CB474A015A /* MacDNSSection.swift in Sources */ = {isa = PBXBuildFile; fileRef = 96BE88C3165238ABB9B76232 /* MacDNSSection.swift */; };
		A16CDA20F6B7C6F85EE71F1B /* MacSystemProxyManager.swift in Sources */ = {isa = PBXBuildFile; fileRef = 0C4BAA859EE07F11DBF405BF /* MacSystemProxyManager.swift */; };
		AAAB15470DCAE499AC915821 /* MacLogsSection.swift in Sources */ = {isa = PBXBuildFile; fileRef = DCFAEA45C0B462E990EB4D44 /* MacLogsSection.swift */; };
		B2DD41CF485027A1F574DE6B /* MacHTTPCaptureSection.swift in Sources */ = {isa = PBXBuildFile; fileRef = E3D0AEE6DFC679ECAEE8FA8B /* MacHTTPCaptureSection.swift */; };
		B6415B0956578D75A1C9E598 /* ClambhookWidgetBundle.swift in Sources */ = {isa = PBXBuildFile; fileRef = 8E7E93A4404814358F6C95DB /* ClambhookWidgetBundle.swift */; };
		BB2003D3FEC8CD231B820D47 /* MacComposeSheet.swift in Sources */ = {isa = PBXBuildFile; fileRef = 3FCF98A1709AD64E24112420 /* MacComposeSheet.swift */; };
		BB8C3384CE0BE926F18BDCEC /* clambhook-tui in CopyFiles */ = {isa = PBXBuildFile; fileRef = E681AB16A57ACC705B85B4FD /* clambhook-tui */; };
		C0EBF877C598C2FC74316665 /* MacPrivilegedHelperProtocol.swift in Sources */ = {isa = PBXBuildFile; fileRef = 140F17EF442ACC422CCBAC04 /* MacPrivilegedHelperProtocol.swift */; };
		C13AE435A7672166B20DD25D /* MacPrivilegedHelperManager.swift in Sources */ = {isa = PBXBuildFile; fileRef = A047F5F6C10292C5DE346662 /* MacPrivilegedHelperManager.swift */; };
		CC0CF0A287AC0E53A37374A7 /* SupportPurchasesView.swift in Sources */ = {isa = PBXBuildFile; fileRef = C8D0525C10EE904F2F5523DA /* SupportPurchasesView.swift */; };
		D5B5381193EE74D99FDEA0C8 /* MacSparkleUpdater.swift in Sources */ = {isa = PBXBuildFile; fileRef = 2154CDDB7FC6878704BCF197 /* MacSparkleUpdater.swift */; };
		DBEF42AC175249F0DA14DC84 /* MacProfilesSection.swift in Sources */ = {isa = PBXBuildFile; fileRef = 5CB05BE815F501AECFCB7B59 /* MacProfilesSection.swift */; };
		E20BEBC7404594F87E09BDF7 /* SettingsViews.swift in Sources */ = {isa = PBXBuildFile; fileRef = 11D3A8B6CD3A6119053C8908 /* SettingsViews.swift */; };
		E3F73D48799F21A8CC8D6621 /* Sparkle in Frameworks */ = {isa = PBXBuildFile; productRef = E08010E4073C842577454D47 /* Sparkle */; };
/* End PBXBuildFile section */

/* Begin PBXContainerItemProxy section */
		123F7F3584D4E270C91146BB /* PBXContainerItemProxy */ = {
			isa = PBXContainerItemProxy;
			containerPortal = 9BB94ED3BD88502A45DEF4D7 /* Project object */;
			proxyType = 1;
			remoteGlobalIDString = 41A94BC1E503BFF6BD544A2A;
			remoteInfo = ClambhookMacWidgetExtension;
		};
		1E73F47BF619FF865A64B14B /* PBXContainerItemProxy */ = {
			isa = PBXContainerItemProxy;
			containerPortal = 9BB94ED3BD88502A45DEF4D7 /* Project object */;
			proxyType = 1;
			remoteGlobalIDString = 664DC3F4FCA7E52B6CBC7610;
			remoteInfo = ClambhookMacHelper;
		};
/* End PBXContainerItemProxy section */

/* Begin PBXCopyFilesBuildPhase section */
		36AFAE5EF2430FA123C20D94 /* CopyFiles */ = {
			isa = PBXCopyFilesBuildPhase;
			buildActionMask = 2147483647;
			dstPath = "";
			dstSubfolderSpec = 6;
			files = (
				3792B993B246938C4220AC8D /* clambhook in CopyFiles */,
				BB8C3384CE0BE926F18BDCEC /* clambhook-tui in CopyFiles */,
			);
			runOnlyForDeploymentPostprocessing = 0;
		};
		D7E3AF299B5F540FABE9AE87 /* CopyFiles */ = {
			isa = PBXCopyFilesBuildPhase;
			buildActionMask = 2147483647;
			dstPath = "";
			dstSubfolderSpec = 10;
			files = (
				069007F5D0A7675880D40F9B /* libsodium.26.dylib in CopyFiles */,
			);
			runOnlyForDeploymentPostprocessing = 0;
		};
		FE85FA2A3FE9AD4565AA9F2F /* Embed Foundation Extensions */ = {
			isa = PBXCopyFilesBuildPhase;
			buildActionMask = 2147483647;
			dstPath = "";
			dstSubfolderSpec = 13;
			files = (
				3D5A142E8942DA836F15A989 /* ClambhookMacWidgetExtension.appex in Embed Foundation Extensions */,
			);
			name = "Embed Foundation Extensions";
			runOnlyForDeploymentPostprocessing = 0;
		};
/* End PBXCopyFilesBuildPhase section */

/* Begin PBXFileReference section */
		02A8B8AC40D9FACBCFC83187 /* ClambhookMacApp.swift */ = {isa = PBXFileReference; lastKnownFileType = sourcecode.swift; path = ClambhookMacApp.swift; sourceTree = "<group>"; };
		0A1CC5DD0620471B3CCA85A1 /* libsodium.26.dylib */ = {isa = PBXFileReference; lastKnownFileType = "compiled.mach-o.dylib"; path = libsodium.26.dylib; sourceTree = "<group>"; };
		0BFDFE052F0742168D946261 /* apple */ = {isa = PBXFileReference; lastKnownFileType = folder; name = apple; path = .; sourceTree = SOURCE_ROOT; };
		0C4BAA859EE07F11DBF405BF /* MacSystemProxyManager.swift */ = {isa = PBXFileReference; lastKnownFileType = sourcecode.swift; path = MacSystemProxyManager.swift; sourceTree = "<group>"; };
		0F26A7314DC7A26F275AB285 /* AppleAppModel.swift */ = {isa = PBXFileReference; lastKnownFileType = sourcecode.swift; path = AppleAppModel.swift; sourceTree = "<group>"; };
		11D3A8B6CD3A6119053C8908 /* SettingsViews.swift */ = {isa = PBXFileReference; lastKnownFileType = sourcecode.swift; path = SettingsViews.swift; sourceTree = "<group>"; };
		140F17EF442ACC422CCBAC04 /* MacPrivilegedHelperProtocol.swift */ = {isa = PBXFileReference; lastKnownFileType = sourcecode.swift; path = MacPrivilegedHelperProtocol.swift; sourceTree = "<group>"; };
		161BB19C1F5E8ECCC7ABF371 /* ClambhookMenuBarIcon.swift */ = {isa = PBXFileReference; lastKnownFileType = sourcecode.swift; path = ClambhookMenuBarIcon.swift; sourceTree = "<group>"; };
		16C63F9E0D5D87EDF04EA933 /* OnboardingView.swift */ = {isa = PBXFileReference; lastKnownFileType = sourcecode.swift; path = OnboardingView.swift; sourceTree = "<group>"; };
		1B067640E07DD0E186D64487 /* ClambhookMacWidgetExtension.entitlements */ = {isa = PBXFileReference; lastKnownFileType = text.plist.entitlements; path = ClambhookMacWidgetExtension.entitlements; sourceTree = "<group>"; };
		2154CDDB7FC6878704BCF197 /* MacSparkleUpdater.swift */ = {isa = PBXFileReference; lastKnownFileType = sourcecode.swift; path = MacSparkleUpdater.swift; sourceTree = "<group>"; };
		243DC274A14C7F31C205BAF8 /* MacCommandRunner.swift */ = {isa = PBXFileReference; lastKnownFileType = sourcecode.swift; path = MacCommandRunner.swift; sourceTree = "<group>"; };
		24D15BDA328B4ED0B2A65291 /* ClambhookMac.app */ = {isa = PBXFileReference; explicitFileType = wrapper.application; includeInIndex = 0; path = ClambhookMac.app; sourceTree = BUILT_PRODUCTS_DIR; };
		3FCF98A1709AD64E24112420 /* MacComposeSheet.swift */ = {isa = PBXFileReference; lastKnownFileType = sourcecode.swift; path = MacComposeSheet.swift; sourceTree = "<group>"; };
		46AF45F7A3B6FE88BDADB04C /* ServiceManagement.framework */ = {isa = PBXFileReference; lastKnownFileType = wrapper.framework; name = ServiceManagement.framework; path = System/Library/Frameworks/ServiceManagement.framework; sourceTree = SDKROOT; };
		5CB05BE815F501AECFCB7B59 /* MacProfilesSection.swift */ = {isa = PBXFileReference; lastKnownFileType = sourcecode.swift; path = MacProfilesSection.swift; sourceTree = "<group>"; };
		71619AA1E2C9424F8D0CAE82 /* Assets.xcassets */ = {isa = PBXFileReference; lastKnownFileType = folder.assetcatalog; path = Assets.xcassets; sourceTree = "<group>"; };
		73930EE75CE83BC0639DF8FB /* MacDashboardWindowView.swift */ = {isa = PBXFileReference; lastKnownFileType = sourcecode.swift; path = MacDashboardWindowView.swift; sourceTree = "<group>"; };
		752B77E9507F4674BBA0E4D8 /* DaemonSupervisor.swift */ = {isa = PBXFileReference; lastKnownFileType = sourcecode.swift; path = DaemonSupervisor.swift; sourceTree = "<group>"; };
		7EE21C46B47D167624A932C6 /* MacSettingsSection.swift */ = {isa = PBXFileReference; lastKnownFileType = sourcecode.swift; path = MacSettingsSection.swift; sourceTree = "<group>"; };
		830D26CFA257F3C8AFAA6376 /* main.swift */ = {isa = PBXFileReference; lastKnownFileType = sourcecode.swift; path = main.swift; sourceTree = "<group>"; };
		84AEA4D35ADED9DCF56F0F3F /* MacRulesSection.swift */ = {isa = PBXFileReference; lastKnownFileType = sourcecode.swift; path = MacRulesSection.swift; sourceTree = "<group>"; };
		861C6B6F1238EBFD62EBA315 /* MacLicenseManager.swift */ = {isa = PBXFileReference; lastKnownFileType = sourcecode.swift; path = MacLicenseManager.swift; sourceTree = "<group>"; };
		87BE5F05476FDA10DB11547C /* MacConnectionMapSection.swift */ = {isa = PBXFileReference; lastKnownFileType = sourcecode.swift; path = MacConnectionMapSection.swift; sourceTree = "<group>"; };
		8B7ECD0E4E9DE7440023C997 /* MacMenuBarView.swift */ = {isa = PBXFileReference; lastKnownFileType = sourcecode.swift; path = MacMenuBarView.swift; sourceTree = "<group>"; };
		8E7E93A4404814358F6C95DB /* ClambhookWidgetBundle.swift */ = {isa = PBXFileReference; lastKnownFileType = sourcecode.swift; path = ClambhookWidgetBundle.swift; sourceTree = "<group>"; };
		903292C941E24F9681AB680C /* Info.plist */ = {isa = PBXFileReference; lastKnownFileType = text.plist; path = Info.plist; sourceTree = "<group>"; };
		96BE88C3165238ABB9B76232 /* MacDNSSection.swift */ = {isa = PBXFileReference; lastKnownFileType = sourcecode.swift; path = MacDNSSection.swift; sourceTree = "<group>"; };
		97734C4549F08796D23CD88D /* OnboardingManager.swift */ = {isa = PBXFileReference; lastKnownFileType = sourcecode.swift; path = OnboardingManager.swift; sourceTree = "<group>"; };
		9A9A34557D90A7B2D48D34A7 /* ClambhookMacWidgetExtension.appex */ = {isa = PBXFileReference; explicitFileType = "wrapper.app-extension"; includeInIndex = 0; path = ClambhookMacWidgetExtension.appex; sourceTree = BUILT_PRODUCTS_DIR; };
		A047F5F6C10292C5DE346662 /* MacPrivilegedHelperManager.swift */ = {isa = PBXFileReference; lastKnownFileType = sourcecode.swift; path = MacPrivilegedHelperManager.swift; sourceTree = "<group>"; };
		A94F492377279C40EF5D0E2D /* clambhook */ = {isa = PBXFileReference; path = clambhook; sourceTree = "<group>"; };
		B1CF51F1CEED770CC79EBC8C /* ClambhookMac.entitlements */ = {isa = PBXFileReference; lastKnownFileType = text.plist.entitlements; path = ClambhookMac.entitlements; sourceTree = "<group>"; };
		B33D5B9DDCCFDE4BA191B5A7 /* ClambhookMacHelper */ = {isa = PBXFileReference; includeInIndex = 0; path = ClambhookMacHelper; sourceTree = BUILT_PRODUCTS_DIR; };
		B59961659F5827B0B4D41C5C /* MacDashboardSection.swift */ = {isa = PBXFileReference; lastKnownFileType = sourcecode.swift; path = MacDashboardSection.swift; sourceTree = "<group>"; };
		B79D4C19242D8E6E95224A77 /* Info.plist */ = {isa = PBXFileReference; lastKnownFileType = text.plist; path = Info.plist; sourceTree = "<group>"; };
		C8D0525C10EE904F2F5523DA /* SupportPurchasesView.swift */ = {isa = PBXFileReference; lastKnownFileType = sourcecode.swift; path = SupportPurchasesView.swift; sourceTree = "<group>"; };
		D51002549457E19CB6EE988D /* MacUpdateChecker.swift */ = {isa = PBXFileReference; lastKnownFileType = sourcecode.swift; path = MacUpdateChecker.swift; sourceTree = "<group>"; };
		D92091F3B5B6E2E4A8F4665B /* MacCertificateManager.swift */ = {isa = PBXFileReference; lastKnownFileType = sourcecode.swift; path = MacCertificateManager.swift; sourceTree = "<group>"; };
		DCFAEA45C0B462E990EB4D44 /* MacLogsSection.swift */ = {isa = PBXFileReference; lastKnownFileType = sourcecode.swift; path = MacLogsSection.swift; sourceTree = "<group>"; };
		E0B72BED6576EF183CAD2854 /* ClambhookDaemon.entitlements */ = {isa = PBXFileReference; lastKnownFileType = text.plist.entitlements; path = ClambhookDaemon.entitlements; sourceTree = "<group>"; };
		E3D0AEE6DFC679ECAEE8FA8B /* MacHTTPCaptureSection.swift */ = {isa = PBXFileReference; lastKnownFileType = sourcecode.swift; path = MacHTTPCaptureSection.swift; sourceTree = "<group>"; };
		E5D820AE96C5A0080AA5CF1F /* DashboardViews.swift */ = {isa = PBXFileReference; lastKnownFileType = sourcecode.swift; path = DashboardViews.swift; sourceTree = "<group>"; };
		E681AB16A57ACC705B85B4FD /* clambhook-tui */ = {isa = PBXFileReference; path = "clambhook-tui"; sourceTree = "<group>"; };
		F4C173248F9A18690134D8EC /* MacPolicyGroupsSection.swift */ = {isa = PBXFileReference; lastKnownFileType = sourcecode.swift; path = MacPolicyGroupsSection.swift; sourceTree = "<group>"; };
		F963FDD4641B4839F6E641F5 /* MacActivitySection.swift */ = {isa = PBXFileReference; lastKnownFileType = sourcecode.swift; path = MacActivitySection.swift; sourceTree = "<group>"; };
/* End PBXFileReference section */

/* Begin PBXFrameworksBuildPhase section */
		3C88CE3CE3F2D1225FFC0094 /* Frameworks */ = {
			isa = PBXFrameworksBuildPhase;
			buildActionMask = 2147483647;
			files = (
				25B6F6D85173FD2DA15BDA67 /* ClambhookShared in Frameworks */,
			);
			runOnlyForDeploymentPostprocessing = 0;
		};
		D93359100F7A4D3ABF061755 /* Frameworks */ = {
			isa = PBXFrameworksBuildPhase;
			buildActionMask = 2147483647;
			files = (
				55EB0B85AE3ECF0FD4819B8B /* ClambhookShared in Frameworks */,
				E3F73D48799F21A8CC8D6621 /* Sparkle in Frameworks */,
				835D83714173FD8203FD1A2F /* ServiceManagement.framework in Frameworks */,
			);
			runOnlyForDeploymentPostprocessing = 0;
		};
/* End PBXFrameworksBuildPhase section */

/* Begin PBXGroup section */
		02DBE71539B0AF31E3C21C10 /* ClambhookMac */ = {
			isa = PBXGroup;
			children = (
				E0B72BED6576EF183CAD2854 /* ClambhookDaemon.entitlements */,
				B1CF51F1CEED770CC79EBC8C /* ClambhookMac.entitlements */,
				02A8B8AC40D9FACBCFC83187 /* ClambhookMacApp.swift */,
				161BB19C1F5E8ECCC7ABF371 /* ClambhookMenuBarIcon.swift */,
				752B77E9507F4674BBA0E4D8 /* DaemonSupervisor.swift */,
				B79D4C19242D8E6E95224A77 /* Info.plist */,
				F963FDD4641B4839F6E641F5 /* MacActivitySection.swift */,
				D92091F3B5B6E2E4A8F4665B /* MacCertificateManager.swift */,
				243DC274A14C7F31C205BAF8 /* MacCommandRunner.swift */,
				3FCF98A1709AD64E24112420 /* MacComposeSheet.swift */,
				87BE5F05476FDA10DB11547C /* MacConnectionMapSection.swift */,
				B59961659F5827B0B4D41C5C /* MacDashboardSection.swift */,
				73930EE75CE83BC0639DF8FB /* MacDashboardWindowView.swift */,
				96BE88C3165238ABB9B76232 /* MacDNSSection.swift */,
				E3D0AEE6DFC679ECAEE8FA8B /* MacHTTPCaptureSection.swift */,
				DCFAEA45C0B462E990EB4D44 /* MacLogsSection.swift */,
				8B7ECD0E4E9DE7440023C997 /* MacMenuBarView.swift */,
				F4C173248F9A18690134D8EC /* MacPolicyGroupsSection.swift */,
				A047F5F6C10292C5DE346662 /* MacPrivilegedHelperManager.swift */,
				5CB05BE815F501AECFCB7B59 /* MacProfilesSection.swift */,
				84AEA4D35ADED9DCF56F0F3F /* MacRulesSection.swift */,
				7EE21C46B47D167624A932C6 /* MacSettingsSection.swift */,
				2154CDDB7FC6878704BCF197 /* MacSparkleUpdater.swift */,
				0C4BAA859EE07F11DBF405BF /* MacSystemProxyManager.swift */,
				D51002549457E19CB6EE988D /* MacUpdateChecker.swift */,
				97734C4549F08796D23CD88D /* OnboardingManager.swift */,
				16C63F9E0D5D87EDF04EA933 /* OnboardingView.swift */,
			);
			path = ClambhookMac;
			sourceTree = "<group>";
		};
		56417EA964EF40C4A9FDBF0F /* ClambhookMacHelper */ = {
			isa = PBXGroup;
			children = (
				830D26CFA257F3C8AFAA6376 /* main.swift */,
			);
			path = ClambhookMacHelper;
			sourceTree = "<group>";
		};
		5C1DC0CFBC1B62A3EC95563E /* ClambhookWidgets */ = {
			isa = PBXGroup;
			children = (
				1B067640E07DD0E186D64487 /* ClambhookMacWidgetExtension.entitlements */,
				8E7E93A4404814358F6C95DB /* ClambhookWidgetBundle.swift */,
				903292C941E24F9681AB680C /* Info.plist */,
			);
			path = ClambhookWidgets;
			sourceTree = "<group>";
		};
		700E42F47FDF5AB645B28B09 /* Packages */ = {
			isa = PBXGroup;
			children = (
				0BFDFE052F0742168D946261 /* apple */,
			);
			name = Packages;
			sourceTree = "<group>";
		};
		76937B35C0688E107FFABAB2 /* Products */ = {
			isa = PBXGroup;
			children = (
				24D15BDA328B4ED0B2A65291 /* ClambhookMac.app */,
				B33D5B9DDCCFDE4BA191B5A7 /* ClambhookMacHelper */,
				9A9A34557D90A7B2D48D34A7 /* ClambhookMacWidgetExtension.appex */,
			);
			name = Products;
			sourceTree = "<group>";
		};
		89770E96EAB9F6FBEC965742 /* clambhook */ = {
			isa = PBXGroup;
			children = (
				AF3797D4DE3145C994E04B12 /* bin */,
			);
			name = clambhook;
			path = ../..;
			sourceTree = "<group>";
		};
		AF3797D4DE3145C994E04B12 /* bin */ = {
			isa = PBXGroup;
			children = (
				A94F492377279C40EF5D0E2D /* clambhook */,
				E681AB16A57ACC705B85B4FD /* clambhook-tui */,
				0A1CC5DD0620471B3CCA85A1 /* libsodium.26.dylib */,
			);
			path = bin;
			sourceTree = "<group>";
		};
		B196521C20887C13E8C42C7E /* Frameworks */ = {
			isa = PBXGroup;
			children = (
				46AF45F7A3B6FE88BDADB04C /* ServiceManagement.framework */,
			);
			name = Frameworks;
			sourceTree = "<group>";
		};
		C58A2C926BFFD2C51FADA53C /* SharedPrivilegedHelper */ = {
			isa = PBXGroup;
			children = (
				140F17EF442ACC422CCBAC04 /* MacPrivilegedHelperProtocol.swift */,
			);
			path = SharedPrivilegedHelper;
			sourceTree = "<group>";
		};
		E99574CBEE7F120459AD262C = {
			isa = PBXGroup;
			children = (
				71619AA1E2C9424F8D0CAE82 /* Assets.xcassets */,
				89770E96EAB9F6FBEC965742 /* clambhook */,
				02DBE71539B0AF31E3C21C10 /* ClambhookMac */,
				56417EA964EF40C4A9FDBF0F /* ClambhookMacHelper */,
				5C1DC0CFBC1B62A3EC95563E /* ClambhookWidgets */,
				700E42F47FDF5AB645B28B09 /* Packages */,
				F9220CB88CF8F43786FC0695 /* SharedApp */,
				C58A2C926BFFD2C51FADA53C /* SharedPrivilegedHelper */,
				B196521C20887C13E8C42C7E /* Frameworks */,
				76937B35C0688E107FFABAB2 /* Products */,
			);
			sourceTree = "<group>";
		};
		F9220CB88CF8F43786FC0695 /* SharedApp */ = {
			isa = PBXGroup;
			children = (
				0F26A7314DC7A26F275AB285 /* AppleAppModel.swift */,
				E5D820AE96C5A0080AA5CF1F /* DashboardViews.swift */,
				861C6B6F1238EBFD62EBA315 /* MacLicenseManager.swift */,
				11D3A8B6CD3A6119053C8908 /* SettingsViews.swift */,
				C8D0525C10EE904F2F5523DA /* SupportPurchasesView.swift */,
			);
			path = SharedApp;
			sourceTree = "<group>";
		};
/* End PBXGroup section */

/* Begin PBXNativeTarget section */
		04F6C6CEBBA59499FBD06EEF /* ClambhookMac */ = {
			isa = PBXNativeTarget;
			buildConfigurationList = 53ACA6520DB72ED06D3484A6 /* Build configuration list for PBXNativeTarget "ClambhookMac" */;
			buildPhases = (
				25C91D328A1B73FF14F96FB9 /* Sources */,
				70120E6968EB89D496DE8F52 /* Embed Privileged Helper */,
				627C07E88F40E049AA0F5BAA /* Resources */,
				36AFAE5EF2430FA123C20D94 /* CopyFiles */,
				D7E3AF299B5F540FABE9AE87 /* CopyFiles */,
				D93359100F7A4D3ABF061755 /* Frameworks */,
				FE85FA2A3FE9AD4565AA9F2F /* Embed Foundation Extensions */,
			);
			buildRules = (
			);
			dependencies = (
				6DA1BF261E5033BE58330F14 /* PBXTargetDependency */,
				0082186443254C24648E2801 /* PBXTargetDependency */,
			);
			name = ClambhookMac;
			packageProductDependencies = (
				B64D35EC77B9F6E4644D12DE /* ClambhookShared */,
				E08010E4073C842577454D47 /* Sparkle */,
			);
			productName = ClambhookMac;
			productReference = 24D15BDA328B4ED0B2A65291 /* ClambhookMac.app */;
			productType = "com.apple.product-type.application";
		};
		41A94BC1E503BFF6BD544A2A /* ClambhookMacWidgetExtension */ = {
			isa = PBXNativeTarget;
			buildConfigurationList = 0FFC22BDCE01FE175D717EEA /* Build configuration list for PBXNativeTarget "ClambhookMacWidgetExtension" */;
			buildPhases = (
				5125046087E45A579268A447 /* Sources */,
				3C88CE3CE3F2D1225FFC0094 /* Frameworks */,
			);
			buildRules = (
			);
			dependencies = (
			);
			name = ClambhookMacWidgetExtension;
			packageProductDependencies = (
				E28DD20CC4C8CA4C959EBDA4 /* ClambhookShared */,
			);
			productName = ClambhookMacWidgetExtension;
			productReference = 9A9A34557D90A7B2D48D34A7 /* ClambhookMacWidgetExtension.appex */;
			productType = "com.apple.product-type.app-extension";
		};
		664DC3F4FCA7E52B6CBC7610 /* ClambhookMacHelper */ = {
			isa = PBXNativeTarget;
			buildConfigurationList = 6E8875D9E836081352C48172 /* Build configuration list for PBXNativeTarget "ClambhookMacHelper" */;
			buildPhases = (
				AF181F250E2DA09F3BB15060 /* Sources */,
			);
			buildRules = (
			);
			dependencies = (
			);
			name = ClambhookMacHelper;
			packageProductDependencies = (
			);
			productName = ClambhookMacHelper;
			productReference = B33D5B9DDCCFDE4BA191B5A7 /* ClambhookMacHelper */;
			productType = "com.apple.product-type.tool";
		};
/* End PBXNativeTarget section */

/* Begin PBXProject section */
		9BB94ED3BD88502A45DEF4D7 /* Project object */ = {
			isa = PBXProject;
			attributes = {
				BuildIndependentTargetsInParallel = YES;
				LastUpgradeCheck = 1430;
				TargetAttributes = {
					04F6C6CEBBA59499FBD06EEF = {
						DevelopmentTeam = V6GG4HYABJ;
						ProvisioningStyle = Automatic;
					};
					41A94BC1E503BFF6BD544A2A = {
						DevelopmentTeam = V6GG4HYABJ;
						ProvisioningStyle = Automatic;
					};
					664DC3F4FCA7E52B6CBC7610 = {
						DevelopmentTeam = V6GG4HYABJ;
						ProvisioningStyle = Automatic;
					};
				};
			};
			buildConfigurationList = B3045AACBD32AAA22AEC7B06 /* Build configuration list for PBXProject "Clambhook" */;
			developmentRegion = en;
			hasScannedForEncodings = 0;
			knownRegions = (
				Base,
				en,
			);
			mainGroup = E99574CBEE7F120459AD262C;
			minimizedProjectReferenceProxies = 1;
			packageReferences = (
				207D538442A76C029E6EA241 /* XCRemoteSwiftPackageReference "Sparkle" */,
				F3C8F801E2C94AA950D3FCF1 /* XCLocalSwiftPackageReference "." */,
			);
			preferredProjectObjectVersion = 77;
			productRefGroup = 76937B35C0688E107FFABAB2 /* Products */;
			projectDirPath = "";
			projectRoot = "";
			targets = (
				04F6C6CEBBA59499FBD06EEF /* ClambhookMac */,
				664DC3F4FCA7E52B6CBC7610 /* ClambhookMacHelper */,
				41A94BC1E503BFF6BD544A2A /* ClambhookMacWidgetExtension */,
			);
		};
/* End PBXProject section */

/* Begin PBXResourcesBuildPhase section */
		627C07E88F40E049AA0F5BAA /* Resources */ = {
			isa = PBXResourcesBuildPhase;
			buildActionMask = 2147483647;
			files = (
				1B3E0F6671DBA918B4398D87 /* Assets.xcassets in Resources */,
			);
			runOnlyForDeploymentPostprocessing = 0;
		};
/* End PBXResourcesBuildPhase section */

/* Begin PBXShellScriptBuildPhase section */
		70120E6968EB89D496DE8F52 /* Embed Privileged Helper */ = {
			isa = PBXShellScriptBuildPhase;
			buildActionMask = 2147483647;
			files = (
			);
			inputFileListPaths = (
			);
			inputPaths = (
				"$(BUILT_PRODUCTS_DIR)/ClambhookMacHelper",
				"$(SRCROOT)/ClambhookMacHelper/org.jpfchang.clambhook.mac.helper.plist",
			);
			name = "Embed Privileged Helper";
			outputFileListPaths = (
			);
			outputPaths = (
				"$(TARGET_BUILD_DIR)/$(CONTENTS_FOLDER_PATH)/Library/HelperTools/ClambhookMacHelper",
				"$(TARGET_BUILD_DIR)/$(CONTENTS_FOLDER_PATH)/Library/LaunchDaemons/org.jpfchang.clambhook.mac.helper.plist",
			);
			runOnlyForDeploymentPostprocessing = 0;
			shellPath = /bin/sh;
			shellScript = "set -euo pipefail\nhelper_source=\"${BUILT_PRODUCTS_DIR}/ClambhookMacHelper\"\nhelper_dest=\"${TARGET_BUILD_DIR}/${CONTENTS_FOLDER_PATH}/Library/HelperTools/ClambhookMacHelper\"\nplist_source=\"${SRCROOT}/ClambhookMacHelper/org.jpfchang.clambhook.mac.helper.plist\"\nplist_dest=\"${TARGET_BUILD_DIR}/${CONTENTS_FOLDER_PATH}/Library/LaunchDaemons/org.jpfchang.clambhook.mac.helper.plist\"\nif [[ ! -x \"$helper_source\" ]]; then\n    echo \"missing helper executable at $helper_source\" >&2\n    exit 1\nfi\ninstall -d \"$(dirname \"$helper_dest\")\" \"$(dirname \"$plist_dest\")\"\ninstall -m 0755 \"$helper_source\" \"$helper_dest\"\ninstall -m 0644 \"$plist_source\" \"$plist_dest\"\n";
		};
/* End PBXShellScriptBuildPhase section */

/* Begin PBXSourcesBuildPhase section */
		25C91D328A1B73FF14F96FB9 /* Sources */ = {
			isa = PBXSourcesBuildPhase;
			buildActionMask = 2147483647;
			files = (
				3F66FD26F33A8017C4D60A10 /* AppleAppModel.swift in Sources */,
				095D479A2F5A1084BFB762D0 /* ClambhookMacApp.swift in Sources */,
				9D1375A09591B29F98B76C9F /* ClambhookMenuBarIcon.swift in Sources */,
				21058FE949E1058BD40B24BC /* DaemonSupervisor.swift in Sources */,
				3B1AEF48F2085F24D45275D2 /* DashboardViews.swift in Sources */,
				6721281D26F4578D582B7522 /* MacActivitySection.swift in Sources */,
				7B24668699ADCA36A9BB4B45 /* MacCertificateManager.swift in Sources */,
				79218D4F75C5C8C52215171C /* MacCommandRunner.swift in Sources */,
				BB2003D3FEC8CD231B820D47 /* MacComposeSheet.swift in Sources */,
				782D314FD9BDA76F562B3EB1 /* MacConnectionMapSection.swift in Sources */,
				A01F8214191B53CB474A015A /* MacDNSSection.swift in Sources */,
				5CD5BA1A929ED556F8DBFB29 /* MacDashboardSection.swift in Sources */,
				02515828BBDD5E2F458BBC82 /* MacDashboardWindowView.swift in Sources */,
				B2DD41CF485027A1F574DE6B /* MacHTTPCaptureSection.swift in Sources */,
				4AA3902FB355119E38FC8385 /* MacLicenseManager.swift in Sources */,
				AAAB15470DCAE499AC915821 /* MacLogsSection.swift in Sources */,
				591061674835E9B22E696123 /* MacMenuBarView.swift in Sources */,
				8C57E2164E14BD43E84B8B79 /* MacPolicyGroupsSection.swift in Sources */,
				C13AE435A7672166B20DD25D /* MacPrivilegedHelperManager.swift in Sources */,
				C0EBF877C598C2FC74316665 /* MacPrivilegedHelperProtocol.swift in Sources */,
				DBEF42AC175249F0DA14DC84 /* MacProfilesSection.swift in Sources */,
				17CF2D32282BEA2BAF84F35E /* MacRulesSection.swift in Sources */,
				819E5F114B348B68B809FE51 /* MacSettingsSection.swift in Sources */,
				D5B5381193EE74D99FDEA0C8 /* MacSparkleUpdater.swift in Sources */,
				A16CDA20F6B7C6F85EE71F1B /* MacSystemProxyManager.swift in Sources */,
				6F033E091FAFAE01C347CD49 /* MacUpdateChecker.swift in Sources */,
				4A459EE08DE00E773ED8F1A1 /* OnboardingManager.swift in Sources */,
				595652E887BA75E9E3F51E17 /* OnboardingView.swift in Sources */,
				E20BEBC7404594F87E09BDF7 /* SettingsViews.swift in Sources */,
				CC0CF0A287AC0E53A37374A7 /* SupportPurchasesView.swift in Sources */,
			);
			runOnlyForDeploymentPostprocessing = 0;
		};
		5125046087E45A579268A447 /* Sources */ = {
			isa = PBXSourcesBuildPhase;
			buildActionMask = 2147483647;
			files = (
				B6415B0956578D75A1C9E598 /* ClambhookWidgetBundle.swift in Sources */,
			);
			runOnlyForDeploymentPostprocessing = 0;
		};
		AF181F250E2DA09F3BB15060 /* Sources */ = {
			isa = PBXSourcesBuildPhase;
			buildActionMask = 2147483647;
			files = (
				A01CAAC55DD104949B937A2D /* MacPrivilegedHelperProtocol.swift in Sources */,
				5FCF3397C04A2CDA689723FE /* main.swift in Sources */,
			);
			runOnlyForDeploymentPostprocessing = 0;
		};
/* End PBXSourcesBuildPhase section */

/* Begin PBXTargetDependency section */
		0082186443254C24648E2801 /* PBXTargetDependency */ = {
			isa = PBXTargetDependency;
			target = 664DC3F4FCA7E52B6CBC7610 /* ClambhookMacHelper */;
			targetProxy = 1E73F47BF619FF865A64B14B /* PBXContainerItemProxy */;
		};
		6DA1BF261E5033BE58330F14 /* PBXTargetDependency */ = {
			isa = PBXTargetDependency;
			target = 41A94BC1E503BFF6BD544A2A /* ClambhookMacWidgetExtension */;
			targetProxy = 123F7F3584D4E270C91146BB /* PBXContainerItemProxy */;
		};
/* End PBXTargetDependency section */

/* Begin XCBuildConfiguration section */
		1A13FFFD287AC0FDF33CAD16 /* Debug */ = {
			isa = XCBuildConfiguration;
			buildSettings = {
				ASSETCATALOG_COMPILER_APPICON_NAME = AppIcon;
				CODE_SIGN_ENTITLEMENTS = ClambhookMac/ClambhookMac.entitlements;
				COMBINE_HIDPI_IMAGES = YES;
				ENABLE_APP_SANDBOX = NO;
				ENABLE_USER_SCRIPT_SANDBOXING = NO;
				INFOPLIST_FILE = ClambhookMac/Info.plist;
				LD_RUNPATH_SEARCH_PATHS = (
					"$(inherited)",
					"@executable_path/../Frameworks",
				);
				PRODUCT_BUNDLE_IDENTIFIER = org.jpfchang.clambhook.mac;
				SDKROOT = macosx;
			};
			name = Debug;
		};
		32701D3D12C0A79D75D5D7A4 /* Debug */ = {
			isa = XCBuildConfiguration;
			buildSettings = {
				CLAMBHOOK_KEYCHAIN_ACCESS_GROUP = V6GG4HYABJ.org.jpfchang.clambhook;
				CODE_SIGN_ENTITLEMENTS = ClambhookWidgets/ClambhookMacWidgetExtension.entitlements;
				COMBINE_HIDPI_IMAGES = YES;
				ENABLE_APP_SANDBOX = YES;
				INFOPLIST_FILE = ClambhookWidgets/Info.plist;
				LD_RUNPATH_SEARCH_PATHS = (
					"$(inherited)",
					"@executable_path/../Frameworks",
					"@executable_path/../../../../Frameworks",
				);
				PRODUCT_BUNDLE_IDENTIFIER = org.jpfchang.clambhook.mac.widgets;
				SDKROOT = macosx;
				SKIP_INSTALL = YES;
			};
			name = Debug;
		};
		42C5AC0EA755FBD580BCD002 /* Release */ = {
			isa = XCBuildConfiguration;
			buildSettings = {
				ALWAYS_SEARCH_USER_PATHS = NO;
				ARCHS = arm64;
				CLANG_ANALYZER_NONNULL = YES;
				CLANG_ANALYZER_NUMBER_OBJECT_CONVERSION = YES_AGGRESSIVE;
				CLANG_CXX_LANGUAGE_STANDARD = "gnu++14";
				CLANG_CXX_LIBRARY = "libc++";
				CLANG_ENABLE_MODULES = YES;
				CLANG_ENABLE_OBJC_ARC = YES;
				CLANG_ENABLE_OBJC_WEAK = YES;
				CLANG_WARN_BLOCK_CAPTURE_AUTORELEASING = YES;
				CLANG_WARN_BOOL_CONVERSION = YES;
				CLANG_WARN_COMMA = YES;
				CLANG_WARN_CONSTANT_CONVERSION = YES;
				CLANG_WARN_DEPRECATED_OBJC_IMPLEMENTATIONS = YES;
				CLANG_WARN_DIRECT_OBJC_ISA_USAGE = YES_ERROR;
				CLANG_WARN_DOCUMENTATION_COMMENTS = YES;
				CLANG_WARN_EMPTY_BODY = YES;
				CLANG_WARN_ENUM_CONVERSION = YES;
				CLANG_WARN_INFINITE_RECURSION = YES;
				CLANG_WARN_INT_CONVERSION = YES;
				CLANG_WARN_NON_LITERAL_NULL_CONVERSION = YES;
				CLANG_WARN_OBJC_IMPLICIT_RETAIN_SELF = YES;
				CLANG_WARN_OBJC_LITERAL_CONVERSION = YES;
				CLANG_WARN_OBJC_ROOT_CLASS = YES_ERROR;
				CLANG_WARN_QUOTED_INCLUDE_IN_FRAMEWORK_HEADER = YES;
				CLANG_WARN_RANGE_LOOP_ANALYSIS = YES;
				CLANG_WARN_STRICT_PROTOTYPES = YES;
				CLANG_WARN_SUSPICIOUS_MOVE = YES;
				CLANG_WARN_UNGUARDED_AVAILABILITY = YES_AGGRESSIVE;
				CLANG_WARN_UNREACHABLE_CODE = YES;
				CLANG_WARN__DUPLICATE_METHOD_MATCH = YES;
				CODE_SIGN_IDENTITY = "Apple Development";
				CODE_SIGN_STYLE = Automatic;
				COPY_PHASE_STRIP = NO;
				CURRENT_PROJECT_VERSION = 1;
				DEBUG_INFORMATION_FORMAT = "dwarf-with-dsym";
				DEVELOPMENT_TEAM = V6GG4HYABJ;
				ENABLE_HARDENED_RUNTIME = YES;
				ENABLE_NS_ASSERTIONS = NO;
				ENABLE_STRICT_OBJC_MSGSEND = YES;
				"EXCLUDED_ARCHS[sdk=macosx*]" = "x86_64 i386";
				GCC_C_LANGUAGE_STANDARD = gnu11;
				GCC_NO_COMMON_BLOCKS = YES;
				GCC_WARN_64_TO_32_BIT_CONVERSION = YES;
				GCC_WARN_ABOUT_RETURN_TYPE = YES_ERROR;
				GCC_WARN_UNDECLARED_SELECTOR = YES;
				GCC_WARN_UNINITIALIZED_AUTOS = YES_AGGRESSIVE;
				GCC_WARN_UNUSED_FUNCTION = YES;
				GCC_WARN_UNUSED_VARIABLE = YES;
				MACOSX_DEPLOYMENT_TARGET = 14.0;
				MARKETING_VERSION = 1.0.0;
				MTL_ENABLE_DEBUG_INFO = NO;
				MTL_FAST_MATH = YES;
				ONLY_ACTIVE_ARCH = NO;
				PRODUCT_NAME = "$(TARGET_NAME)";
				SDKROOT = macosx;
				SWIFT_COMPILATION_MODE = wholemodule;
				SWIFT_OPTIMIZATION_LEVEL = "-O";
				SWIFT_VERSION = 5.0;
			};
			name = Release;
		};
		67227D2A462BAD4CF309D33B /* Release */ = {
			isa = XCBuildConfiguration;
			buildSettings = {
				CLAMBHOOK_KEYCHAIN_ACCESS_GROUP = V6GG4HYABJ.org.jpfchang.clambhook;
				CODE_SIGN_ENTITLEMENTS = ClambhookWidgets/ClambhookMacWidgetExtension.entitlements;
				COMBINE_HIDPI_IMAGES = YES;
				ENABLE_APP_SANDBOX = YES;
				INFOPLIST_FILE = ClambhookWidgets/Info.plist;
				LD_RUNPATH_SEARCH_PATHS = (
					"$(inherited)",
					"@executable_path/../Frameworks",
					"@executable_path/../../../../Frameworks",
				);
				PRODUCT_BUNDLE_IDENTIFIER = org.jpfchang.clambhook.mac.widgets;
				SDKROOT = macosx;
				SKIP_INSTALL = YES;
			};
			name = Release;
		};
		70CEAA0661CB1AE654BB3952 /* Debug */ = {
			isa = XCBuildConfiguration;
			buildSettings = {
				ALWAYS_SEARCH_USER_PATHS = NO;
				ARCHS = arm64;
				CLANG_ANALYZER_NONNULL = YES;
				CLANG_ANALYZER_NUMBER_OBJECT_CONVERSION = YES_AGGRESSIVE;
				CLANG_CXX_LANGUAGE_STANDARD = "gnu++14";
				CLANG_CXX_LIBRARY = "libc++";
				CLANG_ENABLE_MODULES = YES;
				CLANG_ENABLE_OBJC_ARC = YES;
				CLANG_ENABLE_OBJC_WEAK = YES;
				CLANG_WARN_BLOCK_CAPTURE_AUTORELEASING = YES;
				CLANG_WARN_BOOL_CONVERSION = YES;
				CLANG_WARN_COMMA = YES;
				CLANG_WARN_CONSTANT_CONVERSION = YES;
				CLANG_WARN_DEPRECATED_OBJC_IMPLEMENTATIONS = YES;
				CLANG_WARN_DIRECT_OBJC_ISA_USAGE = YES_ERROR;
				CLANG_WARN_DOCUMENTATION_COMMENTS = YES;
				CLANG_WARN_EMPTY_BODY = YES;
				CLANG_WARN_ENUM_CONVERSION = YES;
				CLANG_WARN_INFINITE_RECURSION = YES;
				CLANG_WARN_INT_CONVERSION = YES;
				CLANG_WARN_NON_LITERAL_NULL_CONVERSION = YES;
				CLANG_WARN_OBJC_IMPLICIT_RETAIN_SELF = YES;
				CLANG_WARN_OBJC_LITERAL_CONVERSION = YES;
				CLANG_WARN_OBJC_ROOT_CLASS = YES_ERROR;
				CLANG_WARN_QUOTED_INCLUDE_IN_FRAMEWORK_HEADER = YES;
				CLANG_WARN_RANGE_LOOP_ANALYSIS = YES;
				CLANG_WARN_STRICT_PROTOTYPES = YES;
				CLANG_WARN_SUSPICIOUS_MOVE = YES;
				CLANG_WARN_UNGUARDED_AVAILABILITY = YES_AGGRESSIVE;
				CLANG_WARN_UNREACHABLE_CODE = YES;
				CLANG_WARN__DUPLICATE_METHOD_MATCH = YES;
				CODE_SIGN_IDENTITY = "Apple Development";
				CODE_SIGN_STYLE = Automatic;
				COPY_PHASE_STRIP = NO;
				CURRENT_PROJECT_VERSION = 1;
				DEBUG_INFORMATION_FORMAT = dwarf;
				DEVELOPMENT_TEAM = V6GG4HYABJ;
				ENABLE_HARDENED_RUNTIME = YES;
				ENABLE_STRICT_OBJC_MSGSEND = YES;
				ENABLE_TESTABILITY = YES;
				"EXCLUDED_ARCHS[sdk=macosx*]" = "x86_64 i386";
				GCC_C_LANGUAGE_STANDARD = gnu11;
				GCC_DYNAMIC_NO_PIC = NO;
				GCC_NO_COMMON_BLOCKS = YES;
				GCC_OPTIMIZATION_LEVEL = 0;
				GCC_PREPROCESSOR_DEFINITIONS = (
					"$(inherited)",
					"DEBUG=1",
				);
				GCC_WARN_64_TO_32_BIT_CONVERSION = YES;
				GCC_WARN_ABOUT_RETURN_TYPE = YES_ERROR;
				GCC_WARN_UNDECLARED_SELECTOR = YES;
				GCC_WARN_UNINITIALIZED_AUTOS = YES_AGGRESSIVE;
				GCC_WARN_UNUSED_FUNCTION = YES;
				GCC_WARN_UNUSED_VARIABLE = YES;
				MACOSX_DEPLOYMENT_TARGET = 14.0;
				MARKETING_VERSION = 1.0.0;
				MTL_ENABLE_DEBUG_INFO = INCLUDE_SOURCE;
				MTL_FAST_MATH = YES;
				ONLY_ACTIVE_ARCH = NO;
				PRODUCT_NAME = "$(TARGET_NAME)";
				SDKROOT = macosx;
				SWIFT_ACTIVE_COMPILATION_CONDITIONS = DEBUG;
				SWIFT_OPTIMIZATION_LEVEL = "-Onone";
				SWIFT_VERSION = 5.0;
			};
			name = Debug;
		};
		D58C6EFB22356E90AB592940 /* Debug */ = {
			isa = XCBuildConfiguration;
			buildSettings = {
				CODE_SIGN_ENTITLEMENTS = ClambhookMacHelper/ClambhookMacHelper.entitlements;
				COMBINE_HIDPI_IMAGES = YES;
				ENABLE_APP_SANDBOX = NO;
				LD_RUNPATH_SEARCH_PATHS = (
					"$(inherited)",
					"@executable_path/../Frameworks",
				);
				PRODUCT_BUNDLE_IDENTIFIER = org.jpfchang.clambhook.mac.helper;
				SDKROOT = macosx;
				SKIP_INSTALL = YES;
			};
			name = Debug;
		};
		D8320C462A328CE660B5BB77 /* Release */ = {
			isa = XCBuildConfiguration;
			buildSettings = {
				CODE_SIGN_ENTITLEMENTS = ClambhookMacHelper/ClambhookMacHelper.entitlements;
				COMBINE_HIDPI_IMAGES = YES;
				ENABLE_APP_SANDBOX = NO;
				LD_RUNPATH_SEARCH_PATHS = (
					"$(inherited)",
					"@executable_path/../Frameworks",
				);
				PRODUCT_BUNDLE_IDENTIFIER = org.jpfchang.clambhook.mac.helper;
				SDKROOT = macosx;
				SKIP_INSTALL = YES;
			};
			name = Release;
		};
		EA5A691AAFE7BBDFF0B959C3 /* Release */ = {
			isa = XCBuildConfiguration;
			buildSettings = {
				ASSETCATALOG_COMPILER_APPICON_NAME = AppIcon;
				CODE_SIGN_ENTITLEMENTS = ClambhookMac/ClambhookMac.entitlements;
				COMBINE_HIDPI_IMAGES = YES;
				ENABLE_APP_SANDBOX = NO;
				ENABLE_USER_SCRIPT_SANDBOXING = NO;
				INFOPLIST_FILE = ClambhookMac/Info.plist;
				LD_RUNPATH_SEARCH_PATHS = (
					"$(inherited)",
					"@executable_path/../Frameworks",
				);
				PRODUCT_BUNDLE_IDENTIFIER = org.jpfchang.clambhook.mac;
				SDKROOT = macosx;
			};
			name = Release;
		};
/* End XCBuildConfiguration section */

/* Begin XCConfigurationList section */
		0FFC22BDCE01FE175D717EEA /* Build configuration list for PBXNativeTarget "ClambhookMacWidgetExtension" */ = {
			isa = XCConfigurationList;
			buildConfigurations = (
				32701D3D12C0A79D75D5D7A4 /* Debug */,
				67227D2A462BAD4CF309D33B /* Release */,
			);
			defaultConfigurationIsVisible = 0;
			defaultConfigurationName = Debug;
		};
		53ACA6520DB72ED06D3484A6 /* Build configuration list for PBXNativeTarget "ClambhookMac" */ = {
			isa = XCConfigurationList;
			buildConfigurations = (
				1A13FFFD287AC0FDF33CAD16 /* Debug */,
				EA5A691AAFE7BBDFF0B959C3 /* Release */,
			);
			defaultConfigurationIsVisible = 0;
			defaultConfigurationName = Debug;
		};
		6E8875D9E836081352C48172 /* Build configuration list for PBXNativeTarget "ClambhookMacHelper" */ = {
			isa = XCConfigurationList;
			buildConfigurations = (
				D58C6EFB22356E90AB592940 /* Debug */,
				D8320C462A328CE660B5BB77 /* Release */,
			);
			defaultConfigurationIsVisible = 0;
			defaultConfigurationName = Debug;
		};
		B3045AACBD32AAA22AEC7B06 /* Build configuration list for PBXProject "Clambhook" */ = {
			isa = XCConfigurationList;
			buildConfigurations = (
				70CEAA0661CB1AE654BB3952 /* Debug */,
				42C5AC0EA755FBD580BCD002 /* Release */,
			);
			defaultConfigurationIsVisible = 0;
			defaultConfigurationName = Debug;
		};
/* End XCConfigurationList section */

/* Begin XCLocalSwiftPackageReference section */
		F3C8F801E2C94AA950D3FCF1 /* XCLocalSwiftPackageReference "." */ = {
			isa = XCLocalSwiftPackageReference;
			relativePath = .;
		};
/* End XCLocalSwiftPackageReference section */

/* Begin XCRemoteSwiftPackageReference section */
		207D538442A76C029E6EA241 /* XCRemoteSwiftPackageReference "Sparkle" */ = {
			isa = XCRemoteSwiftPackageReference;
			repositoryURL = "https://github.com/sparkle-project/Sparkle";
			requirement = {
				kind = upToNextMajorVersion;
				minimumVersion = 2.9.3;
			};
		};
/* End XCRemoteSwiftPackageReference section */

/* Begin XCSwiftPackageProductDependency section */
		B64D35EC77B9F6E4644D12DE /* ClambhookShared */ = {
			isa = XCSwiftPackageProductDependency;
			productName = ClambhookShared;
		};
		E08010E4073C842577454D47 /* Sparkle */ = {
			isa = XCSwiftPackageProductDependency;
			package = 207D538442A76C029E6EA241 /* XCRemoteSwiftPackageReference "Sparkle" */;
			productName = Sparkle;
		};
		E28DD20CC4C8CA4C959EBDA4 /* ClambhookShared */ = {
			isa = XCSwiftPackageProductDependency;
			productName = ClambhookShared;
		};
/* End XCSwiftPackageProductDependency section */
	};
	rootObject = 9BB94ED3BD88502A45DEF4D7 /* Project object */;
}
